{
  "version": 4,
  "terraform_version": "1.4.5",
  "serial": 323,
  "lineage": "3aeda1c2-b223-805c-afd0-fe53504cacb9",
  "outputs": {},
  "resources": [
    {
      "module": "module.RDS",
      "mode": "managed",
      "type": "aws_db_instance",
      "name": "rds_nfc",
      "provider": "provider[\"registry.terraform.io/hashicorp/aws\"]",
      "instances": [
        {
          "schema_version": 2,
          "attributes": {
            "address": "gc-clc-nfc-rds-test.cjis2cqwokbo.rds.cn-northwest-1.amazonaws.com.cn",
            "allocated_storage": 200,
            "allow_major_version_upgrade": null,
            "apply_immediately": false,
            "arn": "arn:aws-cn:rds:cn-northwest-1:034861587527:db:gc-clc-nfc-rds-test",
            "auto_minor_version_upgrade": true,
            "availability_zone": "cn-northwest-1a",
            "backup_retention_period": 0,
            "backup_target": "region",
            "backup_window": "12:04-12:34",
            "blue_green_update": [],
            "ca_cert_identifier": "rds-ca-rsa2048-g1",
            "character_set_name": "",
            "copy_tags_to_snapshot": false,
            "custom_iam_instance_profile": "",
            "customer_owned_ip_enabled": false,
            "db_name": "nfctest",
            "db_subnet_group_name": "rds-subnet-group-nfc",
            "delete_automated_backups": true,
            "deletion_protection": false,
            "domain": "",
            "domain_iam_role_name": "",
            "enabled_cloudwatch_logs_exports": [],
            "endpoint": "gc-clc-nfc-rds-test.cjis2cqwokbo.rds.cn-northwest-1.amazonaws.com.cn:3306",
            "engine": "mysql",
            "engine_version": "8.0.33",
            "engine_version_actual": "8.0.33",
            "final_snapshot_identifier": null,
            "hosted_zone_id": "Z1BJHPUGKGJOC5",
            "iam_database_authentication_enabled": false,
            "id": "db-5M3KMHZM3IANXOACCEXUCINOFE",
            "identifier": "gc-clc-nfc-rds-test",
            "identifier_prefix": "",
            "instance_class": "db.m4.2xlarge",
            "iops": 3000,
            "kms_key_id": "arn:aws-cn:kms:cn-northwest-1:034861587527:key/b4b74c12-67bb-4a96-b1e5-d09508f9008e",
            "latest_restorable_time": "",
            "license_model": "general-public-license",
            "listener_endpoint": [],
            "maintenance_window": "mon:10:12-mon:10:42",
            "manage_master_user_password": null,
            "master_user_secret": [],
            "master_user_secret_kms_key_id": null,
            "max_allocated_storage": 0,
            "monitoring_interval": 0,
            "monitoring_role_arn": "",
            "multi_az": false,
            "nchar_character_set_name": "",
            "network_type": "IPV4",
            "option_group_name": "default:mysql-8-0",
            "parameter_group_name": "default.mysql8.0",
            "password": "ntDiFfWwyh5j7bjZ",
            "performance_insights_enabled": false,
            "performance_insights_kms_key_id": "",
            "performance_insights_retention_period": 0,
            "port": 3306,
            "publicly_accessible": false,
            "replica_mode": "",
            "replicas": [],
            "replicate_source_db": "",
            "resource_id": "db-5M3KMHZM3IANXOACCEXUCINOFE",
            "restore_to_point_in_time": [],
            "s3_import": [],
            "skip_final_snapshot": false,
            "snapshot_identifier": null,
            "status": "available",
            "storage_encrypted": true,
            "storage_throughput": 125,
            "storage_type": "gp3",
            "tags": {},
            "tags_all": {
              "Application": "CLC-NFC",
              "ContactEmail": "Lst-gcscops@123.com",
              "Environment": "stg",
              "Project": "CLC-NFC",
              "Purpose": "stg",
              "nike-application": "clc-nfc",
              "nike-department": "MSCT",
              "nike-distributionlist": " GOaL Tech",
              "nike-domain": "MSCT",
              "nike-environment": "stg",
              "nike-owner": "111111@123.com"
            },
            "timeouts": null,
            "timezone": "",
            "username": "admin",
            "vpc_security_group_ids": [
              "sg-03bb6767b957361c3"
            ]
          },
          "sensitive_attributes": [],
          "private": "eyJlMmJmYjczMC1lY2FhLTExZTYtOGY4OC0zNDM2M2JjN2M0YzAiOnsiY3JlYXRlIjoyNDAwMDAwMDAwMDAwLCJkZWxldGUiOjM2MDAwMDAwMDAwMDAsInVwZGF0ZSI6NDgwMDAwMDAwMDAwMH0sInNjaGVtYV92ZXJzaW9uIjoiMiJ9",
          "dependencies": [
            "module.security-group.module.security_group_3306_nfc.aws_security_group.this",
            "module.security-group.module.security_group_3306_nfc.aws_security_group.this_name_prefix",
            "module.security-group.module.security_group_3306_nfc.aws_security_group_rule.computed_egress_rules",
            "module.security-group.module.security_group_3306_nfc.aws_security_group_rule.computed_egress_with_cidr_blocks",
            "module.security-group.module.security_group_3306_nfc.aws_security_group_rule.computed_egress_with_ipv6_cidr_blocks",
            "module.security-group.module.security_group_3306_nfc.aws_security_group_rule.computed_egress_with_prefix_list_ids",
            "module.security-group.module.security_group_3306_nfc.aws_security_group_rule.computed_egress_with_self",
            "module.security-group.module.security_group_3306_nfc.aws_security_group_rule.computed_egress_with_source_security_group_id",
            "module.security-group.module.security_group_3306_nfc.aws_security_group_rule.computed_ingress_rules",
            "module.security-group.module.security_group_3306_nfc.aws_security_group_rule.computed_ingress_with_cidr_blocks",
            "module.security-group.module.security_group_3306_nfc.aws_security_group_rule.computed_ingress_with_ipv6_cidr_blocks",
            "module.security-group.module.security_group_3306_nfc.aws_security_group_rule.computed_ingress_with_prefix_list_ids",
            "module.security-group.module.security_group_3306_nfc.aws_security_group_rule.computed_ingress_with_self",
            "module.security-group.module.security_group_3306_nfc.aws_security_group_rule.computed_ingress_with_source_security_group_id",
            "module.security-group.module.security_group_3306_nfc.aws_security_group_rule.egress_rules",
            "module.security-group.module.security_group_3306_nfc.aws_security_group_rule.egress_with_cidr_blocks",
            "module.security-group.module.security_group_3306_nfc.aws_security_group_rule.egress_with_ipv6_cidr_blocks",
            "module.security-group.module.security_group_3306_nfc.aws_security_group_rule.egress_with_prefix_list_ids",
            "module.security-group.module.security_group_3306_nfc.aws_security_group_rule.egress_with_self",
            "module.security-group.module.security_group_3306_nfc.aws_security_group_rule.egress_with_source_security_group_id",
            "module.security-group.module.security_group_3306_nfc.aws_security_group_rule.ingress_rules",
            "module.security-group.module.security_group_3306_nfc.aws_security_group_rule.ingress_with_cidr_blocks",
            "module.security-group.module.security_group_3306_nfc.aws_security_group_rule.ingress_with_ipv6_cidr_blocks",
            "module.security-group.module.security_group_3306_nfc.aws_security_group_rule.ingress_with_prefix_list_ids",
            "module.security-group.module.security_group_3306_nfc.aws_security_group_rule.ingress_with_self",
            "module.security-group.module.security_group_3306_nfc.aws_security_group_rule.ingress_with_source_security_group_id",
            "module.vpc.aws_db_subnet_group.subnet_rds_nfc",
            "module.vpc.aws_subnet.privite_subnet_nfc_a",
            "module.vpc.aws_subnet.privite_subnet_nfc_b",
            "module.vpc.data.aws_vpc.vpc_nfc"
          ]
        }
      ]
    },
    {
      "module": "module.alb",
      "mode": "data",
      "type": "aws_acm_certificate",
      "name": "gc_clc_nfc_stg_private",
      "provider": "provider[\"registry.terraform.io/hashicorp/aws\"]",
      "instances": [
        {
          "schema_version": 0,
          "attributes": {
            "arn": "arn:aws-cn:acm:cn-northwest-1:034861587527:certificate/b50707ff-9300-4538-94ce-9f2653310d0b",
            "certificate": "-----BEGIN CERTIFICATE-----\nMIIE9DCCA9ygAwIBAgITPAAKxz0INVjyTBocRwACAArHPTANBgkqhkiG9w0BAQsF\nADBVMRMwEQYKCZImiZPyLGQBGRYDY29tMRQwEgYKCZImiZPyLGQBGRYEbmlrZTES\nMBAGCgmSJomT8ixkARkWAmFkMRQwEgYDVQQDEwtOaWtlIFRMUyBDQTAeFw0yNDAx\nMjkwOTI4MTBaFw0yNTAxMjgwOTI4MTBaMGkxCzAJBgNVBAYTAlVTMQswCQYDVQQI\nEwJPUjESMBAGA1UEBxMJQmVhdmVydG9uMRMwEQYDVQQKEwpOaWtlLCBJbmMuMSQw\nIgYDVQQDExtpbnRyYW5ldC5uZmMtcWEubmlrZS5jb20uY24wggEiMA0GCSqGSIb3\nDQEBAQUAA4IBDwAwggEKAoIBAQDE6lMcwiSWWKfwU2Djrxrp00hZXpVuOno3ZsYU\nOLsk7gKW5Ae3/ZeWb/sRzhvmF4UitBsP/Qey/J0fNZSjzzRPNGLlNtd8x9S2i/z7\nZbxfAM6BpUC9vSQC3lV1pQ+VosS+cyrxHma5HTsYi3EvrWlYgctxKSc8hyZXqiwy\nchViuWdk4NAV1hyFmku6Tihyus25vfsXjDuoAbEThu7tzXG690SfiwyHA8Q369cZ\nylSwaafK1pxyJjI7AzeaUXXiFIMaIR8L8sQEIek7tIHpnqu38IXgrXhMy4yyI0zn\n5vlbFFUpQvwSHaqS7ZlKcHOF5WKCdO+9nBNUfC2sDti9BNGxAgMBAAGjggGnMIIB\nozAdBgNVHQ4EFgQUytZ5CMu6Vgjhk5+fDS4tkR/L+Q0wHwYDVR0jBBgwFoAUVLPf\n3zC2sPlf9mAEWiUYh3q6YzEwPwYDVR0fBDgwNjA0oDKgMIYuaHR0cDovL2NkcC5u\naWtlLmNvbS9QS0kvTmlrZSUyMFRMUyUyMENBKDIpLmNybDBjBggrBgEFBQcBAQRX\nMFUwUwYIKwYBBQUHMAKGR2h0dHA6Ly9jZHAubmlrZS5jb20vUEtJL1VTSENJU1Ax\nV1BLSTAwMi5uaWtlLmNvbV9OaWtlJTIwVExTJTIwQ0EoMikuY3J0MAsGA1UdDwQE\nAwIF4DA+BgkrBgEEAYI3FQcEMTAvBicrBgEEAYI3FQiC4p1BgeKRYYKlnSSHvcNK\nhcb7K4FWge+KAYfy2DsCAWQCARAwHQYDVR0lBBYwFAYIKwYBBQUHAwIGCCsGAQUF\nBwMBMCcGCSsGAQQBgjcVCgQaMBgwCgYIKwYBBQUHAwIwCgYIKwYBBQUHAwEwJgYD\nVR0RBB8wHYIbaW50cmFuZXQubmZjLXFhLm5pa2UuY29tLmNuMA0GCSqGSIb3DQEB\nCwUAA4IBAQBV0zaoZ8WOQqdviN/xvhcfWED0WYydoL7h3wLkiCAduRl47gviNBlk\ncvTagIDFsNWTv4I5CEQHOoD8lIueahELWcrjMOy8ITNUT/5EP9iruFKpz9XFPAb9\n9nlBoZ1Srg7GlJiSYLz5QOd+Jhi8BuTZGmtlRrtfqSjsC5f+Of1SsUy2GWjFSlHm\n3LgOTzuH6gG+yEvlMuKlcy77FfxjpSj/63LCvvu0vMOL68jqN9+o35W7RpQsGn1E\nQM8DWBfn964w277yfBLRq0GHn4jJl5b97beDnYWgpe8vhnTEiawJAit2PVH64I0S\nu4QrvcQyEkVso3fdD2aPE9yokuaL68G7\n-----END CERTIFICATE-----\n",
            "certificate_chain": "-----BEGIN CERTIFICATE-----\nMIIE9DCCA9ygAwIBAgITPAAKxz0INVjyTBocRwACAArHPTANBgkqhkiG9w0BAQsF\nADBVMRMwEQYKCZImiZPyLGQBGRYDY29tMRQwEgYKCZImiZPyLGQBGRYEbmlrZTES\nMBAGCgmSJomT8ixkARkWAmFkMRQwEgYDVQQDEwtOaWtlIFRMUyBDQTAeFw0yNDAx\nMjkwOTI4MTBaFw0yNTAxMjgwOTI4MTBaMGkxCzAJBgNVBAYTAlVTMQswCQYDVQQI\nEwJPUjESMBAGA1UEBxMJQmVhdmVydG9uMRMwEQYDVQQKEwpOaWtlLCBJbmMuMSQw\nIgYDVQQDExtpbnRyYW5ldC5uZmMtcWEubmlrZS5jb20uY24wggEiMA0GCSqGSIb3\nDQEBAQUAA4IBDwAwggEKAoIBAQDE6lMcwiSWWKfwU2Djrxrp00hZXpVuOno3ZsYU\nOLsk7gKW5Ae3/ZeWb/sRzhvmF4UitBsP/Qey/J0fNZSjzzRPNGLlNtd8x9S2i/z7\nZbxfAM6BpUC9vSQC3lV1pQ+VosS+cyrxHma5HTsYi3EvrWlYgctxKSc8hyZXqiwy\nchViuWdk4NAV1hyFmku6Tihyus25vfsXjDuoAbEThu7tzXG690SfiwyHA8Q369cZ\nylSwaafK1pxyJjI7AzeaUXXiFIMaIR8L8sQEIek7tIHpnqu38IXgrXhMy4yyI0zn\n5vlbFFUpQvwSHaqS7ZlKcHOF5WKCdO+9nBNUfC2sDti9BNGxAgMBAAGjggGnMIIB\nozAdBgNVHQ4EFgQUytZ5CMu6Vgjhk5+fDS4tkR/L+Q0wHwYDVR0jBBgwFoAUVLPf\n3zC2sPlf9mAEWiUYh3q6YzEwPwYDVR0fBDgwNjA0oDKgMIYuaHR0cDovL2NkcC5u\naWtlLmNvbS9QS0kvTmlrZSUyMFRMUyUyMENBKDIpLmNybDBjBggrBgEFBQcBAQRX\nMFUwUwYIKwYBBQUHMAKGR2h0dHA6Ly9jZHAubmlrZS5jb20vUEtJL1VTSENJU1Ax\nV1BLSTAwMi5uaWtlLmNvbV9OaWtlJTIwVExTJTIwQ0EoMikuY3J0MAsGA1UdDwQE\nAwIF4DA+BgkrBgEEAYI3FQcEMTAvBicrBgEEAYI3FQiC4p1BgeKRYYKlnSSHvcNK\nhcb7K4FWge+KAYfy2DsCAWQCARAwHQYDVR0lBBYwFAYIKwYBBQUHAwIGCCsGAQUF\nBwMBMCcGCSsGAQQBgjcVCgQaMBgwCgYIKwYBBQUHAwIwCgYIKwYBBQUHAwEwJgYD\nVR0RBB8wHYIbaW50cmFuZXQubmZjLXFhLm5pa2UuY29tLmNuMA0GCSqGSIb3DQEB\nCwUAA4IBAQBV0zaoZ8WOQqdviN/xvhcfWED0WYydoL7h3wLkiCAduRl47gviNBlk\ncvTagIDFsNWTv4I5CEQHOoD8lIueahELWcrjMOy8ITNUT/5EP9iruFKpz9XFPAb9\n9nlBoZ1Srg7GlJiSYLz5QOd+Jhi8BuTZGmtlRrtfqSjsC5f+Of1SsUy2GWjFSlHm\n3LgOTzuH6gG+yEvlMuKlcy77FfxjpSj/63LCvvu0vMOL68jqN9+o35W7RpQsGn1E\nQM8DWBfn964w277yfBLRq0GHn4jJl5b97beDnYWgpe8vhnTEiawJAit2PVH64I0S\nu4QrvcQyEkVso3fdD2aPE9yokuaL68G7\n-----END CERTIFICATE-----\n",
            "domain": "intranet.nfc-qa.123.com.cn",
            "id": "arn:aws-cn:acm:cn-northwest-1:034861587527:certificate/b50707ff-9300-4538-94ce-9f2653310d0b",
            "key_types": null,
            "most_recent": false,
            "status": "ISSUED",
            "statuses": null,
            "tags": {
              "Application": "CLC-NFC",
              "ContactEmail": "Lst-gcscops@123.com",
              "Project": "CLC-NFC",
              "Purpose": "stg",
              "nike-application": "msct-gc-clc",
              "nike-department": "MSCT",
              "nike-distributionlist": "MSCT",
              "nike-domain": "MSCT",
              "nike-environment": "stg",
              "nike-owner": "111111@123.com"
            },
            "types": null
          },
          "sensitive_attributes": []
        }
      ]
    },
    {
      "module": "module.alb",
      "mode": "data",
      "type": "aws_acm_certificate",
      "name": "gc_clc_nfc_stg_public",
      "provider": "provider[\"registry.terraform.io/hashicorp/aws\"]",
      "instances": [
        {
          "schema_version": 0,
          "attributes": {
            "arn": "arn:aws-cn:acm:cn-northwest-1:034861587527:certificate/5f02c84e-a006-4322-8314-09b1a7c4adda",
            "certificate": "-----BEGIN CERTIFICATE-----\nMIIGiTCCBXGgAwIBAgIQJs//f4rYwNeSDorrNKo1LjANBgkqhkiG9w0BAQsFADCB\nujELMAkGA1UEBhMCVVMxFjAUBgNVBAoTDUVudHJ1c3QsIEluYy4xKDAmBgNVBAsT\nH1NlZSB3d3cuZW50cnVzdC5uZXQvbGVnYWwtdGVybXMxOTA3BgNVBAsTMChjKSAy\nMDEyIEVudHJ1c3QsIEluYy4gLSBmb3IgYXV0aG9yaXplZCB1c2Ugb25seTEuMCwG\nA1UEAxMlRW50cnVzdCBDZXJ0aWZpY2F0aW9uIEF1dGhvcml0eSAtIEwxSzAeFw0y\nNDAxMjkwOTI5NDhaFw0yNTAxMjgwOTI5NDdaMGgxCzAJBgNVBAYTAlVTMQ8wDQYD\nVQQIEwZPcmVnb24xEjAQBgNVBAcTCUJlYXZlcnRvbjETMBEGA1UEChMKTmlrZSwg\nSW5jLjEfMB0GA1UEAxMWYXBpLm5mYy1xYS5uaWtlLmNvbS5jbjCCASIwDQYJKoZI\nhvcNAQEBBQADggEPADCCAQoCggEBANUBcLk+A25XoyB18BXzmhcc+600o8N0q6K6\nH505bNjjRXp66KNy+pd1+PsZd7bS6xcSrYuYjNGRolXRzh8iADUxn31PvRTBie1j\nZFBehYbWWe03fhJ02kBxEFlFdqW3tFDeljkI1iF7lzGC1A1IlIDtwGO2OKU7oHyh\n1/ZzBYXqcBGbFBDgiPpWJMz/8sGqi0WoxnkKULV/dXDcCFqBEvNJrFqaFKEyIwWz\nilLL5atF8i2XfWVYQn6oox5e6dIthKO7ptBPGK/Rg6WcmxsqErx+kO4/w4xIz9V7\nFcqKZsO/XA34Kfjte9XdzGbU2U9uO0JykR0sGnLMvTBLNJ88t6kCAwEAAaOCAtow\nggLWMAwGA1UdEwEB/wQCMAAwHQYDVR0OBBYEFHPhy4/5NeiYEZTwqoFB/J12tqCh\nMB8GA1UdIwQYMBaAFIKicHTdvFM/z3vU981/p2DGCky/MGgGCCsGAQUFBwEBBFww\nWjAjBggrBgEFBQcwAYYXaHR0cDovL29jc3AuZW50cnVzdC5uZXQwMwYIKwYBBQUH\nMAKGJ2h0dHA6Ly9haWEuZW50cnVzdC5uZXQvbDFrLWNoYWluMjU2LmNlcjAzBgNV\nHR8ELDAqMCigJqAkhiJodHRwOi8vY3JsLmVudHJ1c3QubmV0L2xldmVsMWsuY3Js\nMCEGA1UdEQQaMBiCFmFwaS5uZmMtcWEubmlrZS5jb20uY24wDgYDVR0PAQH/BAQD\nAgWgMB0GA1UdJQQWMBQGCCsGAQUFBwMBBggrBgEFBQcDAjATBgNVHSAEDDAKMAgG\nBmeBDAECAjCCAX4GCisGAQQB1nkCBAIEggFuBIIBagFoAHYA5tIxY0B3jMEQQQbX\ncbnOwdJA9paEhvu6hzId/R43jlAAAAGNVI2xywAABAMARzBFAiEArHOvmPGu1v2Z\nyRtNrfHFIla9f0/KBUYYVattCkgmCUECIFvfLWx/pwzjdszeYDgSVMOxMx3Ocn1h\nmYs9gM3ur3xmAHcATnWjJ1yaEMM4W2zU3z9S6x3w4I4bjWnAsfpksWKaOd8AAAGN\nVI2xwQAABAMASDBGAiEA0NCm75kZhUY7nQUj3Qpgqo9z+Y5XoRKZCZJj6JQ8998C\nIQCiv0LzUI7wrWmj2KcPByoVGnQY2ZtbD10tR1K+u/Ue+AB1AKLjCuRF772tm344\n7Udnd1PXgluElNcrXhssxLlQpEfnAAABjVSNsecAAAQDAEYwRAIgWpVMu72pz+z5\nl8bFzhM5CGkpGHX4MwOCfTqt5vk16y8CIDexT5/VTZ9jfBtz3DXSK+rC234efc8M\nNzuTFVh3xx1NMA0GCSqGSIb3DQEBCwUAA4IBAQDC4rdww6ZcNJF7zSaE3xOAXqqV\nJxrhi4LIsedCPDeda2QQy0R7CqVnzAxpfPjXJvv7qaEfmPYRwJbW17aZ5LY7jAR7\nM/pmfzKWwKHR8hyIpQQnj6MsJIkWymgsrn86LEk5P7chmBYfrxTEwPpywuaTnmCM\nyA/vsyQiydYALZBvMJX5/8y5JsA1z7gGmhDtfmIgAnUlL/D9Vq1Sd6448VhuJjLj\nmLvM37yVDb5XrXtv1j9d7ZOi8Ul1GALYlNUb2OfiQpULNyi1wWUVo0vIpJGb8QRz\nzMz8VWhH2fQ/opmbOneWOOC625Cgg+W9CZlp3Fdfhns0HWUHGvL5x8NRF1Q9\n-----END CERTIFICATE-----\n",
            "certificate_chain": "-----BEGIN CERTIFICATE-----\nMIIGiTCCBXGgAwIBAgIQJs//f4rYwNeSDorrNKo1LjANBgkqhkiG9w0BAQsFADCB\nujELMAkGA1UEBhMCVVMxFjAUBgNVBAoTDUVudHJ1c3QsIEluYy4xKDAmBgNVBAsT\nH1NlZSB3d3cuZW50cnVzdC5uZXQvbGVnYWwtdGVybXMxOTA3BgNVBAsTMChjKSAy\nMDEyIEVudHJ1c3QsIEluYy4gLSBmb3IgYXV0aG9yaXplZCB1c2Ugb25seTEuMCwG\nA1UEAxMlRW50cnVzdCBDZXJ0aWZpY2F0aW9uIEF1dGhvcml0eSAtIEwxSzAeFw0y\nNDAxMjkwOTI5NDhaFw0yNTAxMjgwOTI5NDdaMGgxCzAJBgNVBAYTAlVTMQ8wDQYD\nVQQIEwZPcmVnb24xEjAQBgNVBAcTCUJlYXZlcnRvbjETMBEGA1UEChMKTmlrZSwg\nSW5jLjEfMB0GA1UEAxMWYXBpLm5mYy1xYS5uaWtlLmNvbS5jbjCCASIwDQYJKoZI\nhvcNAQEBBQADggEPADCCAQoCggEBANUBcLk+A25XoyB18BXzmhcc+600o8N0q6K6\nH505bNjjRXp66KNy+pd1+PsZd7bS6xcSrYuYjNGRolXRzh8iADUxn31PvRTBie1j\nZFBehYbWWe03fhJ02kBxEFlFdqW3tFDeljkI1iF7lzGC1A1IlIDtwGO2OKU7oHyh\n1/ZzBYXqcBGbFBDgiPpWJMz/8sGqi0WoxnkKULV/dXDcCFqBEvNJrFqaFKEyIwWz\nilLL5atF8i2XfWVYQn6oox5e6dIthKO7ptBPGK/Rg6WcmxsqErx+kO4/w4xIz9V7\nFcqKZsO/XA34Kfjte9XdzGbU2U9uO0JykR0sGnLMvTBLNJ88t6kCAwEAAaOCAtow\nggLWMAwGA1UdEwEB/wQCMAAwHQYDVR0OBBYEFHPhy4/5NeiYEZTwqoFB/J12tqCh\nMB8GA1UdIwQYMBaAFIKicHTdvFM/z3vU981/p2DGCky/MGgGCCsGAQUFBwEBBFww\nWjAjBggrBgEFBQcwAYYXaHR0cDovL29jc3AuZW50cnVzdC5uZXQwMwYIKwYBBQUH\nMAKGJ2h0dHA6Ly9haWEuZW50cnVzdC5uZXQvbDFrLWNoYWluMjU2LmNlcjAzBgNV\nHR8ELDAqMCigJqAkhiJodHRwOi8vY3JsLmVudHJ1c3QubmV0L2xldmVsMWsuY3Js\nMCEGA1UdEQQaMBiCFmFwaS5uZmMtcWEubmlrZS5jb20uY24wDgYDVR0PAQH/BAQD\nAgWgMB0GA1UdJQQWMBQGCCsGAQUFBwMBBggrBgEFBQcDAjATBgNVHSAEDDAKMAgG\nBmeBDAECAjCCAX4GCisGAQQB1nkCBAIEggFuBIIBagFoAHYA5tIxY0B3jMEQQQbX\ncbnOwdJA9paEhvu6hzId/R43jlAAAAGNVI2xywAABAMARzBFAiEArHOvmPGu1v2Z\nyRtNrfHFIla9f0/KBUYYVattCkgmCUECIFvfLWx/pwzjdszeYDgSVMOxMx3Ocn1h\nmYs9gM3ur3xmAHcATnWjJ1yaEMM4W2zU3z9S6x3w4I4bjWnAsfpksWKaOd8AAAGN\nVI2xwQAABAMASDBGAiEA0NCm75kZhUY7nQUj3Qpgqo9z+Y5XoRKZCZJj6JQ8998C\nIQCiv0LzUI7wrWmj2KcPByoVGnQY2ZtbD10tR1K+u/Ue+AB1AKLjCuRF772tm344\n7Udnd1PXgluElNcrXhssxLlQpEfnAAABjVSNsecAAAQDAEYwRAIgWpVMu72pz+z5\nl8bFzhM5CGkpGHX4MwOCfTqt5vk16y8CIDexT5/VTZ9jfBtz3DXSK+rC234efc8M\nNzuTFVh3xx1NMA0GCSqGSIb3DQEBCwUAA4IBAQDC4rdww6ZcNJF7zSaE3xOAXqqV\nJxrhi4LIsedCPDeda2QQy0R7CqVnzAxpfPjXJvv7qaEfmPYRwJbW17aZ5LY7jAR7\nM/pmfzKWwKHR8hyIpQQnj6MsJIkWymgsrn86LEk5P7chmBYfrxTEwPpywuaTnmCM\nyA/vsyQiydYALZBvMJX5/8y5JsA1z7gGmhDtfmIgAnUlL/D9Vq1Sd6448VhuJjLj\nmLvM37yVDb5XrXtv1j9d7ZOi8Ul1GALYlNUb2OfiQpULNyi1wWUVo0vIpJGb8QRz\nzMz8VWhH2fQ/opmbOneWOOC625Cgg+W9CZlp3Fdfhns0HWUHGvL5x8NRF1Q9\n-----END CERTIFICATE-----\n",
            "domain": "api.nfc-qa.123.com.cn",
            "id": "arn:aws-cn:acm:cn-northwest-1:034861587527:certificate/5f02c84e-a006-4322-8314-09b1a7c4adda",
            "key_types": null,
            "most_recent": false,
            "status": "ISSUED",
            "statuses": null,
            "tags": {
              "Application": "CLC-NFC",
              "ContactEmail": "Lst-gcscops@123.com",
              "Project": "CLC-NFC",
              "Purpose": "stg",
              "nike-application": "msct-gc-clc",
              "nike-department": "MSCT",
              "nike-distributionlist": "MSCT",
              "nike-domain": "MSCT",
              "nike-environment": "stg",
              "nike-owner": "111111@123.com"
            },
            "types": null
          },
          "sensitive_attributes": []
        }
      ]
    },
    {
      "module": "module.alb",
      "mode": "managed",
      "type": "aws_alb",
      "name": "alb_nfc_private",
      "provider": "provider[\"registry.terraform.io/hashicorp/aws\"]",
      "instances": [
        {
          "schema_version": 0,
          "attributes": {
            "access_logs": [
              {
                "bucket": "",
                "enabled": false,
                "prefix": ""
              }
            ],
            "arn": "arn:aws-cn:elasticloadbalancing:cn-northwest-1:034861587527:loadbalancer/app/clc-nfc-load-balancer-private/d843e758b0cc269f",
            "arn_suffix": "app/clc-nfc-load-balancer-private/d843e758b0cc269f",
            "connection_logs": [
              {
                "bucket": "",
                "enabled": null,
                "prefix": null
              }
            ],
            "customer_owned_ipv4_pool": "",
            "desync_mitigation_mode": "defensive",
            "dns_name": "internal-clc-nfc-load-balancer-private-1589851921.cn-northwest-1.elb.amazonaws.com.cn",
            "dns_record_client_routing_policy": null,
            "drop_invalid_header_fields": false,
            "enable_cross_zone_load_balancing": true,
            "enable_deletion_protection": false,
            "enable_http2": true,
            "enable_tls_version_and_cipher_suite_headers": false,
            "enable_waf_fail_open": false,
            "enable_xff_client_port": false,
            "enforce_security_group_inbound_rules_on_private_link_traffic": "",
            "id": "arn:aws-cn:elasticloadbalancing:cn-northwest-1:034861587527:loadbalancer/app/clc-nfc-load-balancer-private/d843e758b0cc269f",
            "idle_timeout": 60,
            "internal": true,
            "ip_address_type": "ipv4",
            "load_balancer_type": "application",
            "name": "clc-nfc-load-balancer-private",
            "name_prefix": "",
            "preserve_host_header": false,
            "security_groups": [
              "sg-0aae091c9abd41773"
            ],
            "subnet_mapping": [
              {
                "allocation_id": "",
                "ipv6_address": "",
                "outpost_id": "",
                "private_ipv4_address": "",
                "subnet_id": "subnet-0758819fbf08d4a90"
              },
              {
                "allocation_id": "",
                "ipv6_address": "",
                "outpost_id": "",
                "private_ipv4_address": "",
                "subnet_id": "subnet-0a07021591da94479"
              }
            ],
            "subnets": [
              "subnet-0758819fbf08d4a90",
              "subnet-0a07021591da94479"
            ],
            "tags": {},
            "tags_all": {
              "Application": "CLC-NFC",
              "ContactEmail": "111111@123.com",
              "Environment": "stg",
              "Project": "CLC-NFC",
              "Purpose": "stg",
              "nike-application": "clc-nfc",
              "nike-department": "MSCT",
              "nike-distributionlist": "Lst-gcscops@123.com",
              "nike-domain": "MSCT",
              "nike-environment": "stg",
              "nike-owner": "111111@123.com"
            },
            "timeouts": null,
            "vpc_id": "vpc-02ef9167c8369aa50",
            "xff_header_processing_mode": "append",
            "zone_id": "ZM7IZAIOVVDZF"
          },
          "sensitive_attributes": [],
          "private": "eyJlMmJmYjczMC1lY2FhLTExZTYtOGY4OC0zNDM2M2JjN2M0YzAiOnsiY3JlYXRlIjo2MDAwMDAwMDAwMDAsImRlbGV0ZSI6NjAwMDAwMDAwMDAwLCJ1cGRhdGUiOjYwMDAwMDAwMDAwMH19",
          "dependencies": [
            "module.security-group.module.security_group_443_80_nfc.aws_security_group.this",
            "module.security-group.module.security_group_443_80_nfc.aws_security_group.this_name_prefix",
            "module.security-group.module.security_group_443_80_nfc.aws_security_group_rule.computed_egress_rules",
            "module.security-group.module.security_group_443_80_nfc.aws_security_group_rule.computed_egress_with_cidr_blocks",
            "module.security-group.module.security_group_443_80_nfc.aws_security_group_rule.computed_egress_with_ipv6_cidr_blocks",
            "module.security-group.module.security_group_443_80_nfc.aws_security_group_rule.computed_egress_with_prefix_list_ids",
            "module.security-group.module.security_group_443_80_nfc.aws_security_group_rule.computed_egress_with_self",
            "module.security-group.module.security_group_443_80_nfc.aws_security_group_rule.computed_egress_with_source_security_group_id",
            "module.security-group.module.security_group_443_80_nfc.aws_security_group_rule.computed_ingress_rules",
            "module.security-group.module.security_group_443_80_nfc.aws_security_group_rule.computed_ingress_with_cidr_blocks",
            "module.security-group.module.security_group_443_80_nfc.aws_security_group_rule.computed_ingress_with_ipv6_cidr_blocks",
            "module.security-group.module.security_group_443_80_nfc.aws_security_group_rule.computed_ingress_with_prefix_list_ids",
            "module.security-group.module.security_group_443_80_nfc.aws_security_group_rule.computed_ingress_with_self",
            "module.security-group.module.security_group_443_80_nfc.aws_security_group_rule.computed_ingress_with_source_security_group_id",
            "module.security-group.module.security_group_443_80_nfc.aws_security_group_rule.egress_rules",
            "module.security-group.module.security_group_443_80_nfc.aws_security_group_rule.egress_with_cidr_blocks",
            "module.security-group.module.security_group_443_80_nfc.aws_security_group_rule.egress_with_ipv6_cidr_blocks",
            "module.security-group.module.security_group_443_80_nfc.aws_security_group_rule.egress_with_prefix_list_ids",
            "module.security-group.module.security_group_443_80_nfc.aws_security_group_rule.egress_with_self",
            "module.security-group.module.security_group_443_80_nfc.aws_security_group_rule.egress_with_source_security_group_id",
            "module.security-group.module.security_group_443_80_nfc.aws_security_group_rule.ingress_rules",
            "module.security-group.module.security_group_443_80_nfc.aws_security_group_rule.ingress_with_cidr_blocks",
            "module.security-group.module.security_group_443_80_nfc.aws_security_group_rule.ingress_with_ipv6_cidr_blocks",
            "module.security-group.module.security_group_443_80_nfc.aws_security_group_rule.ingress_with_prefix_list_ids",
            "module.security-group.module.security_group_443_80_nfc.aws_security_group_rule.ingress_with_self",
            "module.security-group.module.security_group_443_80_nfc.aws_security_group_rule.ingress_with_source_security_group_id",
            "module.vpc.data.aws_vpc.vpc_nfc"
          ]
        }
      ]
    },
    {
      "module": "module.alb",
      "mode": "managed",
      "type": "aws_alb",
      "name": "alb_nfc_public",
      "provider": "provider[\"registry.terraform.io/hashicorp/aws\"]",
      "instances": [
        {
          "schema_version": 0,
          "attributes": {
            "access_logs": [
              {
                "bucket": "",
                "enabled": false,
                "prefix": ""
              }
            ],
            "arn": "arn:aws-cn:elasticloadbalancing:cn-northwest-1:034861587527:loadbalancer/app/clc-nfc-load-balancer-public/dbad8d62feb336d5",
            "arn_suffix": "app/clc-nfc-load-balancer-public/dbad8d62feb336d5",
            "connection_logs": [
              {
                "bucket": null,
                "enabled": null,
                "prefix": null
              }
            ],
            "customer_owned_ipv4_pool": "",
            "desync_mitigation_mode": "defensive",
            "dns_name": "clc-nfc-load-balancer-public-1300136021.cn-northwest-1.elb.amazonaws.com.cn",
            "dns_record_client_routing_policy": null,
            "drop_invalid_header_fields": false,
            "enable_cross_zone_load_balancing": true,
            "enable_deletion_protection": false,
            "enable_http2": true,
            "enable_tls_version_and_cipher_suite_headers": false,
            "enable_waf_fail_open": false,
            "enable_xff_client_port": false,
            "enforce_security_group_inbound_rules_on_private_link_traffic": "",
            "id": "arn:aws-cn:elasticloadbalancing:cn-northwest-1:034861587527:loadbalancer/app/clc-nfc-load-balancer-public/dbad8d62feb336d5",
            "idle_timeout": 60,
            "internal": false,
            "ip_address_type": "ipv4",
            "load_balancer_type": "application",
            "name": "clc-nfc-load-balancer-public",
            "name_prefix": "",
            "preserve_host_header": false,
            "security_groups": [
              "sg-0aae091c9abd41773"
            ],
            "subnet_mapping": [
              {
                "allocation_id": "",
                "ipv6_address": "",
                "outpost_id": "",
                "private_ipv4_address": "",
                "subnet_id": "subnet-04294c16f4627eb98"
              },
              {
                "allocation_id": "",
                "ipv6_address": "",
                "outpost_id": "",
                "private_ipv4_address": "",
                "subnet_id": "subnet-0c8df50ec250304cf"
              }
            ],
            "subnets": [
              "subnet-04294c16f4627eb98",
              "subnet-0c8df50ec250304cf"
            ],
            "tags": null,
            "tags_all": {
              "Application": "CLC-NFC",
              "ContactEmail": "Lst-gcscops@123.com",
              "Environment": "stg",
              "Project": "CLC-NFC",
              "Purpose": "stg",
              "nike-application": "clc-nfc",
              "nike-department": "MSCT",
              "nike-distributionlist": " GOaL Tech",
              "nike-domain": "MSCT",
              "nike-environment": "stg",
              "nike-owner": "111111@123.com"
            },
            "timeouts": null,
            "vpc_id": "vpc-02ef9167c8369aa50",
            "xff_header_processing_mode": "append",
            "zone_id": "ZM7IZAIOVVDZF"
          },
          "sensitive_attributes": [],
          "private": "eyJlMmJmYjczMC1lY2FhLTExZTYtOGY4OC0zNDM2M2JjN2M0YzAiOnsiY3JlYXRlIjo2MDAwMDAwMDAwMDAsImRlbGV0ZSI6NjAwMDAwMDAwMDAwLCJ1cGRhdGUiOjYwMDAwMDAwMDAwMH19",
          "dependencies": [
            "module.security-group.module.security_group_443_80_nfc.aws_security_group.this",
            "module.security-group.module.security_group_443_80_nfc.aws_security_group.this_name_prefix",
            "module.security-group.module.security_group_443_80_nfc.aws_security_group_rule.computed_egress_rules",
            "module.security-group.module.security_group_443_80_nfc.aws_security_group_rule.computed_egress_with_cidr_blocks",
            "module.security-group.module.security_group_443_80_nfc.aws_security_group_rule.computed_egress_with_ipv6_cidr_blocks",
            "module.security-group.module.security_group_443_80_nfc.aws_security_group_rule.computed_egress_with_prefix_list_ids",
            "module.security-group.module.security_group_443_80_nfc.aws_security_group_rule.computed_egress_with_self",
            "module.security-group.module.security_group_443_80_nfc.aws_security_group_rule.computed_egress_with_source_security_group_id",
            "module.security-group.module.security_group_443_80_nfc.aws_security_group_rule.computed_ingress_rules",
            "module.security-group.module.security_group_443_80_nfc.aws_security_group_rule.computed_ingress_with_cidr_blocks",
            "module.security-group.module.security_group_443_80_nfc.aws_security_group_rule.computed_ingress_with_ipv6_cidr_blocks",
            "module.security-group.module.security_group_443_80_nfc.aws_security_group_rule.computed_ingress_with_prefix_list_ids",
            "module.security-group.module.security_group_443_80_nfc.aws_security_group_rule.computed_ingress_with_self",
            "module.security-group.module.security_group_443_80_nfc.aws_security_group_rule.computed_ingress_with_source_security_group_id",
            "module.security-group.module.security_group_443_80_nfc.aws_security_group_rule.egress_rules",
            "module.security-group.module.security_group_443_80_nfc.aws_security_group_rule.egress_with_cidr_blocks",
            "module.security-group.module.security_group_443_80_nfc.aws_security_group_rule.egress_with_ipv6_cidr_blocks",
            "module.security-group.module.security_group_443_80_nfc.aws_security_group_rule.egress_with_prefix_list_ids",
            "module.security-group.module.security_group_443_80_nfc.aws_security_group_rule.egress_with_self",
            "module.security-group.module.security_group_443_80_nfc.aws_security_group_rule.egress_with_source_security_group_id",
            "module.security-group.module.security_group_443_80_nfc.aws_security_group_rule.ingress_rules",
            "module.security-group.module.security_group_443_80_nfc.aws_security_group_rule.ingress_with_cidr_blocks",
            "module.security-group.module.security_group_443_80_nfc.aws_security_group_rule.ingress_with_ipv6_cidr_blocks",
            "module.security-group.module.security_group_443_80_nfc.aws_security_group_rule.ingress_with_prefix_list_ids",
            "module.security-group.module.security_group_443_80_nfc.aws_security_group_rule.ingress_with_self",
            "module.security-group.module.security_group_443_80_nfc.aws_security_group_rule.ingress_with_source_security_group_id",
            "module.vpc.data.aws_vpc.vpc_nfc"
          ]
        }
      ]
    },
    {
      "module": "module.alb",
      "mode": "managed",
      "type": "aws_alb_listener",
      "name": "alb_listen_nfc_private",
      "provider": "provider[\"registry.terraform.io/hashicorp/aws\"]",
      "instances": [
        {
          "schema_version": 0,
          "attributes": {
            "alpn_policy": null,
            "arn": "arn:aws-cn:elasticloadbalancing:cn-northwest-1:034861587527:listener/app/clc-nfc-load-balancer-private/d843e758b0cc269f/388f76b976c42305",
            "certificate_arn": "arn:aws-cn:acm:cn-northwest-1:034861587527:certificate/b50707ff-9300-4538-94ce-9f2653310d0b",
            "default_action": [
              {
                "authenticate_cognito": [],
                "authenticate_oidc": [],
                "fixed_response": [],
                "forward": [],
                "order": 1,
                "redirect": [],
                "target_group_arn": "arn:aws-cn:elasticloadbalancing:cn-northwest-1:034861587527:targetgroup/alb-target-nfc-private/052858293c59f55c",
                "type": "forward"
              }
            ],
            "id": "arn:aws-cn:elasticloadbalancing:cn-northwest-1:034861587527:listener/app/clc-nfc-load-balancer-private/d843e758b0cc269f/388f76b976c42305",
            "load_balancer_arn": "arn:aws-cn:elasticloadbalancing:cn-northwest-1:034861587527:loadbalancer/app/clc-nfc-load-balancer-private/d843e758b0cc269f",
            "mutual_authentication": [],
            "port": 443,
            "protocol": "HTTPS",
            "ssl_policy": "ELBSecurityPolicy-2016-08",
            "tags": null,
            "tags_all": {
              "Application": "CLC-NFC",
              "ContactEmail": "Lst-gcscops@123.com",
              "Environment": "stg",
              "Project": "CLC-NFC",
              "Purpose": "stg",
              "nike-application": "clc-nfc",
              "nike-department": "MSCT",
              "nike-distributionlist": " GOaL Tech",
              "nike-domain": "MSCT",
              "nike-environment": "stg",
              "nike-owner": "111111@123.com"
            },
            "timeouts": null
          },
          "sensitive_attributes": [],
          "private": "eyJlMmJmYjczMC1lY2FhLTExZTYtOGY4OC0zNDM2M2JjN2M0YzAiOnsiY3JlYXRlIjozMDAwMDAwMDAwMDAsInVwZGF0ZSI6MzAwMDAwMDAwMDAwfX0=",
          "dependencies": [
            "module.alb.aws_alb.alb_nfc_private",
            "module.alb.aws_alb_target_group.alb_target_nfc_private",
            "module.alb.data.aws_acm_certificate.gc_clc_nfc_stg_private",
            "module.security-group.module.security_group_443_80_nfc.aws_security_group.this",
            "module.security-group.module.security_group_443_80_nfc.aws_security_group.this_name_prefix",
            "module.security-group.module.security_group_443_80_nfc.aws_security_group_rule.computed_egress_rules",
            "module.security-group.module.security_group_443_80_nfc.aws_security_group_rule.computed_egress_with_cidr_blocks",
            "module.security-group.module.security_group_443_80_nfc.aws_security_group_rule.computed_egress_with_ipv6_cidr_blocks",
            "module.security-group.module.security_group_443_80_nfc.aws_security_group_rule.computed_egress_with_prefix_list_ids",
            "module.security-group.module.security_group_443_80_nfc.aws_security_group_rule.computed_egress_with_self",
            "module.security-group.module.security_group_443_80_nfc.aws_security_group_rule.computed_egress_with_source_security_group_id",
            "module.security-group.module.security_group_443_80_nfc.aws_security_group_rule.computed_ingress_rules",
            "module.security-group.module.security_group_443_80_nfc.aws_security_group_rule.computed_ingress_with_cidr_blocks",
            "module.security-group.module.security_group_443_80_nfc.aws_security_group_rule.computed_ingress_with_ipv6_cidr_blocks",
            "module.security-group.module.security_group_443_80_nfc.aws_security_group_rule.computed_ingress_with_prefix_list_ids",
            "module.security-group.module.security_group_443_80_nfc.aws_security_group_rule.computed_ingress_with_self",
            "module.security-group.module.security_group_443_80_nfc.aws_security_group_rule.computed_ingress_with_source_security_group_id",
            "module.security-group.module.security_group_443_80_nfc.aws_security_group_rule.egress_rules",
            "module.security-group.module.security_group_443_80_nfc.aws_security_group_rule.egress_with_cidr_blocks",
            "module.security-group.module.security_group_443_80_nfc.aws_security_group_rule.egress_with_ipv6_cidr_blocks",
            "module.security-group.module.security_group_443_80_nfc.aws_security_group_rule.egress_with_prefix_list_ids",
            "module.security-group.module.security_group_443_80_nfc.aws_security_group_rule.egress_with_self",
            "module.security-group.module.security_group_443_80_nfc.aws_security_group_rule.egress_with_source_security_group_id",
            "module.security-group.module.security_group_443_80_nfc.aws_security_group_rule.ingress_rules",
            "module.security-group.module.security_group_443_80_nfc.aws_security_group_rule.ingress_with_cidr_blocks",
            "module.security-group.module.security_group_443_80_nfc.aws_security_group_rule.ingress_with_ipv6_cidr_blocks",
            "module.security-group.module.security_group_443_80_nfc.aws_security_group_rule.ingress_with_prefix_list_ids",
            "module.security-group.module.security_group_443_80_nfc.aws_security_group_rule.ingress_with_self",
            "module.security-group.module.security_group_443_80_nfc.aws_security_group_rule.ingress_with_source_security_group_id",
            "module.vpc.data.aws_vpc.vpc_nfc"
          ]
        }
      ]
    },
    {
      "module": "module.alb",
      "mode": "managed",
      "type": "aws_alb_listener",
      "name": "alb_listen_nfc_private_backend",
      "provider": "provider[\"registry.terraform.io/hashicorp/aws\"]",
      "instances": [
        {
          "schema_version": 0,
          "attributes": {
            "alpn_policy": null,
            "arn": "arn:aws-cn:elasticloadbalancing:cn-northwest-1:034861587527:listener/app/clc-nfc-load-balancer-private/d843e758b0cc269f/bdc28c961cb04d76",
            "certificate_arn": "arn:aws-cn:acm:cn-northwest-1:034861587527:certificate/b50707ff-9300-4538-94ce-9f2653310d0b",
            "default_action": [
              {
                "authenticate_cognito": [],
                "authenticate_oidc": [],
                "fixed_response": [],
                "forward": [],
                "order": 1,
                "redirect": [],
                "target_group_arn": "arn:aws-cn:elasticloadbalancing:cn-northwest-1:034861587527:targetgroup/alb-target-nfc-private-backend/b0956062b5cce3b3",
                "type": "forward"
              }
            ],
            "id": "arn:aws-cn:elasticloadbalancing:cn-northwest-1:034861587527:listener/app/clc-nfc-load-balancer-private/d843e758b0cc269f/bdc28c961cb04d76",
            "load_balancer_arn": "arn:aws-cn:elasticloadbalancing:cn-northwest-1:034861587527:loadbalancer/app/clc-nfc-load-balancer-private/d843e758b0cc269f",
            "mutual_authentication": [],
            "port": 8082,
            "protocol": "HTTPS",
            "ssl_policy": "ELBSecurityPolicy-2016-08",
            "tags": null,
            "tags_all": {
              "Application": "CLC-NFC",
              "ContactEmail": "111111@123.com",
              "Environment": "stg",
              "Project": "CLC-NFC",
              "Purpose": "stg",
              "nike-application": "clc-nfc",
              "nike-department": "MSCT",
              "nike-distributionlist": "Lst-gcscops@123.com",
              "nike-domain": "MSCT",
              "nike-environment": "stg",
              "nike-owner": "111111@123.com"
            },
            "timeouts": null
          },
          "sensitive_attributes": [],
          "private": "eyJlMmJmYjczMC1lY2FhLTExZTYtOGY4OC0zNDM2M2JjN2M0YzAiOnsiY3JlYXRlIjozMDAwMDAwMDAwMDAsInVwZGF0ZSI6MzAwMDAwMDAwMDAwfX0=",
          "dependencies": [
            "module.alb.aws_alb.alb_nfc_private",
            "module.alb.aws_alb_target_group.alb_target_nfc_private_backend",
            "module.alb.data.aws_acm_certificate.gc_clc_nfc_stg_private",
            "module.security-group.module.security_group_443_80_nfc.aws_security_group.this",
            "module.security-group.module.security_group_443_80_nfc.aws_security_group.this_name_prefix",
            "module.security-group.module.security_group_443_80_nfc.aws_security_group_rule.computed_egress_rules",
            "module.security-group.module.security_group_443_80_nfc.aws_security_group_rule.computed_egress_with_cidr_blocks",
            "module.security-group.module.security_group_443_80_nfc.aws_security_group_rule.computed_egress_with_ipv6_cidr_blocks",
            "module.security-group.module.security_group_443_80_nfc.aws_security_group_rule.computed_egress_with_prefix_list_ids",
            "module.security-group.module.security_group_443_80_nfc.aws_security_group_rule.computed_egress_with_self",
            "module.security-group.module.security_group_443_80_nfc.aws_security_group_rule.computed_egress_with_source_security_group_id",
            "module.security-group.module.security_group_443_80_nfc.aws_security_group_rule.computed_ingress_rules",
            "module.security-group.module.security_group_443_80_nfc.aws_security_group_rule.computed_ingress_with_cidr_blocks",
            "module.security-group.module.security_group_443_80_nfc.aws_security_group_rule.computed_ingress_with_ipv6_cidr_blocks",
            "module.security-group.module.security_group_443_80_nfc.aws_security_group_rule.computed_ingress_with_prefix_list_ids",
            "module.security-group.module.security_group_443_80_nfc.aws_security_group_rule.computed_ingress_with_self",
            "module.security-group.module.security_group_443_80_nfc.aws_security_group_rule.computed_ingress_with_source_security_group_id",
            "module.security-group.module.security_group_443_80_nfc.aws_security_group_rule.egress_rules",
            "module.security-group.module.security_group_443_80_nfc.aws_security_group_rule.egress_with_cidr_blocks",
            "module.security-group.module.security_group_443_80_nfc.aws_security_group_rule.egress_with_ipv6_cidr_blocks",
            "module.security-group.module.security_group_443_80_nfc.aws_security_group_rule.egress_with_prefix_list_ids",
            "module.security-group.module.security_group_443_80_nfc.aws_security_group_rule.egress_with_self",
            "module.security-group.module.security_group_443_80_nfc.aws_security_group_rule.egress_with_source_security_group_id",
            "module.security-group.module.security_group_443_80_nfc.aws_security_group_rule.ingress_rules",
            "module.security-group.module.security_group_443_80_nfc.aws_security_group_rule.ingress_with_cidr_blocks",
            "module.security-group.module.security_group_443_80_nfc.aws_security_group_rule.ingress_with_ipv6_cidr_blocks",
            "module.security-group.module.security_group_443_80_nfc.aws_security_group_rule.ingress_with_prefix_list_ids",
            "module.security-group.module.security_group_443_80_nfc.aws_security_group_rule.ingress_with_self",
            "module.security-group.module.security_group_443_80_nfc.aws_security_group_rule.ingress_with_source_security_group_id",
            "module.vpc.data.aws_vpc.vpc_nfc"
          ]
        }
      ]
    },
    {
      "module": "module.alb",
      "mode": "managed",
      "type": "aws_alb_listener",
      "name": "alb_listen_nfc_public",
      "provider": "provider[\"registry.terraform.io/hashicorp/aws\"]",
      "instances": [
        {
          "schema_version": 0,
          "attributes": {
            "alpn_policy": null,
            "arn": "arn:aws-cn:elasticloadbalancing:cn-northwest-1:034861587527:listener/app/clc-nfc-load-balancer-public/dbad8d62feb336d5/4b3dd8abdb4f222f",
            "certificate_arn": "arn:aws-cn:acm:cn-northwest-1:034861587527:certificate/5f02c84e-a006-4322-8314-09b1a7c4adda",
            "default_action": [
              {
                "authenticate_cognito": [],
                "authenticate_oidc": [],
                "fixed_response": [],
                "forward": [],
                "order": 1,
                "redirect": [],
                "target_group_arn": "arn:aws-cn:elasticloadbalancing:cn-northwest-1:034861587527:targetgroup/alb-target-nfc-public/ade3fc259fbbb929",
                "type": "forward"
              }
            ],
            "id": "arn:aws-cn:elasticloadbalancing:cn-northwest-1:034861587527:listener/app/clc-nfc-load-balancer-public/dbad8d62feb336d5/4b3dd8abdb4f222f",
            "load_balancer_arn": "arn:aws-cn:elasticloadbalancing:cn-northwest-1:034861587527:loadbalancer/app/clc-nfc-load-balancer-public/dbad8d62feb336d5",
            "mutual_authentication": [],
            "port": 443,
            "protocol": "HTTPS",
            "ssl_policy": "ELBSecurityPolicy-2016-08",
            "tags": null,
            "tags_all": {
              "Application": "CLC-NFC",
              "ContactEmail": "Lst-gcscops@123.com",
              "Environment": "stg",
              "Project": "CLC-NFC",
              "Purpose": "stg",
              "nike-application": "clc-nfc",
              "nike-department": "MSCT",
              "nike-distributionlist": " GOaL Tech",
              "nike-domain": "MSCT",
              "nike-environment": "stg",
              "nike-owner": "111111@123.com"
            },
            "timeouts": null
          },
          "sensitive_attributes": [],
          "private": "eyJlMmJmYjczMC1lY2FhLTExZTYtOGY4OC0zNDM2M2JjN2M0YzAiOnsiY3JlYXRlIjozMDAwMDAwMDAwMDAsInVwZGF0ZSI6MzAwMDAwMDAwMDAwfX0=",
          "dependencies": [
            "module.alb.aws_alb.alb_nfc_public",
            "module.alb.aws_alb_target_group.alb_target_nfc_public",
            "module.alb.data.aws_acm_certificate.gc_clc_nfc_stg_public",
            "module.security-group.module.security_group_443_80_nfc.aws_security_group.this",
            "module.security-group.module.security_group_443_80_nfc.aws_security_group.this_name_prefix",
            "module.security-group.module.security_group_443_80_nfc.aws_security_group_rule.computed_egress_rules",
            "module.security-group.module.security_group_443_80_nfc.aws_security_group_rule.computed_egress_with_cidr_blocks",
            "module.security-group.module.security_group_443_80_nfc.aws_security_group_rule.computed_egress_with_ipv6_cidr_blocks",
            "module.security-group.module.security_group_443_80_nfc.aws_security_group_rule.computed_egress_with_prefix_list_ids",
            "module.security-group.module.security_group_443_80_nfc.aws_security_group_rule.computed_egress_with_self",
            "module.security-group.module.security_group_443_80_nfc.aws_security_group_rule.computed_egress_with_source_security_group_id",
            "module.security-group.module.security_group_443_80_nfc.aws_security_group_rule.computed_ingress_rules",
            "module.security-group.module.security_group_443_80_nfc.aws_security_group_rule.computed_ingress_with_cidr_blocks",
            "module.security-group.module.security_group_443_80_nfc.aws_security_group_rule.computed_ingress_with_ipv6_cidr_blocks",
            "module.security-group.module.security_group_443_80_nfc.aws_security_group_rule.computed_ingress_with_prefix_list_ids",
            "module.security-group.module.security_group_443_80_nfc.aws_security_group_rule.computed_ingress_with_self",
            "module.security-group.module.security_group_443_80_nfc.aws_security_group_rule.computed_ingress_with_source_security_group_id",
            "module.security-group.module.security_group_443_80_nfc.aws_security_group_rule.egress_rules",
            "module.security-group.module.security_group_443_80_nfc.aws_security_group_rule.egress_with_cidr_blocks",
            "module.security-group.module.security_group_443_80_nfc.aws_security_group_rule.egress_with_ipv6_cidr_blocks",
            "module.security-group.module.security_group_443_80_nfc.aws_security_group_rule.egress_with_prefix_list_ids",
            "module.security-group.module.security_group_443_80_nfc.aws_security_group_rule.egress_with_self",
            "module.security-group.module.security_group_443_80_nfc.aws_security_group_rule.egress_with_source_security_group_id",
            "module.security-group.module.security_group_443_80_nfc.aws_security_group_rule.ingress_rules",
            "module.security-group.module.security_group_443_80_nfc.aws_security_group_rule.ingress_with_cidr_blocks",
            "module.security-group.module.security_group_443_80_nfc.aws_security_group_rule.ingress_with_ipv6_cidr_blocks",
            "module.security-group.module.security_group_443_80_nfc.aws_security_group_rule.ingress_with_prefix_list_ids",
            "module.security-group.module.security_group_443_80_nfc.aws_security_group_rule.ingress_with_self",
            "module.security-group.module.security_group_443_80_nfc.aws_security_group_rule.ingress_with_source_security_group_id",
            "module.vpc.data.aws_vpc.vpc_nfc"
          ]
        }
      ]
    },
    {
      "module": "module.alb",
      "mode": "managed",
      "type": "aws_alb_target_group",
      "name": "alb_target_nfc_private",
      "provider": "provider[\"registry.terraform.io/hashicorp/aws\"]",
      "instances": [
        {
          "schema_version": 0,
          "attributes": {
            "arn": "arn:aws-cn:elasticloadbalancing:cn-northwest-1:034861587527:targetgroup/alb-target-nfc-private/052858293c59f55c",
            "arn_suffix": "targetgroup/alb-target-nfc-private/052858293c59f55c",
            "connection_termination": null,
            "deregistration_delay": "300",
            "health_check": [
              {
                "enabled": true,
                "healthy_threshold": 2,
                "interval": 100,
                "matcher": "200",
                "path": "/actuator/health",
                "port": "traffic-port",
                "protocol": "HTTP",
                "timeout": 5,
                "unhealthy_threshold": 2
              }
            ],
            "id": "arn:aws-cn:elasticloadbalancing:cn-northwest-1:034861587527:targetgroup/alb-target-nfc-private/052858293c59f55c",
            "ip_address_type": "ipv4",
            "lambda_multi_value_headers_enabled": false,
            "load_balancing_algorithm_type": "round_robin",
            "load_balancing_anomaly_mitigation": null,
            "load_balancing_cross_zone_enabled": "use_load_balancer_configuration",
            "name": "alb-target-nfc-private",
            "name_prefix": "",
            "port": 80,
            "preserve_client_ip": null,
            "protocol": "HTTP",
            "protocol_version": "HTTP1",
            "proxy_protocol_v2": false,
            "slow_start": 0,
            "stickiness": [
              {
                "cookie_duration": 86400,
                "cookie_name": "",
                "enabled": false,
                "type": "lb_cookie"
              }
            ],
            "tags": {},
            "tags_all": {
              "Application": "CLC-NFC",
              "ContactEmail": "111111@123.com",
              "Environment": "stg",
              "Project": "CLC-NFC",
              "Purpose": "stg",
              "nike-application": "clc-nfc",
              "nike-department": "MSCT",
              "nike-distributionlist": "Lst-gcscops@123.com",
              "nike-domain": "MSCT",
              "nike-environment": "stg",
              "nike-owner": "111111@123.com"
            },
            "target_failover": [
              {
                "on_deregistration": null,
                "on_unhealthy": null
              }
            ],
            "target_health_state": [
              {
                "enable_unhealthy_connection_termination": null
              }
            ],
            "target_type": "ip",
            "vpc_id": "vpc-02ef9167c8369aa50"
          },
          "sensitive_attributes": [],
          "private": "bnVsbA==",
          "dependencies": [
            "module.vpc.data.aws_vpc.vpc_nfc"
          ]
        }
      ]
    },
    {
      "module": "module.alb",
      "mode": "managed",
      "type": "aws_alb_target_group",
      "name": "alb_target_nfc_private_backend",
      "provider": "provider[\"registry.terraform.io/hashicorp/aws\"]",
      "instances": [
        {
          "schema_version": 0,
          "attributes": {
            "arn": "arn:aws-cn:elasticloadbalancing:cn-northwest-1:034861587527:targetgroup/alb-target-nfc-private-backend/b0956062b5cce3b3",
            "arn_suffix": "targetgroup/alb-target-nfc-private-backend/b0956062b5cce3b3",
            "connection_termination": null,
            "deregistration_delay": "300",
            "health_check": [
              {
                "enabled": true,
                "healthy_threshold": 2,
                "interval": 100,
                "matcher": "200",
                "path": "/actuator/health",
                "port": "traffic-port",
                "protocol": "HTTP",
                "timeout": 5,
                "unhealthy_threshold": 2
              }
            ],
            "id": "arn:aws-cn:elasticloadbalancing:cn-northwest-1:034861587527:targetgroup/alb-target-nfc-private-backend/b0956062b5cce3b3",
            "ip_address_type": "ipv4",
            "lambda_multi_value_headers_enabled": false,
            "load_balancing_algorithm_type": "round_robin",
            "load_balancing_anomaly_mitigation": null,
            "load_balancing_cross_zone_enabled": "use_load_balancer_configuration",
            "name": "alb-target-nfc-private-backend",
            "name_prefix": "",
            "port": 80,
            "preserve_client_ip": null,
            "protocol": "HTTP",
            "protocol_version": "HTTP1",
            "proxy_protocol_v2": false,
            "slow_start": 0,
            "stickiness": [
              {
                "cookie_duration": 86400,
                "cookie_name": "",
                "enabled": false,
                "type": "lb_cookie"
              }
            ],
            "tags": {},
            "tags_all": {
              "Application": "CLC-NFC",
              "ContactEmail": "111111@123.com",
              "Environment": "stg",
              "Project": "CLC-NFC",
              "Purpose": "stg",
              "nike-application": "clc-nfc",
              "nike-department": "MSCT",
              "nike-distributionlist": "Lst-gcscops@123.com",
              "nike-domain": "MSCT",
              "nike-environment": "stg",
              "nike-owner": "111111@123.com"
            },
            "target_failover": [
              {
                "on_deregistration": null,
                "on_unhealthy": null
              }
            ],
            "target_health_state": [
              {
                "enable_unhealthy_connection_termination": null
              }
            ],
            "target_type": "ip",
            "vpc_id": "vpc-02ef9167c8369aa50"
          },
          "sensitive_attributes": [],
          "private": "bnVsbA==",
          "dependencies": [
            "module.vpc.data.aws_vpc.vpc_nfc"
          ]
        }
      ]
    },
    {
      "module": "module.alb",
      "mode": "managed",
      "type": "aws_alb_target_group",
      "name": "alb_target_nfc_public",
      "provider": "provider[\"registry.terraform.io/hashicorp/aws\"]",
      "instances": [
        {
          "schema_version": 0,
          "attributes": {
            "arn": "arn:aws-cn:elasticloadbalancing:cn-northwest-1:034861587527:targetgroup/alb-target-nfc-public/b5e759c5e9357ab6",
            "arn_suffix": "targetgroup/alb-target-nfc-public/b5e759c5e9357ab6",
            "connection_termination": null,
            "deregistration_delay": "300",
            "health_check": [
              {
                "enabled": true,
                "healthy_threshold": 2,
                "interval": 100,
                "matcher": "200",
                "path": "/nfc-service/actuator/health",
                "port": "traffic-port",
                "protocol": "HTTP",
                "timeout": 5,
                "unhealthy_threshold": 2
              }
            ],
            "id": "arn:aws-cn:elasticloadbalancing:cn-northwest-1:034861587527:targetgroup/alb-target-nfc-public/b5e759c5e9357ab6",
            "ip_address_type": "ipv4",
            "lambda_multi_value_headers_enabled": false,
            "load_balancing_algorithm_type": "round_robin",
            "load_balancing_anomaly_mitigation": null,
            "load_balancing_cross_zone_enabled": "use_load_balancer_configuration",
            "name": "alb-target-nfc-public",
            "name_prefix": "",
            "port": 8080,
            "preserve_client_ip": null,
            "protocol": "HTTP",
            "protocol_version": "HTTP1",
            "proxy_protocol_v2": false,
            "slow_start": 0,
            "stickiness": [
              {
                "cookie_duration": 86400,
                "cookie_name": "",
                "enabled": false,
                "type": "lb_cookie"
              }
            ],
            "tags": null,
            "tags_all": {
              "Application": "CLC-NFC",
              "ContactEmail": "111111@123.com",
              "Environment": "stg",
              "Project": "CLC-NFC",
              "Purpose": "stg",
              "nike-application": "clc-nfc",
              "nike-department": "MSCT",
              "nike-distributionlist": "Lst-gcscops@123.com",
              "nike-domain": "MSCT",
              "nike-environment": "stg",
              "nike-owner": "111111@123.com"
            },
            "target_failover": [
              {
                "on_deregistration": null,
                "on_unhealthy": null
              }
            ],
            "target_health_state": [
              {
                "enable_unhealthy_connection_termination": null
              }
            ],
            "target_type": "ip",
            "vpc_id": "vpc-02ef9167c8369aa50"
          },
          "sensitive_attributes": [],
          "private": "bnVsbA==",
          "dependencies": [
            "module.vpc.data.aws_vpc.vpc_nfc"
          ]
        }
      ]
    },
    {
      "module": "module.ecr",
      "mode": "managed",
      "type": "aws_ecr_repository",
      "name": "images",
      "provider": "provider[\"registry.terraform.io/hashicorp/aws\"]",
      "instances": [
        {
          "index_key": "gc-clc-nfc-backend-test",
          "schema_version": 0,
          "attributes": {
            "arn": "arn:aws-cn:ecr:cn-northwest-1:034861587527:repository/gc-clc-nfc-backend-test",
            "encryption_configuration": [
              {
                "encryption_type": "AES256",
                "kms_key": ""
              }
            ],
            "force_delete": null,
            "id": "gc-clc-nfc-backend-test",
            "image_scanning_configuration": [
              {
                "scan_on_push": false
              }
            ],
            "image_tag_mutability": "MUTABLE",
            "name": "gc-clc-nfc-backend-test",
            "registry_id": "034861587527",
            "repository_url": "034861587527.dkr.ecr.cn-northwest-1.amazonaws.com.cn/gc-clc-nfc-backend-test",
            "tags": {},
            "tags_all": {
              "Application": "CLC-NFC",
              "ContactEmail": "Lst-gcscops@123.com",
              "Environment": "stg",
              "Project": "CLC-NFC",
              "Purpose": "stg",
              "nike-application": "clc-nfc",
              "nike-department": "MSCT",
              "nike-distributionlist": " GOaL Tech",
              "nike-domain": "MSCT",
              "nike-environment": "stg",
              "nike-owner": "111111@123.com"
            },
            "timeouts": null
          },
          "sensitive_attributes": [],
          "private": "eyJlMmJmYjczMC1lY2FhLTExZTYtOGY4OC0zNDM2M2JjN2M0YzAiOnsiZGVsZXRlIjoxMjAwMDAwMDAwMDAwfX0="
        },
        {
          "index_key": "gc-clc-nfc-frontend-test",
          "schema_version": 0,
          "attributes": {
            "arn": "arn:aws-cn:ecr:cn-northwest-1:034861587527:repository/gc-clc-nfc-frontend-test",
            "encryption_configuration": [
              {
                "encryption_type": "AES256",
                "kms_key": ""
              }
            ],
            "force_delete": null,
            "id": "gc-clc-nfc-frontend-test",
            "image_scanning_configuration": [
              {
                "scan_on_push": false
              }
            ],
            "image_tag_mutability": "MUTABLE",
            "name": "gc-clc-nfc-frontend-test",
            "registry_id": "034861587527",
            "repository_url": "034861587527.dkr.ecr.cn-northwest-1.amazonaws.com.cn/gc-clc-nfc-frontend-test",
            "tags": {},
            "tags_all": {
              "Application": "CLC-NFC",
              "ContactEmail": "Lst-gcscops@123.com",
              "Environment": "stg",
              "Project": "CLC-NFC",
              "Purpose": "stg",
              "nike-application": "clc-nfc",
              "nike-department": "MSCT",
              "nike-distributionlist": " GOaL Tech",
              "nike-domain": "MSCT",
              "nike-environment": "stg",
              "nike-owner": "111111@123.com"
            },
            "timeouts": null
          },
          "sensitive_attributes": [],
          "private": "eyJlMmJmYjczMC1lY2FhLTExZTYtOGY4OC0zNDM2M2JjN2M0YzAiOnsiZGVsZXRlIjoxMjAwMDAwMDAwMDAwfX0="
        },
        {
          "index_key": "gc-clc-nfc-service-test",
          "schema_version": 0,
          "attributes": {
            "arn": "arn:aws-cn:ecr:cn-northwest-1:034861587527:repository/gc-clc-nfc-service-test",
            "encryption_configuration": [
              {
                "encryption_type": "AES256",
                "kms_key": ""
              }
            ],
            "force_delete": null,
            "id": "gc-clc-nfc-service-test",
            "image_scanning_configuration": [
              {
                "scan_on_push": false
              }
            ],
            "image_tag_mutability": "MUTABLE",
            "name": "gc-clc-nfc-service-test",
            "registry_id": "034861587527",
            "repository_url": "034861587527.dkr.ecr.cn-northwest-1.amazonaws.com.cn/gc-clc-nfc-service-test",
            "tags": null,
            "tags_all": {
              "Application": "CLC-NFC",
              "ContactEmail": "Lst-gcscops@123.com",
              "Environment": "stg",
              "Project": "CLC-NFC",
              "Purpose": "stg",
              "nike-application": "clc-nfc",
              "nike-department": "MSCT",
              "nike-distributionlist": " GOaL Tech",
              "nike-domain": "MSCT",
              "nike-environment": "stg",
              "nike-owner": "111111@123.com"
            },
            "timeouts": null
          },
          "sensitive_attributes": [],
          "private": "eyJlMmJmYjczMC1lY2FhLTExZTYtOGY4OC0zNDM2M2JjN2M0YzAiOnsiZGVsZXRlIjoxMjAwMDAwMDAwMDAwfX0="
        }
      ]
    },
    {
      "module": "module.ecs-nfc",
      "mode": "managed",
      "type": "aws_appautoscaling_policy",
      "name": "app-cpu-scale-up",
      "provider": "provider[\"registry.terraform.io/hashicorp/aws\"]",
      "instances": [
        {
          "index_key": "backend-test",
          "schema_version": 0,
          "attributes": {
            "alarm_arns": [
              "arn:aws-cn:cloudwatch:cn-northwest-1:034861587527:alarm:TargetTracking-service/NFC-cluster/gc-clc-nfc-backend-test-ecs-service-AlarmHigh-a0f8dad4-4d90-4af5-8cb6-5d7d04770232",
              "arn:aws-cn:cloudwatch:cn-northwest-1:034861587527:alarm:TargetTracking-service/NFC-cluster/gc-clc-nfc-backend-test-ecs-service-AlarmLow-5ab6e015-9dc0-467d-a004-11a334d6fad5"
            ],
            "arn": "arn:aws-cn:autoscaling:cn-northwest-1:034861587527:scalingPolicy:ad298c95-ccdd-4ce7-afac-1a9a2c1a3de8:resource/ecs/service/NFC-cluster/gc-clc-nfc-backend-test-ecs-service:policyName/cpu-scale-up",
            "id": "cpu-scale-up",
            "name": "cpu-scale-up",
            "policy_type": "TargetTrackingScaling",
            "resource_id": "service/NFC-cluster/gc-clc-nfc-backend-test-ecs-service",
            "scalable_dimension": "ecs:service:DesiredCount",
            "service_namespace": "ecs",
            "step_scaling_policy_configuration": [],
            "target_tracking_scaling_policy_configuration": [
              {
                "customized_metric_specification": [],
                "disable_scale_in": false,
                "predefined_metric_specification": [
                  {
                    "predefined_metric_type": "ECSServiceAverageCPUUtilization",
                    "resource_label": ""
                  }
                ],
                "scale_in_cooldown": 300,
                "scale_out_cooldown": 300,
                "target_value": 70
              }
            ]
          },
          "sensitive_attributes": [],
          "private": "bnVsbA==",
          "dependencies": [
            "module.ecs-nfc.aws_appautoscaling_target.app",
            "module.ecs-nfc.aws_ecs_cluster.nfc-cluster"
          ]
        },
        {
          "index_key": "frontend-test",
          "schema_version": 0,
          "attributes": {
            "alarm_arns": [
              "arn:aws-cn:cloudwatch:cn-northwest-1:034861587527:alarm:TargetTracking-service/NFC-cluster/gc-clc-nfc-frontend-test-ecs-service-AlarmHigh-838adefc-a466-464e-90f8-3415fa09b8e5",
              "arn:aws-cn:cloudwatch:cn-northwest-1:034861587527:alarm:TargetTracking-service/NFC-cluster/gc-clc-nfc-frontend-test-ecs-service-AlarmLow-4a36064a-fb71-473d-a9d7-64748107f421"
            ],
            "arn": "arn:aws-cn:autoscaling:cn-northwest-1:034861587527:scalingPolicy:f0d6d5a2-e03c-4484-a8fd-fdff5854f628:resource/ecs/service/NFC-cluster/gc-clc-nfc-frontend-test-ecs-service:policyName/cpu-scale-up",
            "id": "cpu-scale-up",
            "name": "cpu-scale-up",
            "policy_type": "TargetTrackingScaling",
            "resource_id": "service/NFC-cluster/gc-clc-nfc-frontend-test-ecs-service",
            "scalable_dimension": "ecs:service:DesiredCount",
            "service_namespace": "ecs",
            "step_scaling_policy_configuration": [],
            "target_tracking_scaling_policy_configuration": [
              {
                "customized_metric_specification": [],
                "disable_scale_in": false,
                "predefined_metric_specification": [
                  {
                    "predefined_metric_type": "ECSServiceAverageCPUUtilization",
                    "resource_label": ""
                  }
                ],
                "scale_in_cooldown": 300,
                "scale_out_cooldown": 300,
                "target_value": 70
              }
            ]
          },
          "sensitive_attributes": [],
          "private": "bnVsbA==",
          "dependencies": [
            "module.ecs-nfc.aws_appautoscaling_target.app",
            "module.ecs-nfc.aws_ecs_cluster.nfc-cluster"
          ]
        },
        {
          "index_key": "service-test",
          "schema_version": 0,
          "attributes": {
            "alarm_arns": [
              "arn:aws-cn:cloudwatch:cn-northwest-1:034861587527:alarm:TargetTracking-service/NFC-cluster/gc-clc-nfc-service-test-ecs-service-AlarmHigh-3b58c33c-6c5e-4220-a5e7-e367952033c8",
              "arn:aws-cn:cloudwatch:cn-northwest-1:034861587527:alarm:TargetTracking-service/NFC-cluster/gc-clc-nfc-service-test-ecs-service-AlarmLow-0b84ddd7-632a-4d94-9bd9-3d1045a5183c"
            ],
            "arn": "arn:aws-cn:autoscaling:cn-northwest-1:034861587527:scalingPolicy:85b19baa-2ded-407d-babf-9896663511e7:resource/ecs/service/NFC-cluster/gc-clc-nfc-service-test-ecs-service:policyName/cpu-scale-up",
            "id": "cpu-scale-up",
            "name": "cpu-scale-up",
            "policy_type": "TargetTrackingScaling",
            "resource_id": "service/NFC-cluster/gc-clc-nfc-service-test-ecs-service",
            "scalable_dimension": "ecs:service:DesiredCount",
            "service_namespace": "ecs",
            "step_scaling_policy_configuration": [],
            "target_tracking_scaling_policy_configuration": [
              {
                "customized_metric_specification": [],
                "disable_scale_in": false,
                "predefined_metric_specification": [
                  {
                    "predefined_metric_type": "ECSServiceAverageCPUUtilization",
                    "resource_label": ""
                  }
                ],
                "scale_in_cooldown": 300,
                "scale_out_cooldown": 300,
                "target_value": 70
              }
            ]
          },
          "sensitive_attributes": [],
          "private": "bnVsbA==",
          "dependencies": [
            "module.ecs-nfc.aws_appautoscaling_target.app",
            "module.ecs-nfc.aws_ecs_cluster.nfc-cluster"
          ]
        }
      ]
    },
    {
      "module": "module.ecs-nfc",
      "mode": "managed",
      "type": "aws_appautoscaling_policy",
      "name": "app-memory-scaleup",
      "provider": "provider[\"registry.terraform.io/hashicorp/aws\"]",
      "instances": [
        {
          "index_key": "backend-test",
          "schema_version": 0,
          "attributes": {
            "alarm_arns": [
              "arn:aws-cn:cloudwatch:cn-northwest-1:034861587527:alarm:TargetTracking-service/NFC-cluster/gc-clc-nfc-backend-test-ecs-service-AlarmHigh-2fc25043-99c4-446a-a278-6c01132fdec4",
              "arn:aws-cn:cloudwatch:cn-northwest-1:034861587527:alarm:TargetTracking-service/NFC-cluster/gc-clc-nfc-backend-test-ecs-service-AlarmLow-f823a719-3bb5-4c56-a50f-deebb12af0c3"
            ],
            "arn": "arn:aws-cn:autoscaling:cn-northwest-1:034861587527:scalingPolicy:ad298c95-ccdd-4ce7-afac-1a9a2c1a3de8:resource/ecs/service/NFC-cluster/gc-clc-nfc-backend-test-ecs-service:policyName/memory-scale-up",
            "id": "memory-scale-up",
            "name": "memory-scale-up",
            "policy_type": "TargetTrackingScaling",
            "resource_id": "service/NFC-cluster/gc-clc-nfc-backend-test-ecs-service",
            "scalable_dimension": "ecs:service:DesiredCount",
            "service_namespace": "ecs",
            "step_scaling_policy_configuration": [],
            "target_tracking_scaling_policy_configuration": [
              {
                "customized_metric_specification": [],
                "disable_scale_in": false,
                "predefined_metric_specification": [
                  {
                    "predefined_metric_type": "ECSServiceAverageMemoryUtilization",
                    "resource_label": ""
                  }
                ],
                "scale_in_cooldown": 300,
                "scale_out_cooldown": 300,
                "target_value": 80
              }
            ]
          },
          "sensitive_attributes": [],
          "private": "bnVsbA==",
          "dependencies": [
            "module.ecs-nfc.aws_appautoscaling_target.app",
            "module.ecs-nfc.aws_ecs_cluster.nfc-cluster"
          ]
        },
        {
          "index_key": "frontend-test",
          "schema_version": 0,
          "attributes": {
            "alarm_arns": [
              "arn:aws-cn:cloudwatch:cn-northwest-1:034861587527:alarm:TargetTracking-service/NFC-cluster/gc-clc-nfc-frontend-test-ecs-service-AlarmHigh-a6714aba-bcf8-49fc-85bf-a0f001caac6b",
              "arn:aws-cn:cloudwatch:cn-northwest-1:034861587527:alarm:TargetTracking-service/NFC-cluster/gc-clc-nfc-frontend-test-ecs-service-AlarmLow-6512ae18-f8c9-4483-b7a5-1ff03ea24591"
            ],
            "arn": "arn:aws-cn:autoscaling:cn-northwest-1:034861587527:scalingPolicy:f0d6d5a2-e03c-4484-a8fd-fdff5854f628:resource/ecs/service/NFC-cluster/gc-clc-nfc-frontend-test-ecs-service:policyName/memory-scale-up",
            "id": "memory-scale-up",
            "name": "memory-scale-up",
            "policy_type": "TargetTrackingScaling",
            "resource_id": "service/NFC-cluster/gc-clc-nfc-frontend-test-ecs-service",
            "scalable_dimension": "ecs:service:DesiredCount",
            "service_namespace": "ecs",
            "step_scaling_policy_configuration": [],
            "target_tracking_scaling_policy_configuration": [
              {
                "customized_metric_specification": [],
                "disable_scale_in": false,
                "predefined_metric_specification": [
                  {
                    "predefined_metric_type": "ECSServiceAverageMemoryUtilization",
                    "resource_label": ""
                  }
                ],
                "scale_in_cooldown": 300,
                "scale_out_cooldown": 300,
                "target_value": 80
              }
            ]
          },
          "sensitive_attributes": [],
          "private": "bnVsbA==",
          "dependencies": [
            "module.ecs-nfc.aws_appautoscaling_target.app",
            "module.ecs-nfc.aws_ecs_cluster.nfc-cluster"
          ]
        },
        {
          "index_key": "service-test",
          "schema_version": 0,
          "attributes": {
            "alarm_arns": [
              "arn:aws-cn:cloudwatch:cn-northwest-1:034861587527:alarm:TargetTracking-service/NFC-cluster/gc-clc-nfc-service-test-ecs-service-AlarmHigh-155f2315-4517-43f1-9910-c5415e88545c",
              "arn:aws-cn:cloudwatch:cn-northwest-1:034861587527:alarm:TargetTracking-service/NFC-cluster/gc-clc-nfc-service-test-ecs-service-AlarmLow-13d5870f-21c4-4138-b6d9-581c5347148f"
            ],
            "arn": "arn:aws-cn:autoscaling:cn-northwest-1:034861587527:scalingPolicy:85b19baa-2ded-407d-babf-9896663511e7:resource/ecs/service/NFC-cluster/gc-clc-nfc-service-test-ecs-service:policyName/memory-scale-up",
            "id": "memory-scale-up",
            "name": "memory-scale-up",
            "policy_type": "TargetTrackingScaling",
            "resource_id": "service/NFC-cluster/gc-clc-nfc-service-test-ecs-service",
            "scalable_dimension": "ecs:service:DesiredCount",
            "service_namespace": "ecs",
            "step_scaling_policy_configuration": [],
            "target_tracking_scaling_policy_configuration": [
              {
                "customized_metric_specification": [],
                "disable_scale_in": false,
                "predefined_metric_specification": [
                  {
                    "predefined_metric_type": "ECSServiceAverageMemoryUtilization",
                    "resource_label": ""
                  }
                ],
                "scale_in_cooldown": 300,
                "scale_out_cooldown": 300,
                "target_value": 80
              }
            ]
          },
          "sensitive_attributes": [],
          "private": "bnVsbA==",
          "dependencies": [
            "module.ecs-nfc.aws_appautoscaling_target.app",
            "module.ecs-nfc.aws_ecs_cluster.nfc-cluster"
          ]
        }
      ]
    },
    {
      "module": "module.ecs-nfc",
      "mode": "managed",
      "type": "aws_appautoscaling_target",
      "name": "app",
      "provider": "provider[\"registry.terraform.io/hashicorp/aws\"]",
      "instances": [
        {
          "index_key": "backend-test",
          "schema_version": 0,
          "attributes": {
            "arn": "arn:aws-cn:application-autoscaling:cn-northwest-1:034861587527:scalable-target/0ec5ad298c95ccdd4ce7afac1a9a2c1a3de8",
            "id": "service/NFC-cluster/gc-clc-nfc-backend-test-ecs-service",
            "max_capacity": 4,
            "min_capacity": 2,
            "resource_id": "service/NFC-cluster/gc-clc-nfc-backend-test-ecs-service",
            "role_arn": "arn:aws-cn:iam::034861587527:role/aws-service-role/ecs.application-autoscaling.amazonaws.com/AWSServiceRoleForApplicationAutoScaling_ECSService",
            "scalable_dimension": "ecs:service:DesiredCount",
            "service_namespace": "ecs",
            "tags": {},
            "tags_all": {
              "Application": "CLC-NFC",
              "ContactEmail": "111111@123.com",
              "Environment": "stg",
              "Project": "CLC-NFC",
              "Purpose": "stg",
              "nike-application": "clc-nfc",
              "nike-department": "MSCT",
              "nike-distributionlist": "Lst-gcscops@123.com",
              "nike-domain": "MSCT",
              "nike-environment": "stg",
              "nike-owner": "111111@123.com"
            }
          },
          "sensitive_attributes": [],
          "private": "bnVsbA==",
          "dependencies": [
            "module.ecs-nfc.aws_ecs_cluster.nfc-cluster"
          ]
        },
        {
          "index_key": "frontend-test",
          "schema_version": 0,
          "attributes": {
            "arn": "arn:aws-cn:application-autoscaling:cn-northwest-1:034861587527:scalable-target/0ec5f0d6d5a2e03c4484a8fdfdff5854f628",
            "id": "service/NFC-cluster/gc-clc-nfc-frontend-test-ecs-service",
            "max_capacity": 4,
            "min_capacity": 2,
            "resource_id": "service/NFC-cluster/gc-clc-nfc-frontend-test-ecs-service",
            "role_arn": "arn:aws-cn:iam::034861587527:role/aws-service-role/ecs.application-autoscaling.amazonaws.com/AWSServiceRoleForApplicationAutoScaling_ECSService",
            "scalable_dimension": "ecs:service:DesiredCount",
            "service_namespace": "ecs",
            "tags": {},
            "tags_all": {
              "Application": "CLC-NFC",
              "ContactEmail": "111111@123.com",
              "Environment": "stg",
              "Project": "CLC-NFC",
              "Purpose": "stg",
              "nike-application": "clc-nfc",
              "nike-department": "MSCT",
              "nike-distributionlist": "Lst-gcscops@123.com",
              "nike-domain": "MSCT",
              "nike-environment": "stg",
              "nike-owner": "111111@123.com"
            }
          },
          "sensitive_attributes": [],
          "private": "bnVsbA==",
          "dependencies": [
            "module.ecs-nfc.aws_ecs_cluster.nfc-cluster"
          ]
        },
        {
          "index_key": "service-test",
          "schema_version": 0,
          "attributes": {
            "arn": "arn:aws-cn:application-autoscaling:cn-northwest-1:034861587527:scalable-target/0ec585b19baa2ded407dbabf9896663511e7",
            "id": "service/NFC-cluster/gc-clc-nfc-service-test-ecs-service",
            "max_capacity": 4,
            "min_capacity": 2,
            "resource_id": "service/NFC-cluster/gc-clc-nfc-service-test-ecs-service",
            "role_arn": "arn:aws-cn:iam::034861587527:role/aws-service-role/ecs.application-autoscaling.amazonaws.com/AWSServiceRoleForApplicationAutoScaling_ECSService",
            "scalable_dimension": "ecs:service:DesiredCount",
            "service_namespace": "ecs",
            "tags": {},
            "tags_all": {
              "Application": "CLC-NFC",
              "ContactEmail": "111111@123.com",
              "Environment": "stg",
              "Project": "CLC-NFC",
              "Purpose": "stg",
              "nike-application": "clc-nfc",
              "nike-department": "MSCT",
              "nike-distributionlist": "Lst-gcscops@123.com",
              "nike-domain": "MSCT",
              "nike-environment": "stg",
              "nike-owner": "111111@123.com"
            }
          },
          "sensitive_attributes": [],
          "private": "bnVsbA==",
          "dependencies": [
            "module.ecs-nfc.aws_ecs_cluster.nfc-cluster"
          ]
        }
      ]
    },
    {
      "module": "module.ecs-nfc",
      "mode": "managed",
      "type": "aws_ecs_cluster",
      "name": "nfc-cluster",
      "provider": "provider[\"registry.terraform.io/hashicorp/aws\"]",
      "instances": [
        {
          "schema_version": 0,
          "attributes": {
            "arn": "arn:aws-cn:ecs:cn-northwest-1:034861587527:cluster/NFC-cluster",
            "configuration": [],
            "id": "arn:aws-cn:ecs:cn-northwest-1:034861587527:cluster/NFC-cluster",
            "name": "NFC-cluster",
            "service_connect_defaults": [],
            "setting": [
              {
                "name": "containerInsights",
                "value": "enabled"
              }
            ],
            "tags": {},
            "tags_all": {
              "Application": "CLC-NFC",
              "ContactEmail": "111111@123.com",
              "Environment": "stg",
              "Project": "CLC-NFC",
              "Purpose": "stg",
              "nike-application": "clc-nfc",
              "nike-department": "MSCT",
              "nike-distributionlist": "Lst-gcscops@123.com",
              "nike-domain": "MSCT",
              "nike-environment": "stg",
              "nike-owner": "111111@123.com"
            }
          },
          "sensitive_attributes": [],
          "private": "bnVsbA=="
        }
      ]
    },
    {
      "module": "module.ecs-nfc",
      "mode": "managed",
      "type": "aws_ecs_service",
      "name": "nfc-api-service",
      "provider": "provider[\"registry.terraform.io/hashicorp/aws\"]",
      "instances": [
        {
          "index_key": "service-test",
          "schema_version": 0,
          "attributes": {
            "alarms": [],
            "capacity_provider_strategy": [],
            "cluster": "arn:aws-cn:ecs:cn-northwest-1:034861587527:cluster/NFC-cluster",
            "deployment_circuit_breaker": [
              {
                "enable": false,
                "rollback": false
              }
            ],
            "deployment_controller": [
              {
                "type": "ECS"
              }
            ],
            "deployment_maximum_percent": 200,
            "deployment_minimum_healthy_percent": 100,
            "desired_count": 2,
            "enable_ecs_managed_tags": false,
            "enable_execute_command": false,
            "force_new_deployment": null,
            "health_check_grace_period_seconds": 0,
            "iam_role": "/aws-service-role/ecs.amazonaws.com/AWSServiceRoleForECS",
            "id": "arn:aws-cn:ecs:cn-northwest-1:034861587527:service/NFC-cluster/gc-clc-nfc-service-test-ecs-service",
            "launch_type": "FARGATE",
            "load_balancer": [
              {
                "container_name": "service-test",
                "container_port": 8080,
                "elb_name": "",
                "target_group_arn": "arn:aws-cn:elasticloadbalancing:cn-northwest-1:034861587527:targetgroup/alb-target-nfc-public/ade3fc259fbbb929"
              }
            ],
            "name": "gc-clc-nfc-service-test-ecs-service",
            "network_configuration": [
              {
                "assign_public_ip": true,
                "security_groups": [
                  "sg-08bbedd2dfe381c99"
                ],
                "subnets": [
                  "subnet-04294c16f4627eb98"
                ]
              }
            ],
            "ordered_placement_strategy": [],
            "placement_constraints": [],
            "platform_version": "LATEST",
            "propagate_tags": "NONE",
            "scheduling_strategy": "REPLICA",
            "service_connect_configuration": [],
            "service_registries": [],
            "tags": {},
            "tags_all": {
              "Application": "CLC-NFC",
              "ContactEmail": "111111@123.com",
              "Environment": "stg",
              "Project": "CLC-NFC",
              "Purpose": "stg",
              "nike-application": "clc-nfc",
              "nike-department": "MSCT",
              "nike-distributionlist": "Lst-gcscops@123.com",
              "nike-domain": "MSCT",
              "nike-environment": "stg",
              "nike-owner": "111111@123.com"
            },
            "task_definition": "arn:aws-cn:ecs:cn-northwest-1:034861587527:task-definition/gc-clc-nfc-service-test:3",
            "timeouts": null,
            "triggers": {},
            "wait_for_steady_state": false
          },
          "sensitive_attributes": [],
          "private": "eyJlMmJmYjczMC1lY2FhLTExZTYtOGY4OC0zNDM2M2JjN2M0YzAiOnsiY3JlYXRlIjoxMjAwMDAwMDAwMDAwLCJkZWxldGUiOjEyMDAwMDAwMDAwMDAsInVwZGF0ZSI6MTIwMDAwMDAwMDAwMH19",
          "dependencies": [
            "module.alb.aws_alb_target_group.alb_target_nfc_public",
            "module.ecs-nfc.aws_ecs_cluster.nfc-cluster",
            "module.ecs-nfc.aws_ecs_task_definition.nfc-test-def",
            "module.security-group.module.security_group_8080_nfc.aws_security_group.this",
            "module.security-group.module.security_group_8080_nfc.aws_security_group.this_name_prefix",
            "module.security-group.module.security_group_8080_nfc.aws_security_group_rule.computed_egress_rules",
            "module.security-group.module.security_group_8080_nfc.aws_security_group_rule.computed_egress_with_cidr_blocks",
            "module.security-group.module.security_group_8080_nfc.aws_security_group_rule.computed_egress_with_ipv6_cidr_blocks",
            "module.security-group.module.security_group_8080_nfc.aws_security_group_rule.computed_egress_with_prefix_list_ids",
            "module.security-group.module.security_group_8080_nfc.aws_security_group_rule.computed_egress_with_self",
            "module.security-group.module.security_group_8080_nfc.aws_security_group_rule.computed_egress_with_source_security_group_id",
            "module.security-group.module.security_group_8080_nfc.aws_security_group_rule.computed_ingress_rules",
            "module.security-group.module.security_group_8080_nfc.aws_security_group_rule.computed_ingress_with_cidr_blocks",
            "module.security-group.module.security_group_8080_nfc.aws_security_group_rule.computed_ingress_with_ipv6_cidr_blocks",
            "module.security-group.module.security_group_8080_nfc.aws_security_group_rule.computed_ingress_with_prefix_list_ids",
            "module.security-group.module.security_group_8080_nfc.aws_security_group_rule.computed_ingress_with_self",
            "module.security-group.module.security_group_8080_nfc.aws_security_group_rule.computed_ingress_with_source_security_group_id",
            "module.security-group.module.security_group_8080_nfc.aws_security_group_rule.egress_rules",
            "module.security-group.module.security_group_8080_nfc.aws_security_group_rule.egress_with_cidr_blocks",
            "module.security-group.module.security_group_8080_nfc.aws_security_group_rule.egress_with_ipv6_cidr_blocks",
            "module.security-group.module.security_group_8080_nfc.aws_security_group_rule.egress_with_prefix_list_ids",
            "module.security-group.module.security_group_8080_nfc.aws_security_group_rule.egress_with_self",
            "module.security-group.module.security_group_8080_nfc.aws_security_group_rule.egress_with_source_security_group_id",
            "module.security-group.module.security_group_8080_nfc.aws_security_group_rule.ingress_rules",
            "module.security-group.module.security_group_8080_nfc.aws_security_group_rule.ingress_with_cidr_blocks",
            "module.security-group.module.security_group_8080_nfc.aws_security_group_rule.ingress_with_ipv6_cidr_blocks",
            "module.security-group.module.security_group_8080_nfc.aws_security_group_rule.ingress_with_prefix_list_ids",
            "module.security-group.module.security_group_8080_nfc.aws_security_group_rule.ingress_with_self",
            "module.security-group.module.security_group_8080_nfc.aws_security_group_rule.ingress_with_source_security_group_id",
            "module.vpc.aws_subnet.public_subnet_nfc_a",
            "module.vpc.data.aws_vpc.vpc_nfc"
          ]
        }
      ]
    },
    {
      "module": "module.ecs-nfc",
      "mode": "managed",
      "type": "aws_ecs_service",
      "name": "nfc-service",
      "provider": "provider[\"registry.terraform.io/hashicorp/aws\"]",
      "instances": [
        {
          "index_key": "frontend-test",
          "schema_version": 0,
          "attributes": {
            "alarms": [],
            "capacity_provider_strategy": [],
            "cluster": "arn:aws-cn:ecs:cn-northwest-1:034861587527:cluster/NFC-cluster",
            "deployment_circuit_breaker": [
              {
                "enable": false,
                "rollback": false
              }
            ],
            "deployment_controller": [
              {
                "type": "ECS"
              }
            ],
            "deployment_maximum_percent": 200,
            "deployment_minimum_healthy_percent": 100,
            "desired_count": 2,
            "enable_ecs_managed_tags": false,
            "enable_execute_command": false,
            "force_new_deployment": null,
            "health_check_grace_period_seconds": 0,
            "iam_role": "/aws-service-role/ecs.amazonaws.com/AWSServiceRoleForECS",
            "id": "arn:aws-cn:ecs:cn-northwest-1:034861587527:service/NFC-cluster/gc-clc-nfc-frontend-test-ecs-service",
            "launch_type": "FARGATE",
            "load_balancer": [
              {
                "container_name": "frontend-test",
                "container_port": 80,
                "elb_name": "",
                "target_group_arn": "arn:aws-cn:elasticloadbalancing:cn-northwest-1:034861587527:targetgroup/alb-target-nfc-private/052858293c59f55c"
              }
            ],
            "name": "gc-clc-nfc-frontend-test-ecs-service",
            "network_configuration": [
              {
                "assign_public_ip": false,
                "security_groups": [
                  "sg-02600ac65305ef7d3",
                  "sg-0aae091c9abd41773"
                ],
                "subnets": [
                  "subnet-0a07021591da94479"
                ]
              }
            ],
            "ordered_placement_strategy": [],
            "placement_constraints": [],
            "platform_version": "LATEST",
            "propagate_tags": "NONE",
            "scheduling_strategy": "REPLICA",
            "service_connect_configuration": [],
            "service_registries": [],
            "tags": {},
            "tags_all": {
              "Application": "CLC-NFC",
              "ContactEmail": "111111@123.com",
              "Environment": "stg",
              "Project": "CLC-NFC",
              "Purpose": "stg",
              "nike-application": "clc-nfc",
              "nike-department": "MSCT",
              "nike-distributionlist": "Lst-gcscops@123.com",
              "nike-domain": "MSCT",
              "nike-environment": "stg",
              "nike-owner": "111111@123.com"
            },
            "task_definition": "arn:aws-cn:ecs:cn-northwest-1:034861587527:task-definition/gc-clc-nfc-frontend-test:3",
            "timeouts": null,
            "triggers": {},
            "wait_for_steady_state": false
          },
          "sensitive_attributes": [],
          "private": "eyJlMmJmYjczMC1lY2FhLTExZTYtOGY4OC0zNDM2M2JjN2M0YzAiOnsiY3JlYXRlIjoxMjAwMDAwMDAwMDAwLCJkZWxldGUiOjEyMDAwMDAwMDAwMDAsInVwZGF0ZSI6MTIwMDAwMDAwMDAwMH19",
          "dependencies": [
            "module.alb.aws_alb_target_group.alb_target_nfc_private",
            "module.ecs-nfc.aws_ecs_cluster.nfc-cluster",
            "module.ecs-nfc.aws_ecs_task_definition.nfc-test-def",
            "module.security-group.module.security_group_443_80_nfc.aws_security_group.this",
            "module.security-group.module.security_group_443_80_nfc.aws_security_group.this_name_prefix",
            "module.security-group.module.security_group_443_80_nfc.aws_security_group_rule.computed_egress_rules",
            "module.security-group.module.security_group_443_80_nfc.aws_security_group_rule.computed_egress_with_cidr_blocks",
            "module.security-group.module.security_group_443_80_nfc.aws_security_group_rule.computed_egress_with_ipv6_cidr_blocks",
            "module.security-group.module.security_group_443_80_nfc.aws_security_group_rule.computed_egress_with_prefix_list_ids",
            "module.security-group.module.security_group_443_80_nfc.aws_security_group_rule.computed_egress_with_self",
            "module.security-group.module.security_group_443_80_nfc.aws_security_group_rule.computed_egress_with_source_security_group_id",
            "module.security-group.module.security_group_443_80_nfc.aws_security_group_rule.computed_ingress_rules",
            "module.security-group.module.security_group_443_80_nfc.aws_security_group_rule.computed_ingress_with_cidr_blocks",
            "module.security-group.module.security_group_443_80_nfc.aws_security_group_rule.computed_ingress_with_ipv6_cidr_blocks",
            "module.security-group.module.security_group_443_80_nfc.aws_security_group_rule.computed_ingress_with_prefix_list_ids",
            "module.security-group.module.security_group_443_80_nfc.aws_security_group_rule.computed_ingress_with_self",
            "module.security-group.module.security_group_443_80_nfc.aws_security_group_rule.computed_ingress_with_source_security_group_id",
            "module.security-group.module.security_group_443_80_nfc.aws_security_group_rule.egress_rules",
            "module.security-group.module.security_group_443_80_nfc.aws_security_group_rule.egress_with_cidr_blocks",
            "module.security-group.module.security_group_443_80_nfc.aws_security_group_rule.egress_with_ipv6_cidr_blocks",
            "module.security-group.module.security_group_443_80_nfc.aws_security_group_rule.egress_with_prefix_list_ids",
            "module.security-group.module.security_group_443_80_nfc.aws_security_group_rule.egress_with_self",
            "module.security-group.module.security_group_443_80_nfc.aws_security_group_rule.egress_with_source_security_group_id",
            "module.security-group.module.security_group_443_80_nfc.aws_security_group_rule.ingress_rules",
            "module.security-group.module.security_group_443_80_nfc.aws_security_group_rule.ingress_with_cidr_blocks",
            "module.security-group.module.security_group_443_80_nfc.aws_security_group_rule.ingress_with_ipv6_cidr_blocks",
            "module.security-group.module.security_group_443_80_nfc.aws_security_group_rule.ingress_with_prefix_list_ids",
            "module.security-group.module.security_group_443_80_nfc.aws_security_group_rule.ingress_with_self",
            "module.security-group.module.security_group_443_80_nfc.aws_security_group_rule.ingress_with_source_security_group_id",
            "module.security-group.module.security_group_8082_nfc.aws_security_group.this",
            "module.security-group.module.security_group_8082_nfc.aws_security_group.this_name_prefix",
            "module.security-group.module.security_group_8082_nfc.aws_security_group_rule.computed_egress_rules",
            "module.security-group.module.security_group_8082_nfc.aws_security_group_rule.computed_egress_with_cidr_blocks",
            "module.security-group.module.security_group_8082_nfc.aws_security_group_rule.computed_egress_with_ipv6_cidr_blocks",
            "module.security-group.module.security_group_8082_nfc.aws_security_group_rule.computed_egress_with_prefix_list_ids",
            "module.security-group.module.security_group_8082_nfc.aws_security_group_rule.computed_egress_with_self",
            "module.security-group.module.security_group_8082_nfc.aws_security_group_rule.computed_egress_with_source_security_group_id",
            "module.security-group.module.security_group_8082_nfc.aws_security_group_rule.computed_ingress_rules",
            "module.security-group.module.security_group_8082_nfc.aws_security_group_rule.computed_ingress_with_cidr_blocks",
            "module.security-group.module.security_group_8082_nfc.aws_security_group_rule.computed_ingress_with_ipv6_cidr_blocks",
            "module.security-group.module.security_group_8082_nfc.aws_security_group_rule.computed_ingress_with_prefix_list_ids",
            "module.security-group.module.security_group_8082_nfc.aws_security_group_rule.computed_ingress_with_self",
            "module.security-group.module.security_group_8082_nfc.aws_security_group_rule.computed_ingress_with_source_security_group_id",
            "module.security-group.module.security_group_8082_nfc.aws_security_group_rule.egress_rules",
            "module.security-group.module.security_group_8082_nfc.aws_security_group_rule.egress_with_cidr_blocks",
            "module.security-group.module.security_group_8082_nfc.aws_security_group_rule.egress_with_ipv6_cidr_blocks",
            "module.security-group.module.security_group_8082_nfc.aws_security_group_rule.egress_with_prefix_list_ids",
            "module.security-group.module.security_group_8082_nfc.aws_security_group_rule.egress_with_self",
            "module.security-group.module.security_group_8082_nfc.aws_security_group_rule.egress_with_source_security_group_id",
            "module.security-group.module.security_group_8082_nfc.aws_security_group_rule.ingress_rules",
            "module.security-group.module.security_group_8082_nfc.aws_security_group_rule.ingress_with_cidr_blocks",
            "module.security-group.module.security_group_8082_nfc.aws_security_group_rule.ingress_with_ipv6_cidr_blocks",
            "module.security-group.module.security_group_8082_nfc.aws_security_group_rule.ingress_with_prefix_list_ids",
            "module.security-group.module.security_group_8082_nfc.aws_security_group_rule.ingress_with_self",
            "module.security-group.module.security_group_8082_nfc.aws_security_group_rule.ingress_with_source_security_group_id",
            "module.vpc.aws_subnet.privite_subnet_nfc_a",
            "module.vpc.data.aws_vpc.vpc_nfc"
          ]
        }
      ]
    },
    {
      "module": "module.ecs-nfc",
      "mode": "managed",
      "type": "aws_ecs_service",
      "name": "nfc-service-backend",
      "provider": "provider[\"registry.terraform.io/hashicorp/aws\"]",
      "instances": [
        {
          "index_key": "backend-test",
          "schema_version": 0,
          "attributes": {
            "alarms": [],
            "capacity_provider_strategy": [],
            "cluster": "arn:aws-cn:ecs:cn-northwest-1:034861587527:cluster/NFC-cluster",
            "deployment_circuit_breaker": [
              {
                "enable": false,
                "rollback": false
              }
            ],
            "deployment_controller": [
              {
                "type": "ECS"
              }
            ],
            "deployment_maximum_percent": 200,
            "deployment_minimum_healthy_percent": 100,
            "desired_count": 1,
            "enable_ecs_managed_tags": false,
            "enable_execute_command": false,
            "force_new_deployment": null,
            "health_check_grace_period_seconds": 0,
            "iam_role": "/aws-service-role/ecs.amazonaws.com/AWSServiceRoleForECS",
            "id": "arn:aws-cn:ecs:cn-northwest-1:034861587527:service/NFC-cluster/gc-clc-nfc-backend-test-ecs-service",
            "launch_type": "FARGATE",
            "load_balancer": [
              {
                "container_name": "backend-test",
                "container_port": 8082,
                "elb_name": "",
                "target_group_arn": "arn:aws-cn:elasticloadbalancing:cn-northwest-1:034861587527:targetgroup/alb-target-nfc-private-backend/b0956062b5cce3b3"
              }
            ],
            "name": "gc-clc-nfc-backend-test-ecs-service",
            "network_configuration": [
              {
                "assign_public_ip": false,
                "security_groups": [
                  "sg-02600ac65305ef7d3"
                ],
                "subnets": [
                  "subnet-0a07021591da94479"
                ]
              }
            ],
            "ordered_placement_strategy": [],
            "placement_constraints": [],
            "platform_version": "LATEST",
            "propagate_tags": "NONE",
            "scheduling_strategy": "REPLICA",
            "service_connect_configuration": [],
            "service_registries": [],
            "tags": null,
            "tags_all": {
              "Application": "CLC-NFC",
              "ContactEmail": "111111@123.com",
              "Environment": "stg",
              "Project": "CLC-NFC",
              "Purpose": "stg",
              "nike-application": "clc-nfc",
              "nike-department": "MSCT",
              "nike-distributionlist": "Lst-gcscops@123.com",
              "nike-domain": "MSCT",
              "nike-environment": "stg",
              "nike-owner": "111111@123.com"
            },
            "task_definition": "arn:aws-cn:ecs:cn-northwest-1:034861587527:task-definition/gc-clc-nfc-backend-test:3",
            "timeouts": null,
            "triggers": {},
            "wait_for_steady_state": false
          },
          "sensitive_attributes": [],
          "private": "eyJlMmJmYjczMC1lY2FhLTExZTYtOGY4OC0zNDM2M2JjN2M0YzAiOnsiY3JlYXRlIjoxMjAwMDAwMDAwMDAwLCJkZWxldGUiOjEyMDAwMDAwMDAwMDAsInVwZGF0ZSI6MTIwMDAwMDAwMDAwMH19",
          "dependencies": [
            "module.alb.aws_alb_target_group.alb_target_nfc_private_backend",
            "module.ecs-nfc.aws_ecs_cluster.nfc-cluster",
            "module.ecs-nfc.aws_ecs_task_definition.nfc-test-def",
            "module.security-group.module.security_group_8082_nfc.aws_security_group.this",
            "module.security-group.module.security_group_8082_nfc.aws_security_group.this_name_prefix",
            "module.security-group.module.security_group_8082_nfc.aws_security_group_rule.computed_egress_rules",
            "module.security-group.module.security_group_8082_nfc.aws_security_group_rule.computed_egress_with_cidr_blocks",
            "module.security-group.module.security_group_8082_nfc.aws_security_group_rule.computed_egress_with_ipv6_cidr_blocks",
            "module.security-group.module.security_group_8082_nfc.aws_security_group_rule.computed_egress_with_prefix_list_ids",
            "module.security-group.module.security_group_8082_nfc.aws_security_group_rule.computed_egress_with_self",
            "module.security-group.module.security_group_8082_nfc.aws_security_group_rule.computed_egress_with_source_security_group_id",
            "module.security-group.module.security_group_8082_nfc.aws_security_group_rule.computed_ingress_rules",
            "module.security-group.module.security_group_8082_nfc.aws_security_group_rule.computed_ingress_with_cidr_blocks",
            "module.security-group.module.security_group_8082_nfc.aws_security_group_rule.computed_ingress_with_ipv6_cidr_blocks",
            "module.security-group.module.security_group_8082_nfc.aws_security_group_rule.computed_ingress_with_prefix_list_ids",
            "module.security-group.module.security_group_8082_nfc.aws_security_group_rule.computed_ingress_with_self",
            "module.security-group.module.security_group_8082_nfc.aws_security_group_rule.computed_ingress_with_source_security_group_id",
            "module.security-group.module.security_group_8082_nfc.aws_security_group_rule.egress_rules",
            "module.security-group.module.security_group_8082_nfc.aws_security_group_rule.egress_with_cidr_blocks",
            "module.security-group.module.security_group_8082_nfc.aws_security_group_rule.egress_with_ipv6_cidr_blocks",
            "module.security-group.module.security_group_8082_nfc.aws_security_group_rule.egress_with_prefix_list_ids",
            "module.security-group.module.security_group_8082_nfc.aws_security_group_rule.egress_with_self",
            "module.security-group.module.security_group_8082_nfc.aws_security_group_rule.egress_with_source_security_group_id",
            "module.security-group.module.security_group_8082_nfc.aws_security_group_rule.ingress_rules",
            "module.security-group.module.security_group_8082_nfc.aws_security_group_rule.ingress_with_cidr_blocks",
            "module.security-group.module.security_group_8082_nfc.aws_security_group_rule.ingress_with_ipv6_cidr_blocks",
            "module.security-group.module.security_group_8082_nfc.aws_security_group_rule.ingress_with_prefix_list_ids",
            "module.security-group.module.security_group_8082_nfc.aws_security_group_rule.ingress_with_self",
            "module.security-group.module.security_group_8082_nfc.aws_security_group_rule.ingress_with_source_security_group_id",
            "module.vpc.aws_subnet.privite_subnet_nfc_a",
            "module.vpc.data.aws_vpc.vpc_nfc"
          ]
        }
      ]
    },
    {
      "module": "module.ecs-nfc",
      "mode": "managed",
      "type": "aws_ecs_task_definition",
      "name": "nfc-test-def",
      "provider": "provider[\"registry.terraform.io/hashicorp/aws\"]",
      "instances": [
        {
          "index_key": "backend-test",
          "schema_version": 1,
          "attributes": {
            "arn": "arn:aws-cn:ecs:cn-northwest-1:034861587527:task-definition/gc-clc-nfc-backend-test:3",
            "arn_without_revision": "arn:aws-cn:ecs:cn-northwest-1:034861587527:task-definition/gc-clc-nfc-backend-test",
            "container_definitions": "[{\"cpu\":512,\"environment\":[{\"name\":\"APP\",\"value\":\"backend-test\"},{\"name\":\"APP_GROUP\",\"value\":\"goal-gc\"},{\"name\":\"AWS_ACCOUNT_ID\",\"value\":\"034861587527\"},{\"name\":\"RUN_ENV\",\"value\":\"test\"},{\"name\":\"SERVER_GROUP\",\"value\":\"backend-test\"},{\"name\":\"SERVER_REGION\",\"value\":\"cn-northwest-1\"}],\"essential\":true,\"image\":\"034861587527.dkr.ecr.cn-northwest-1.amazonaws.com.cn/gc-clc-nfc-backend-test:latest\",\"logConfiguration\":{\"logDriver\":\"awslogs\",\"options\":{\"awslogs-create-group\":\"true\",\"awslogs-group\":\"/ecs/\",\"awslogs-region\":\"cn-northwest-1\",\"awslogs-stream-prefix\":\"ecs\"},\"secretOptions\":[]},\"memory\":4096,\"mountPoints\":[],\"name\":\"backend-test\",\"portMappings\":[{\"containerPort\":8080,\"hostPort\":8080,\"protocol\":\"tcp\"},{\"containerPort\":8082,\"hostPort\":8082,\"protocol\":\"tcp\"},{\"containerPort\":80,\"hostPort\":80,\"protocol\":\"tcp\"}],\"ulimits\":[{\"hardLimit\":65535,\"name\":\"nofile\",\"softLimit\":65535}],\"volumesFrom\":[]}]",
            "cpu": "512",
            "ephemeral_storage": [],
            "execution_role_arn": "arn:aws-cn:iam::034861587527:role/nodeAdapterEcsTaskExecutionRole",
            "family": "gc-clc-nfc-backend-test",
            "id": "gc-clc-nfc-backend-test",
            "inference_accelerator": [],
            "ipc_mode": "",
            "memory": "4096",
            "network_mode": "awsvpc",
            "pid_mode": "",
            "placement_constraints": [],
            "proxy_configuration": [],
            "requires_compatibilities": [
              "FARGATE"
            ],
            "revision": 3,
            "runtime_platform": [],
            "skip_destroy": false,
            "tags": {},
            "tags_all": {
              "Application": "CLC-NFC",
              "ContactEmail": "111111@123.com",
              "Environment": "stg",
              "Project": "CLC-NFC",
              "Purpose": "stg",
              "nike-application": "clc-nfc",
              "nike-department": "MSCT",
              "nike-distributionlist": "Lst-gcscops@123.com",
              "nike-domain": "MSCT",
              "nike-environment": "stg",
              "nike-owner": "111111@123.com"
            },
            "task_role_arn": "arn:aws-cn:iam::034861587527:role/nodeAdapterEcsTaskExecutionRole",
            "volume": []
          },
          "sensitive_attributes": [],
          "private": "eyJzY2hlbWFfdmVyc2lvbiI6IjEifQ=="
        },
        {
          "index_key": "frontend-test",
          "schema_version": 1,
          "attributes": {
            "arn": "arn:aws-cn:ecs:cn-northwest-1:034861587527:task-definition/gc-clc-nfc-frontend-test:3",
            "arn_without_revision": "arn:aws-cn:ecs:cn-northwest-1:034861587527:task-definition/gc-clc-nfc-frontend-test",
            "container_definitions": "[{\"cpu\":512,\"environment\":[{\"name\":\"APP\",\"value\":\"frontend-test\"},{\"name\":\"APP_GROUP\",\"value\":\"goal-gc\"},{\"name\":\"AWS_ACCOUNT_ID\",\"value\":\"034861587527\"},{\"name\":\"RUN_ENV\",\"value\":\"test\"},{\"name\":\"SERVER_GROUP\",\"value\":\"frontend-test\"},{\"name\":\"SERVER_REGION\",\"value\":\"cn-northwest-1\"}],\"essential\":true,\"image\":\"034861587527.dkr.ecr.cn-northwest-1.amazonaws.com.cn/gc-clc-nfc-frontend-test:latest\",\"logConfiguration\":{\"logDriver\":\"awslogs\",\"options\":{\"awslogs-create-group\":\"true\",\"awslogs-group\":\"/ecs/\",\"awslogs-region\":\"cn-northwest-1\",\"awslogs-stream-prefix\":\"ecs\"},\"secretOptions\":[]},\"memory\":4096,\"mountPoints\":[],\"name\":\"frontend-test\",\"portMappings\":[{\"containerPort\":8080,\"hostPort\":8080,\"protocol\":\"tcp\"},{\"containerPort\":8082,\"hostPort\":8082,\"protocol\":\"tcp\"},{\"containerPort\":80,\"hostPort\":80,\"protocol\":\"tcp\"}],\"ulimits\":[{\"hardLimit\":65535,\"name\":\"nofile\",\"softLimit\":65535}],\"volumesFrom\":[]}]",
            "cpu": "512",
            "ephemeral_storage": [],
            "execution_role_arn": "arn:aws-cn:iam::034861587527:role/nodeAdapterEcsTaskExecutionRole",
            "family": "gc-clc-nfc-frontend-test",
            "id": "gc-clc-nfc-frontend-test",
            "inference_accelerator": [],
            "ipc_mode": "",
            "memory": "4096",
            "network_mode": "awsvpc",
            "pid_mode": "",
            "placement_constraints": [],
            "proxy_configuration": [],
            "requires_compatibilities": [
              "FARGATE"
            ],
            "revision": 3,
            "runtime_platform": [],
            "skip_destroy": false,
            "tags": {},
            "tags_all": {
              "Application": "CLC-NFC",
              "ContactEmail": "111111@123.com",
              "Environment": "stg",
              "Project": "CLC-NFC",
              "Purpose": "stg",
              "nike-application": "clc-nfc",
              "nike-department": "MSCT",
              "nike-distributionlist": "Lst-gcscops@123.com",
              "nike-domain": "MSCT",
              "nike-environment": "stg",
              "nike-owner": "111111@123.com"
            },
            "task_role_arn": "arn:aws-cn:iam::034861587527:role/nodeAdapterEcsTaskExecutionRole",
            "volume": []
          },
          "sensitive_attributes": [],
          "private": "eyJzY2hlbWFfdmVyc2lvbiI6IjEifQ=="
        },
        {
          "index_key": "service-test",
          "schema_version": 1,
          "attributes": {
            "arn": "arn:aws-cn:ecs:cn-northwest-1:034861587527:task-definition/gc-clc-nfc-service-test:3",
            "arn_without_revision": "arn:aws-cn:ecs:cn-northwest-1:034861587527:task-definition/gc-clc-nfc-service-test",
            "container_definitions": "[{\"cpu\":512,\"environment\":[{\"name\":\"APP\",\"value\":\"service-test\"},{\"name\":\"APP_GROUP\",\"value\":\"goal-gc\"},{\"name\":\"AWS_ACCOUNT_ID\",\"value\":\"034861587527\"},{\"name\":\"RUN_ENV\",\"value\":\"test\"},{\"name\":\"SERVER_GROUP\",\"value\":\"service-test\"},{\"name\":\"SERVER_REGION\",\"value\":\"cn-northwest-1\"}],\"essential\":true,\"image\":\"034861587527.dkr.ecr.cn-northwest-1.amazonaws.com.cn/gc-clc-nfc-service-test:latest\",\"logConfiguration\":{\"logDriver\":\"awslogs\",\"options\":{\"awslogs-create-group\":\"true\",\"awslogs-group\":\"/ecs/\",\"awslogs-region\":\"cn-northwest-1\",\"awslogs-stream-prefix\":\"ecs\"},\"secretOptions\":[]},\"memory\":4096,\"mountPoints\":[],\"name\":\"service-test\",\"portMappings\":[{\"containerPort\":8080,\"hostPort\":8080,\"protocol\":\"tcp\"},{\"containerPort\":8082,\"hostPort\":8082,\"protocol\":\"tcp\"},{\"containerPort\":80,\"hostPort\":80,\"protocol\":\"tcp\"}],\"ulimits\":[{\"hardLimit\":65535,\"name\":\"nofile\",\"softLimit\":65535}],\"volumesFrom\":[]}]",
            "cpu": "512",
            "ephemeral_storage": [],
            "execution_role_arn": "arn:aws-cn:iam::034861587527:role/nodeAdapterEcsTaskExecutionRole",
            "family": "gc-clc-nfc-service-test",
            "id": "gc-clc-nfc-service-test",
            "inference_accelerator": [],
            "ipc_mode": "",
            "memory": "4096",
            "network_mode": "awsvpc",
            "pid_mode": "",
            "placement_constraints": [],
            "proxy_configuration": [],
            "requires_compatibilities": [
              "FARGATE"
            ],
            "revision": 3,
            "runtime_platform": [],
            "skip_destroy": false,
            "tags": {},
            "tags_all": {
              "Application": "CLC-NFC",
              "ContactEmail": "111111@123.com",
              "Environment": "stg",
              "Project": "CLC-NFC",
              "Purpose": "stg",
              "nike-application": "clc-nfc",
              "nike-department": "MSCT",
              "nike-distributionlist": "Lst-gcscops@123.com",
              "nike-domain": "MSCT",
              "nike-environment": "stg",
              "nike-owner": "111111@123.com"
            },
            "task_role_arn": "arn:aws-cn:iam::034861587527:role/nodeAdapterEcsTaskExecutionRole",
            "volume": []
          },
          "sensitive_attributes": [],
          "private": "eyJzY2hlbWFfdmVyc2lvbiI6IjEifQ=="
        }
      ]
    },
    {
      "module": "module.iam_role",
      "mode": "managed",
      "type": "aws_iam_role",
      "name": "test_role",
      "provider": "provider[\"registry.terraform.io/hashicorp/aws\"]",
      "instances": [
        {
          "schema_version": 0,
          "attributes": {
            "arn": "arn:aws-cn:iam::034861587527:role/CLCNFCEcsTaskExecutionRole",
            "assume_role_policy": "{\"Statement\":[{\"Action\":\"sts:AssumeRole\",\"Effect\":\"Allow\",\"Principal\":{\"Service\":\"ecs-tasks.amazonaws.com\"},\"Sid\":\"\"}],\"Version\":\"2012-10-17\"}",
            "create_date": "2024-01-27T07:22:15Z",
            "description": "",
            "force_detach_policies": false,
            "id": "CLCNFCEcsTaskExecutionRole",
            "inline_policy": [],
            "managed_policy_arns": [],
            "max_session_duration": 3600,
            "name": "CLCNFCEcsTaskExecutionRole",
            "name_prefix": "",
            "path": "/",
            "permissions_boundary": "",
            "tags": {
              "tag-key": "tag-value"
            },
            "tags_all": {
              "Application": "CLC-NFC",
              "ContactEmail": "Lst-gcscops@123.com",
              "Environment": "stg",
              "Project": "CLC-NFC",
              "Purpose": "stg",
              "nike-application": "clc-nfc",
              "nike-department": "MSCT",
              "nike-distributionlist": " GOaL Tech",
              "nike-domain": "MSCT",
              "nike-environment": "stg",
              "nike-owner": "111111@123.com",
              "tag-key": "tag-value"
            },
            "unique_id": "AROAQQHPJTRDUSSA2EU6Y"
          },
          "sensitive_attributes": [],
          "private": "bnVsbA=="
        }
      ]
    },
    {
      "module": "module.iam_role",
      "mode": "managed",
      "type": "aws_iam_role_policy",
      "name": "ecs_policy",
      "provider": "provider[\"registry.terraform.io/hashicorp/aws\"]",
      "instances": [
        {
          "schema_version": 0,
          "attributes": {
            "id": "CLCNFCEcsTaskExecutionRole:ecsExecutionpolicy",
            "name": "ecsExecutionpolicy",
            "name_prefix": "",
            "policy": "{\"Version\":\"2012-10-17\",\"Statement\":[{\"Action\":[\"ec2:*\",\"s3:*\",\"s3-object-lambda:*\",\"sqs:*\",\"ecs:*\",\"elasticache:*\",\"ecr:*\"],\"Effect\":\"Allow\",\"Resource\":\"*\"}]}",
            "role": "CLCNFCEcsTaskExecutionRole"
          },
          "sensitive_attributes": [],
          "private": "bnVsbA==",
          "dependencies": [
            "module.iam_role.aws_iam_role.test_role"
          ]
        }
      ]
    },
    {
      "module": "module.redis",
      "mode": "managed",
      "type": "aws_elasticache_cluster",
      "name": "reds_nfc",
      "provider": "provider[\"registry.terraform.io/hashicorp/aws\"]",
      "instances": [
        {
          "schema_version": 0,
          "attributes": {
            "apply_immediately": null,
            "arn": "arn:aws-cn:elasticache:cn-northwest-1:034861587527:cluster:gc-clc-nfc-redis-test",
            "auto_minor_version_upgrade": "true",
            "availability_zone": "cn-northwest-1b",
            "az_mode": "single-az",
            "cache_nodes": [
              {
                "address": "gc-clc-nfc-redis-test.5onqbv.0001.cnw1.cache.amazonaws.com.cn",
                "availability_zone": "cn-northwest-1b",
                "id": "0001",
                "outpost_arn": "",
                "port": 6379
              }
            ],
            "cluster_address": null,
            "cluster_id": "gc-clc-nfc-redis-test",
            "configuration_endpoint": null,
            "engine": "redis",
            "engine_version": "6.2",
            "engine_version_actual": "6.2.6",
            "final_snapshot_identifier": null,
            "id": "gc-clc-nfc-redis-test",
            "ip_discovery": "ipv4",
            "log_delivery_configuration": [],
            "maintenance_window": "wed:01:30-wed:02:30",
            "network_type": "ipv4",
            "node_type": "cache.m4.xlarge",
            "notification_topic_arn": null,
            "num_cache_nodes": 1,
            "outpost_mode": null,
            "parameter_group_name": "default.redis6.x",
            "port": 6379,
            "preferred_availability_zones": null,
            "preferred_outpost_arn": "",
            "replication_group_id": "",
            "security_group_ids": [
              "sg-02efb52558990bb0e"
            ],
            "snapshot_arns": null,
            "snapshot_name": null,
            "snapshot_retention_limit": 0,
            "snapshot_window": "02:30-03:30",
            "subnet_group_name": "elasticache-subnet-group-nfc",
            "tags": null,
            "tags_all": {
              "Application": "CLC-NFC",
              "ContactEmail": "Lst-gcscops@123.com",
              "Environment": "stg",
              "Project": "CLC-NFC",
              "Purpose": "stg",
              "nike-application": "clc-nfc",
              "nike-department": "MSCT",
              "nike-distributionlist": " GOaL Tech",
              "nike-domain": "MSCT",
              "nike-environment": "stg",
              "nike-owner": "111111@123.com"
            },
            "transit_encryption_enabled": false
          },
          "sensitive_attributes": [],
          "private": "bnVsbA==",
          "dependencies": [
            "module.security-group.module.security_group_6379_nfc.aws_security_group.this",
            "module.security-group.module.security_group_6379_nfc.aws_security_group.this_name_prefix",
            "module.security-group.module.security_group_6379_nfc.aws_security_group_rule.computed_egress_rules",
            "module.security-group.module.security_group_6379_nfc.aws_security_group_rule.computed_egress_with_cidr_blocks",
            "module.security-group.module.security_group_6379_nfc.aws_security_group_rule.computed_egress_with_ipv6_cidr_blocks",
            "module.security-group.module.security_group_6379_nfc.aws_security_group_rule.computed_egress_with_prefix_list_ids",
            "module.security-group.module.security_group_6379_nfc.aws_security_group_rule.computed_egress_with_self",
            "module.security-group.module.security_group_6379_nfc.aws_security_group_rule.computed_egress_with_source_security_group_id",
            "module.security-group.module.security_group_6379_nfc.aws_security_group_rule.computed_ingress_rules",
            "module.security-group.module.security_group_6379_nfc.aws_security_group_rule.computed_ingress_with_cidr_blocks",
            "module.security-group.module.security_group_6379_nfc.aws_security_group_rule.computed_ingress_with_ipv6_cidr_blocks",
            "module.security-group.module.security_group_6379_nfc.aws_security_group_rule.computed_ingress_with_prefix_list_ids",
            "module.security-group.module.security_group_6379_nfc.aws_security_group_rule.computed_ingress_with_self",
            "module.security-group.module.security_group_6379_nfc.aws_security_group_rule.computed_ingress_with_source_security_group_id",
            "module.security-group.module.security_group_6379_nfc.aws_security_group_rule.egress_rules",
            "module.security-group.module.security_group_6379_nfc.aws_security_group_rule.egress_with_cidr_blocks",
            "module.security-group.module.security_group_6379_nfc.aws_security_group_rule.egress_with_ipv6_cidr_blocks",
            "module.security-group.module.security_group_6379_nfc.aws_security_group_rule.egress_with_prefix_list_ids",
            "module.security-group.module.security_group_6379_nfc.aws_security_group_rule.egress_with_self",
            "module.security-group.module.security_group_6379_nfc.aws_security_group_rule.egress_with_source_security_group_id",
            "module.security-group.module.security_group_6379_nfc.aws_security_group_rule.ingress_rules",
            "module.security-group.module.security_group_6379_nfc.aws_security_group_rule.ingress_with_cidr_blocks",
            "module.security-group.module.security_group_6379_nfc.aws_security_group_rule.ingress_with_ipv6_cidr_blocks",
            "module.security-group.module.security_group_6379_nfc.aws_security_group_rule.ingress_with_prefix_list_ids",
            "module.security-group.module.security_group_6379_nfc.aws_security_group_rule.ingress_with_self",
            "module.security-group.module.security_group_6379_nfc.aws_security_group_rule.ingress_with_source_security_group_id",
            "module.vpc.aws_elasticache_subnet_group.subnet_redis_nfc",
            "module.vpc.data.aws_vpc.vpc_nfc"
          ]
        }
      ]
    },
    {
      "module": "module.s3",
      "mode": "managed",
      "type": "aws_s3_bucket",
      "name": "s3_bucket",
      "provider": "provider[\"registry.terraform.io/hashicorp/aws\"]",
      "instances": [
        {
          "schema_version": 0,
          "attributes": {
            "acceleration_status": "",
            "acl": null,
            "arn": "arn:aws-cn:s3:::clc-nfc-test",
            "bucket": "clc-nfc-test",
            "bucket_domain_name": "clc-nfc-test.s3.amazonaws.com.cn",
            "bucket_prefix": "",
            "bucket_regional_domain_name": "clc-nfc-test.s3.cn-northwest-1.amazonaws.com.cn",
            "cors_rule": [],
            "force_destroy": false,
            "grant": [
              {
                "id": "0d467ab8d377dd410beb91b30004db73910e77099878c2f9bff679507b200b20",
                "permissions": [
                  "FULL_CONTROL"
                ],
                "type": "CanonicalUser",
                "uri": ""
              }
            ],
            "hosted_zone_id": "Z282HJ1KT0DH03",
            "id": "clc-nfc-test",
            "lifecycle_rule": [],
            "logging": [],
            "object_lock_configuration": [],
            "object_lock_enabled": false,
            "policy": "",
            "region": "cn-northwest-1",
            "replication_configuration": [],
            "request_payer": "BucketOwner",
            "server_side_encryption_configuration": [
              {
                "rule": [
                  {
                    "apply_server_side_encryption_by_default": [
                      {
                        "kms_master_key_id": "",
                        "sse_algorithm": "AES256"
                      }
                    ],
                    "bucket_key_enabled": false
                  }
                ]
              }
            ],
            "tags": null,
            "tags_all": {
              "Application": "CLC-NFC",
              "ContactEmail": "Lst-gcscops@123.com",
              "Environment": "stg",
              "Project": "CLC-NFC",
              "Purpose": "stg",
              "nike-application": "clc-nfc",
              "nike-department": "MSCT",
              "nike-distributionlist": " GOaL Tech",
              "nike-domain": "MSCT",
              "nike-environment": "stg",
              "nike-owner": "111111@123.com"
            },
            "timeouts": null,
            "versioning": [
              {
                "enabled": false,
                "mfa_delete": false
              }
            ],
            "website": [],
            "website_domain": null,
            "website_endpoint": null
          },
          "sensitive_attributes": [],
          "private": "eyJlMmJmYjczMC1lY2FhLTExZTYtOGY4OC0zNDM2M2JjN2M0YzAiOnsiY3JlYXRlIjoxMjAwMDAwMDAwMDAwLCJkZWxldGUiOjM2MDAwMDAwMDAwMDAsInJlYWQiOjEyMDAwMDAwMDAwMDAsInVwZGF0ZSI6MTIwMDAwMDAwMDAwMH19"
        }
      ]
    },
    {
      "module": "module.s3",
      "mode": "managed",
      "type": "aws_s3_bucket_acl",
      "name": "s3_acl",
      "provider": "provider[\"registry.terraform.io/hashicorp/aws\"]",
      "instances": [
        {
          "schema_version": 0,
          "attributes": {
            "access_control_policy": [
              {
                "grant": [
                  {
                    "grantee": [
                      {
                        "display_name": "msct-gc-clc-nfc-test",
                        "email_address": "",
                        "id": "0d467ab8d377dd410beb91b30004db73910e77099878c2f9bff679507b200b20",
                        "type": "CanonicalUser",
                        "uri": ""
                      }
                    ],
                    "permission": "FULL_CONTROL"
                  }
                ],
                "owner": [
                  {
                    "display_name": "msct-gc-clc-nfc-test",
                    "id": "0d467ab8d377dd410beb91b30004db73910e77099878c2f9bff679507b200b20"
                  }
                ]
              }
            ],
            "acl": "private",
            "bucket": "clc-nfc-test",
            "expected_bucket_owner": "",
            "id": "clc-nfc-test,private"
          },
          "sensitive_attributes": [],
          "private": "bnVsbA==",
          "dependencies": [
            "module.s3.aws_s3_bucket.s3_bucket",
            "module.s3.aws_s3_bucket_ownership_controls.s3_owner_control"
          ]
        }
      ]
    },
    {
      "module": "module.s3",
      "mode": "managed",
      "type": "aws_s3_bucket_ownership_controls",
      "name": "s3_owner_control",
      "provider": "provider[\"registry.terraform.io/hashicorp/aws\"]",
      "instances": [
        {
          "schema_version": 0,
          "attributes": {
            "bucket": "clc-nfc-test",
            "id": "clc-nfc-test",
            "rule": [
              {
                "object_ownership": "BucketOwnerPreferred"
              }
            ]
          },
          "sensitive_attributes": [],
          "private": "bnVsbA==",
          "dependencies": [
            "module.s3.aws_s3_bucket.s3_bucket"
          ]
        }
      ]
    },
    {
      "module": "module.s3",
      "mode": "managed",
      "type": "aws_s3_bucket_public_access_block",
      "name": "example",
      "provider": "provider[\"registry.terraform.io/hashicorp/aws\"]",
      "instances": [
        {
          "schema_version": 0,
          "attributes": {
            "block_public_acls": true,
            "block_public_policy": true,
            "bucket": "clc-nfc-test",
            "id": "clc-nfc-test",
            "ignore_public_acls": true,
            "restrict_public_buckets": true
          },
          "sensitive_attributes": [],
          "private": "bnVsbA==",
          "dependencies": [
            "module.s3.aws_s3_bucket.s3_bucket"
          ]
        }
      ]
    },
    {
      "module": "module.s3.module.s3_bucket",
      "mode": "data",
      "type": "aws_caller_identity",
      "name": "current",
      "provider": "provider[\"registry.terraform.io/hashicorp/aws\"]",
      "instances": [
        {
          "schema_version": 0,
          "attributes": {
            "account_id": "034861587527",
            "arn": "arn:aws-cn:iam::034861587527:user/Terraform-user",
            "id": "034861587527",
            "user_id": "AIDAQQHPJTRDSGJLJOYRM"
          },
          "sensitive_attributes": []
        }
      ]
    },
    {
      "module": "module.s3.module.s3_bucket",
      "mode": "data",
      "type": "aws_canonical_user_id",
      "name": "this",
      "provider": "provider[\"registry.terraform.io/hashicorp/aws\"]",
      "instances": [
        {
          "index_key": 0,
          "schema_version": 0,
          "attributes": {
            "display_name": "msct-gc-clc-nfc-test",
            "id": "0d467ab8d377dd410beb91b30004db73910e77099878c2f9bff679507b200b20"
          },
          "sensitive_attributes": []
        }
      ]
    },
    {
      "module": "module.s3.module.s3_bucket",
      "mode": "data",
      "type": "aws_partition",
      "name": "current",
      "provider": "provider[\"registry.terraform.io/hashicorp/aws\"]",
      "instances": [
        {
          "schema_version": 0,
          "attributes": {
            "dns_suffix": "amazonaws.com.cn",
            "id": "aws-cn",
            "partition": "aws-cn",
            "reverse_dns_prefix": "cn.com.amazonaws"
          },
          "sensitive_attributes": []
        }
      ]
    },
    {
      "module": "module.s3.module.s3_bucket",
      "mode": "data",
      "type": "aws_region",
      "name": "current",
      "provider": "provider[\"registry.terraform.io/hashicorp/aws\"]",
      "instances": [
        {
          "schema_version": 0,
          "attributes": {
            "description": "China (Ningxia)",
            "endpoint": "ec2.cn-northwest-1.amazonaws.com.cn",
            "id": "cn-northwest-1",
            "name": "cn-northwest-1"
          },
          "sensitive_attributes": []
        }
      ]
    },
    {
      "module": "module.security-group.module.security_group_22_nfc",
      "mode": "managed",
      "type": "aws_security_group",
      "name": "this_name_prefix",
      "provider": "provider[\"registry.terraform.io/hashicorp/aws\"]",
      "instances": [
        {
          "index_key": 0,
          "schema_version": 1,
          "attributes": {
            "arn": "arn:aws-cn:ec2:cn-northwest-1:034861587527:security-group/sg-001ac2f3b823a4506",
            "description": "Security group for ssh visit",
            "egress": [],
            "id": "sg-001ac2f3b823a4506",
            "ingress": [],
            "name": "https-22-tcp_nfc-20240130091838997300000001",
            "name_prefix": "https-22-tcp_nfc-",
            "owner_id": "034861587527",
            "revoke_rules_on_delete": false,
            "tags": {
              "Name": "https-22-tcp_nfc"
            },
            "tags_all": {
              "Application": "CLC-NFC",
              "ContactEmail": "Lst-gcscops@123.com",
              "Environment": "stg",
              "Name": "https-22-tcp_nfc",
              "Project": "CLC-NFC",
              "Purpose": "stg",
              "nike-application": "clc-nfc",
              "nike-department": "MSCT",
              "nike-distributionlist": " GOaL Tech",
              "nike-domain": "MSCT",
              "nike-environment": "stg",
              "nike-owner": "111111@123.com"
            },
            "timeouts": {
              "create": "10m",
              "delete": "15m"
            },
            "vpc_id": "vpc-02ef9167c8369aa50"
          },
          "sensitive_attributes": [],
          "private": "eyJlMmJmYjczMC1lY2FhLTExZTYtOGY4OC0zNDM2M2JjN2M0YzAiOnsiY3JlYXRlIjo2MDAwMDAwMDAwMDAsImRlbGV0ZSI6OTAwMDAwMDAwMDAwfSwic2NoZW1hX3ZlcnNpb24iOiIxIn0=",
          "dependencies": [
            "module.vpc.data.aws_vpc.vpc_nfc"
          ],
          "create_before_destroy": true
        }
      ]
    },
    {
      "module": "module.security-group.module.security_group_22_nfc",
      "mode": "managed",
      "type": "aws_security_group_rule",
      "name": "egress_rules",
      "provider": "provider[\"registry.terraform.io/hashicorp/aws\"]",
      "instances": [
        {
          "index_key": 0,
          "schema_version": 2,
          "attributes": {
            "cidr_blocks": [
              "0.0.0.0/0"
            ],
            "description": "All protocols",
            "from_port": -1,
            "id": "sgrule-1423007203",
            "ipv6_cidr_blocks": [
              "::/0"
            ],
            "prefix_list_ids": [],
            "protocol": "-1",
            "security_group_id": "sg-001ac2f3b823a4506",
            "security_group_rule_id": "",
            "self": false,
            "source_security_group_id": null,
            "timeouts": null,
            "to_port": -1,
            "type": "egress"
          },
          "sensitive_attributes": [],
          "private": "eyJlMmJmYjczMC1lY2FhLTExZTYtOGY4OC0zNDM2M2JjN2M0YzAiOnsiY3JlYXRlIjozMDAwMDAwMDAwMDB9LCJzY2hlbWFfdmVyc2lvbiI6IjIifQ==",
          "dependencies": [
            "module.security-group.module.security_group_22_nfc.aws_security_group.this",
            "module.security-group.module.security_group_22_nfc.aws_security_group.this_name_prefix",
            "module.vpc.data.aws_vpc.vpc_nfc"
          ]
        }
      ]
    },
    {
      "module": "module.security-group.module.security_group_22_nfc",
      "mode": "managed",
      "type": "aws_security_group_rule",
      "name": "ingress_rules",
      "provider": "provider[\"registry.terraform.io/hashicorp/aws\"]",
      "instances": [
        {
          "index_key": 0,
          "schema_version": 2,
          "attributes": {
            "cidr_blocks": [
              "10.0.0.0/8"
            ],
            "description": "SSH",
            "from_port": 22,
            "id": "sgrule-2836934924",
            "ipv6_cidr_blocks": [],
            "prefix_list_ids": [],
            "protocol": "tcp",
            "security_group_id": "sg-001ac2f3b823a4506",
            "security_group_rule_id": "sgr-04e8bd38506131473",
            "self": false,
            "source_security_group_id": null,
            "timeouts": null,
            "to_port": 22,
            "type": "ingress"
          },
          "sensitive_attributes": [],
          "private": "eyJlMmJmYjczMC1lY2FhLTExZTYtOGY4OC0zNDM2M2JjN2M0YzAiOnsiY3JlYXRlIjozMDAwMDAwMDAwMDB9LCJzY2hlbWFfdmVyc2lvbiI6IjIifQ==",
          "dependencies": [
            "module.security-group.module.security_group_22_nfc.aws_security_group.this",
            "module.security-group.module.security_group_22_nfc.aws_security_group.this_name_prefix",
            "module.vpc.data.aws_vpc.vpc_nfc"
          ]
        }
      ]
    },
    {
      "module": "module.security-group.module.security_group_3306_nfc",
      "mode": "managed",
      "type": "aws_security_group",
      "name": "this_name_prefix",
      "provider": "provider[\"registry.terraform.io/hashicorp/aws\"]",
      "instances": [
        {
          "index_key": 0,
          "schema_version": 1,
          "attributes": {
            "arn": "arn:aws-cn:ec2:cn-northwest-1:034861587527:security-group/sg-0390fff3c85925c2b",
            "description": "Security group for rds visit",
            "egress": [],
            "id": "sg-0390fff3c85925c2b",
            "ingress": [],
            "name": "https-3306-tcp_nfc-20240130091838997300000006",
            "name_prefix": "https-3306-tcp_nfc-",
            "owner_id": "034861587527",
            "revoke_rules_on_delete": false,
            "tags": {
              "Name": "https-3306-tcp_nfc"
            },
            "tags_all": {
              "Application": "CLC-NFC",
              "ContactEmail": "Lst-gcscops@123.com",
              "Environment": "stg",
              "Name": "https-3306-tcp_nfc",
              "Project": "CLC-NFC",
              "Purpose": "stg",
              "nike-application": "clc-nfc",
              "nike-department": "MSCT",
              "nike-distributionlist": " GOaL Tech",
              "nike-domain": "MSCT",
              "nike-environment": "stg",
              "nike-owner": "111111@123.com"
            },
            "timeouts": {
              "create": "10m",
              "delete": "15m"
            },
            "vpc_id": "vpc-02ef9167c8369aa50"
          },
          "sensitive_attributes": [],
          "private": "eyJlMmJmYjczMC1lY2FhLTExZTYtOGY4OC0zNDM2M2JjN2M0YzAiOnsiY3JlYXRlIjo2MDAwMDAwMDAwMDAsImRlbGV0ZSI6OTAwMDAwMDAwMDAwfSwic2NoZW1hX3ZlcnNpb24iOiIxIn0=",
          "dependencies": [
            "module.vpc.data.aws_vpc.vpc_nfc"
          ],
          "create_before_destroy": true
        }
      ]
    },
    {
      "module": "module.security-group.module.security_group_3306_nfc",
      "mode": "managed",
      "type": "aws_security_group_rule",
      "name": "egress_rules",
      "provider": "provider[\"registry.terraform.io/hashicorp/aws\"]",
      "instances": [
        {
          "index_key": 0,
          "schema_version": 2,
          "attributes": {
            "cidr_blocks": [
              "0.0.0.0/0"
            ],
            "description": "All protocols",
            "from_port": -1,
            "id": "sgrule-546337743",
            "ipv6_cidr_blocks": [
              "::/0"
            ],
            "prefix_list_ids": [],
            "protocol": "-1",
            "security_group_id": "sg-0390fff3c85925c2b",
            "security_group_rule_id": "",
            "self": false,
            "source_security_group_id": null,
            "timeouts": null,
            "to_port": -1,
            "type": "egress"
          },
          "sensitive_attributes": [],
          "private": "eyJlMmJmYjczMC1lY2FhLTExZTYtOGY4OC0zNDM2M2JjN2M0YzAiOnsiY3JlYXRlIjozMDAwMDAwMDAwMDB9LCJzY2hlbWFfdmVyc2lvbiI6IjIifQ==",
          "dependencies": [
            "module.security-group.module.security_group_3306_nfc.aws_security_group.this",
            "module.security-group.module.security_group_3306_nfc.aws_security_group.this_name_prefix",
            "module.vpc.data.aws_vpc.vpc_nfc"
          ]
        }
      ]
    },
    {
      "module": "module.security-group.module.security_group_3306_nfc",
      "mode": "managed",
      "type": "aws_security_group_rule",
      "name": "ingress_with_cidr_blocks",
      "provider": "provider[\"registry.terraform.io/hashicorp/aws\"]",
      "instances": [
        {
          "index_key": 0,
          "schema_version": 2,
          "attributes": {
            "cidr_blocks": [
              "0.0.0.0/0"
            ],
            "description": "Security group for rds visit",
            "from_port": 3306,
            "id": "sgrule-652125856",
            "ipv6_cidr_blocks": null,
            "prefix_list_ids": [],
            "protocol": "tcp",
            "security_group_id": "sg-0390fff3c85925c2b",
            "security_group_rule_id": "sgr-062b4c1e7cca8fb99",
            "self": false,
            "source_security_group_id": null,
            "timeouts": null,
            "to_port": 3306,
            "type": "ingress"
          },
          "sensitive_attributes": [],
          "private": "eyJlMmJmYjczMC1lY2FhLTExZTYtOGY4OC0zNDM2M2JjN2M0YzAiOnsiY3JlYXRlIjozMDAwMDAwMDAwMDB9LCJzY2hlbWFfdmVyc2lvbiI6IjIifQ==",
          "dependencies": [
            "module.security-group.module.security_group_3306_nfc.aws_security_group.this",
            "module.security-group.module.security_group_3306_nfc.aws_security_group.this_name_prefix",
            "module.vpc.data.aws_vpc.vpc_nfc"
          ]
        }
      ]
    },
    {
      "module": "module.security-group.module.security_group_443_80_nfc",
      "mode": "managed",
      "type": "aws_security_group",
      "name": "this_name_prefix",
      "provider": "provider[\"registry.terraform.io/hashicorp/aws\"]",
      "instances": [
        {
          "index_key": 0,
          "schema_version": 1,
          "attributes": {
            "arn": "arn:aws-cn:ec2:cn-northwest-1:034861587527:security-group/sg-0aae091c9abd41773",
            "description": "Security group for HTTP \u0026 HTTPS visit",
            "egress": [
              {
                "cidr_blocks": [
                  "0.0.0.0/0"
                ],
                "description": "All protocols",
                "from_port": 0,
                "ipv6_cidr_blocks": [
                  "::/0"
                ],
                "prefix_list_ids": [],
                "protocol": "-1",
                "security_groups": [],
                "self": false,
                "to_port": 0
              }
            ],
            "id": "sg-0aae091c9abd41773",
            "ingress": [
              {
                "cidr_blocks": [
                  "0.0.0.0/0"
                ],
                "description": "",
                "from_port": 443,
                "ipv6_cidr_blocks": [],
                "prefix_list_ids": [],
                "protocol": "tcp",
                "security_groups": [],
                "self": false,
                "to_port": 443
              },
              {
                "cidr_blocks": [
                  "10.0.0.0/8"
                ],
                "description": "HTTP",
                "from_port": 80,
                "ipv6_cidr_blocks": [],
                "prefix_list_ids": [],
                "protocol": "tcp",
                "security_groups": [],
                "self": false,
                "to_port": 80
              },
              {
                "cidr_blocks": [
                  "10.0.0.0/8"
                ],
                "description": "HTTPS",
                "from_port": 443,
                "ipv6_cidr_blocks": [],
                "prefix_list_ids": [],
                "protocol": "tcp",
                "security_groups": [],
                "self": false,
                "to_port": 443
              }
            ],
            "name": "https-443-80-tcp_nfc-20240130091838997300000005",
            "name_prefix": "https-443-80-tcp_nfc-",
            "owner_id": "034861587527",
            "revoke_rules_on_delete": false,
            "tags": {
              "Name": "https-443-80-tcp_nfc"
            },
            "tags_all": {
              "Application": "CLC-NFC",
              "ContactEmail": "111111@123.com",
              "Environment": "stg",
              "Name": "https-443-80-tcp_nfc",
              "Project": "CLC-NFC",
              "Purpose": "stg",
              "nike-application": "clc-nfc",
              "nike-department": "MSCT",
              "nike-distributionlist": "Lst-gcscops@123.com",
              "nike-domain": "MSCT",
              "nike-environment": "stg",
              "nike-owner": "111111@123.com"
            },
            "timeouts": {
              "create": "10m",
              "delete": "15m"
            },
            "vpc_id": "vpc-02ef9167c8369aa50"
          },
          "sensitive_attributes": [],
          "private": "eyJlMmJmYjczMC1lY2FhLTExZTYtOGY4OC0zNDM2M2JjN2M0YzAiOnsiY3JlYXRlIjo2MDAwMDAwMDAwMDAsImRlbGV0ZSI6OTAwMDAwMDAwMDAwfSwic2NoZW1hX3ZlcnNpb24iOiIxIn0=",
          "dependencies": [
            "module.vpc.data.aws_vpc.vpc_nfc"
          ],
          "create_before_destroy": true
        }
      ]
    },
    {
      "module": "module.security-group.module.security_group_443_80_nfc",
      "mode": "managed",
      "type": "aws_security_group_rule",
      "name": "egress_rules",
      "provider": "provider[\"registry.terraform.io/hashicorp/aws\"]",
      "instances": [
        {
          "index_key": 0,
          "schema_version": 2,
          "attributes": {
            "cidr_blocks": [
              "0.0.0.0/0"
            ],
            "description": "All protocols",
            "from_port": 0,
            "id": "sgrule-494260354",
            "ipv6_cidr_blocks": [
              "::/0"
            ],
            "prefix_list_ids": [],
            "protocol": "-1",
            "security_group_id": "sg-0aae091c9abd41773",
            "security_group_rule_id": "",
            "self": false,
            "source_security_group_id": null,
            "timeouts": null,
            "to_port": 0,
            "type": "egress"
          },
          "sensitive_attributes": [],
          "private": "eyJlMmJmYjczMC1lY2FhLTExZTYtOGY4OC0zNDM2M2JjN2M0YzAiOnsiY3JlYXRlIjozMDAwMDAwMDAwMDB9LCJzY2hlbWFfdmVyc2lvbiI6IjIifQ==",
          "dependencies": [
            "module.security-group.module.security_group_443_80_nfc.aws_security_group.this",
            "module.security-group.module.security_group_443_80_nfc.aws_security_group.this_name_prefix",
            "module.vpc.data.aws_vpc.vpc_nfc"
          ]
        }
      ]
    },
    {
      "module": "module.security-group.module.security_group_443_80_nfc",
      "mode": "managed",
      "type": "aws_security_group_rule",
      "name": "ingress_rules",
      "provider": "provider[\"registry.terraform.io/hashicorp/aws\"]",
      "instances": [
        {
          "index_key": 0,
          "schema_version": 2,
          "attributes": {
            "cidr_blocks": [
              "10.0.0.0/8"
            ],
            "description": "HTTPS",
            "from_port": 443,
            "id": "sgrule-4246786355",
            "ipv6_cidr_blocks": [],
            "prefix_list_ids": [],
            "protocol": "tcp",
            "security_group_id": "sg-0aae091c9abd41773",
            "security_group_rule_id": "sgr-0a703f708672060b7",
            "self": false,
            "source_security_group_id": null,
            "timeouts": null,
            "to_port": 443,
            "type": "ingress"
          },
          "sensitive_attributes": [],
          "private": "eyJlMmJmYjczMC1lY2FhLTExZTYtOGY4OC0zNDM2M2JjN2M0YzAiOnsiY3JlYXRlIjozMDAwMDAwMDAwMDB9LCJzY2hlbWFfdmVyc2lvbiI6IjIifQ==",
          "dependencies": [
            "module.security-group.module.security_group_443_80_nfc.aws_security_group.this",
            "module.security-group.module.security_group_443_80_nfc.aws_security_group.this_name_prefix",
            "module.vpc.data.aws_vpc.vpc_nfc"
          ]
        },
        {
          "index_key": 1,
          "schema_version": 2,
          "attributes": {
            "cidr_blocks": [
              "10.0.0.0/8"
            ],
            "description": "HTTP",
            "from_port": 80,
            "id": "sgrule-3183043646",
            "ipv6_cidr_blocks": [],
            "prefix_list_ids": [],
            "protocol": "tcp",
            "security_group_id": "sg-0aae091c9abd41773",
            "security_group_rule_id": "sgr-00763082c7eeee6d2",
            "self": false,
            "source_security_group_id": null,
            "timeouts": null,
            "to_port": 80,
            "type": "ingress"
          },
          "sensitive_attributes": [],
          "private": "eyJlMmJmYjczMC1lY2FhLTExZTYtOGY4OC0zNDM2M2JjN2M0YzAiOnsiY3JlYXRlIjozMDAwMDAwMDAwMDB9LCJzY2hlbWFfdmVyc2lvbiI6IjIifQ==",
          "dependencies": [
            "module.security-group.module.security_group_443_80_nfc.aws_security_group.this",
            "module.security-group.module.security_group_443_80_nfc.aws_security_group.this_name_prefix",
            "module.vpc.data.aws_vpc.vpc_nfc"
          ]
        }
      ]
    },
    {
      "module": "module.security-group.module.security_group_6379_nfc",
      "mode": "managed",
      "type": "aws_security_group",
      "name": "this_name_prefix",
      "provider": "provider[\"registry.terraform.io/hashicorp/aws\"]",
      "instances": [
        {
          "index_key": 0,
          "schema_version": 1,
          "attributes": {
            "arn": "arn:aws-cn:ec2:cn-northwest-1:034861587527:security-group/sg-02efb52558990bb0e",
            "description": "Security group for redis visit",
            "egress": [
              {
                "cidr_blocks": [
                  "0.0.0.0/0"
                ],
                "description": "All protocols",
                "from_port": 0,
                "ipv6_cidr_blocks": [
                  "::/0"
                ],
                "prefix_list_ids": [],
                "protocol": "-1",
                "security_groups": [],
                "self": false,
                "to_port": 0
              }
            ],
            "id": "sg-02efb52558990bb0e",
            "ingress": [
              {
                "cidr_blocks": [
                  "10.0.0.0/8"
                ],
                "description": "Redis",
                "from_port": 6379,
                "ipv6_cidr_blocks": [],
                "prefix_list_ids": [],
                "protocol": "tcp",
                "security_groups": [],
                "self": false,
                "to_port": 6379
              }
            ],
            "name": "https-6379-tcp_nfc-20240130091838997300000002",
            "name_prefix": "https-6379-tcp_nfc-",
            "owner_id": "034861587527",
            "revoke_rules_on_delete": false,
            "tags": {
              "Name": "https-6379-tcp_nfc"
            },
            "tags_all": {
              "Application": "CLC-NFC",
              "ContactEmail": "Lst-gcscops@123.com",
              "Environment": "stg",
              "Name": "https-6379-tcp_nfc",
              "Project": "CLC-NFC",
              "Purpose": "stg",
              "nike-application": "clc-nfc",
              "nike-department": "MSCT",
              "nike-distributionlist": " GOaL Tech",
              "nike-domain": "MSCT",
              "nike-environment": "stg",
              "nike-owner": "111111@123.com"
            },
            "timeouts": {
              "create": "10m",
              "delete": "15m"
            },
            "vpc_id": "vpc-02ef9167c8369aa50"
          },
          "sensitive_attributes": [],
          "private": "eyJlMmJmYjczMC1lY2FhLTExZTYtOGY4OC0zNDM2M2JjN2M0YzAiOnsiY3JlYXRlIjo2MDAwMDAwMDAwMDAsImRlbGV0ZSI6OTAwMDAwMDAwMDAwfSwic2NoZW1hX3ZlcnNpb24iOiIxIn0=",
          "dependencies": [
            "module.vpc.data.aws_vpc.vpc_nfc"
          ],
          "create_before_destroy": true
        }
      ]
    },
    {
      "module": "module.security-group.module.security_group_6379_nfc",
      "mode": "managed",
      "type": "aws_security_group_rule",
      "name": "egress_rules",
      "provider": "provider[\"registry.terraform.io/hashicorp/aws\"]",
      "instances": [
        {
          "index_key": 0,
          "schema_version": 2,
          "attributes": {
            "cidr_blocks": [
              "0.0.0.0/0"
            ],
            "description": "All protocols",
            "from_port": 0,
            "id": "sgrule-38941532",
            "ipv6_cidr_blocks": [
              "::/0"
            ],
            "prefix_list_ids": [],
            "protocol": "-1",
            "security_group_id": "sg-02efb52558990bb0e",
            "security_group_rule_id": "",
            "self": false,
            "source_security_group_id": null,
            "timeouts": null,
            "to_port": 0,
            "type": "egress"
          },
          "sensitive_attributes": [],
          "private": "eyJlMmJmYjczMC1lY2FhLTExZTYtOGY4OC0zNDM2M2JjN2M0YzAiOnsiY3JlYXRlIjozMDAwMDAwMDAwMDB9LCJzY2hlbWFfdmVyc2lvbiI6IjIifQ==",
          "dependencies": [
            "module.security-group.module.security_group_6379_nfc.aws_security_group.this",
            "module.security-group.module.security_group_6379_nfc.aws_security_group.this_name_prefix",
            "module.vpc.data.aws_vpc.vpc_nfc"
          ]
        }
      ]
    },
    {
      "module": "module.security-group.module.security_group_6379_nfc",
      "mode": "managed",
      "type": "aws_security_group_rule",
      "name": "ingress_rules",
      "provider": "provider[\"registry.terraform.io/hashicorp/aws\"]",
      "instances": [
        {
          "index_key": 0,
          "schema_version": 2,
          "attributes": {
            "cidr_blocks": [
              "10.0.0.0/8"
            ],
            "description": "Redis",
            "from_port": 6379,
            "id": "sgrule-984290317",
            "ipv6_cidr_blocks": [],
            "prefix_list_ids": [],
            "protocol": "tcp",
            "security_group_id": "sg-02efb52558990bb0e",
            "security_group_rule_id": "sgr-0a8762e11b51e30db",
            "self": false,
            "source_security_group_id": null,
            "timeouts": null,
            "to_port": 6379,
            "type": "ingress"
          },
          "sensitive_attributes": [],
          "private": "eyJlMmJmYjczMC1lY2FhLTExZTYtOGY4OC0zNDM2M2JjN2M0YzAiOnsiY3JlYXRlIjozMDAwMDAwMDAwMDB9LCJzY2hlbWFfdmVyc2lvbiI6IjIifQ==",
          "dependencies": [
            "module.security-group.module.security_group_6379_nfc.aws_security_group.this",
            "module.security-group.module.security_group_6379_nfc.aws_security_group.this_name_prefix",
            "module.vpc.data.aws_vpc.vpc_nfc"
          ]
        }
      ]
    },
    {
      "module": "module.security-group.module.security_group_8080_nfc",
      "mode": "managed",
      "type": "aws_security_group",
      "name": "this_name_prefix",
      "provider": "provider[\"registry.terraform.io/hashicorp/aws\"]",
      "instances": [
        {
          "index_key": 0,
          "schema_version": 1,
          "attributes": {
            "arn": "arn:aws-cn:ec2:cn-northwest-1:034861587527:security-group/sg-08bbedd2dfe381c99",
            "description": "Security group for application visit",
            "egress": [
              {
                "cidr_blocks": [
                  "0.0.0.0/0"
                ],
                "description": "All protocols",
                "from_port": 0,
                "ipv6_cidr_blocks": [
                  "::/0"
                ],
                "prefix_list_ids": [],
                "protocol": "-1",
                "security_groups": [],
                "self": false,
                "to_port": 0
              }
            ],
            "id": "sg-08bbedd2dfe381c99",
            "ingress": [
              {
                "cidr_blocks": [
                  "0.0.0.0/0"
                ],
                "description": "clc-nfc",
                "from_port": 8080,
                "ipv6_cidr_blocks": [],
                "prefix_list_ids": [],
                "protocol": "tcp",
                "security_groups": [],
                "self": false,
                "to_port": 8080
              },
              {
                "cidr_blocks": [
                  "10.0.0.0/8"
                ],
                "description": "clc-nfc",
                "from_port": 8080,
                "ipv6_cidr_blocks": [],
                "prefix_list_ids": [],
                "protocol": "tcp",
                "security_groups": [],
                "self": false,
                "to_port": 8080
              },
              {
                "cidr_blocks": [
                  "180.169.162.141/32"
                ],
                "description": "MS",
                "from_port": 8080,
                "ipv6_cidr_blocks": [],
                "prefix_list_ids": [],
                "protocol": "tcp",
                "security_groups": [],
                "self": false,
                "to_port": 8080
              }
            ],
            "name": "http-8080-tcp_nfc-20240130091838997300000004",
            "name_prefix": "http-8080-tcp_nfc-",
            "owner_id": "034861587527",
            "revoke_rules_on_delete": false,
            "tags": {
              "Name": "http-8080-tcp_nfc"
            },
            "tags_all": {
              "Application": "CLC-NFC",
              "ContactEmail": "111111@123.com",
              "Environment": "stg",
              "Name": "http-8080-tcp_nfc",
              "Project": "CLC-NFC",
              "Purpose": "stg",
              "nike-application": "clc-nfc",
              "nike-department": "MSCT",
              "nike-distributionlist": "Lst-gcscops@123.com",
              "nike-domain": "MSCT",
              "nike-environment": "stg",
              "nike-owner": "111111@123.com"
            },
            "timeouts": {
              "create": "10m",
              "delete": "15m"
            },
            "vpc_id": "vpc-02ef9167c8369aa50"
          },
          "sensitive_attributes": [],
          "private": "eyJlMmJmYjczMC1lY2FhLTExZTYtOGY4OC0zNDM2M2JjN2M0YzAiOnsiY3JlYXRlIjo2MDAwMDAwMDAwMDAsImRlbGV0ZSI6OTAwMDAwMDAwMDAwfSwic2NoZW1hX3ZlcnNpb24iOiIxIn0=",
          "dependencies": [
            "module.vpc.data.aws_vpc.vpc_nfc"
          ],
          "create_before_destroy": true
        }
      ]
    },
    {
      "module": "module.security-group.module.security_group_8080_nfc",
      "mode": "managed",
      "type": "aws_security_group_rule",
      "name": "egress_rules",
      "provider": "provider[\"registry.terraform.io/hashicorp/aws\"]",
      "instances": [
        {
          "index_key": 0,
          "schema_version": 2,
          "attributes": {
            "cidr_blocks": [
              "0.0.0.0/0"
            ],
            "description": "All protocols",
            "from_port": 0,
            "id": "sgrule-593513191",
            "ipv6_cidr_blocks": [
              "::/0"
            ],
            "prefix_list_ids": [],
            "protocol": "-1",
            "security_group_id": "sg-08bbedd2dfe381c99",
            "security_group_rule_id": "",
            "self": false,
            "source_security_group_id": null,
            "timeouts": null,
            "to_port": 0,
            "type": "egress"
          },
          "sensitive_attributes": [],
          "private": "eyJlMmJmYjczMC1lY2FhLTExZTYtOGY4OC0zNDM2M2JjN2M0YzAiOnsiY3JlYXRlIjozMDAwMDAwMDAwMDB9LCJzY2hlbWFfdmVyc2lvbiI6IjIifQ==",
          "dependencies": [
            "module.security-group.module.security_group_8080_nfc.aws_security_group.this",
            "module.security-group.module.security_group_8080_nfc.aws_security_group.this_name_prefix",
            "module.vpc.data.aws_vpc.vpc_nfc"
          ]
        }
      ]
    },
    {
      "module": "module.security-group.module.security_group_8080_nfc",
      "mode": "managed",
      "type": "aws_security_group_rule",
      "name": "ingress_with_cidr_blocks",
      "provider": "provider[\"registry.terraform.io/hashicorp/aws\"]",
      "instances": [
        {
          "index_key": 0,
          "schema_version": 2,
          "attributes": {
            "cidr_blocks": [
              "0.0.0.0/0"
            ],
            "description": "clc-nfc",
            "from_port": 8080,
            "id": "sgrule-742089947",
            "ipv6_cidr_blocks": null,
            "prefix_list_ids": [],
            "protocol": "tcp",
            "security_group_id": "sg-08bbedd2dfe381c99",
            "security_group_rule_id": "sgr-07bc050c2817ba8f5",
            "self": false,
            "source_security_group_id": null,
            "timeouts": null,
            "to_port": 8080,
            "type": "ingress"
          },
          "sensitive_attributes": [],
          "private": "eyJlMmJmYjczMC1lY2FhLTExZTYtOGY4OC0zNDM2M2JjN2M0YzAiOnsiY3JlYXRlIjozMDAwMDAwMDAwMDB9LCJzY2hlbWFfdmVyc2lvbiI6IjIifQ==",
          "dependencies": [
            "module.security-group.module.security_group_8080_nfc.aws_security_group.this",
            "module.security-group.module.security_group_8080_nfc.aws_security_group.this_name_prefix",
            "module.vpc.data.aws_vpc.vpc_nfc"
          ]
        }
      ]
    },
    {
      "module": "module.security-group.module.security_group_8082_nfc",
      "mode": "managed",
      "type": "aws_security_group",
      "name": "this_name_prefix",
      "provider": "provider[\"registry.terraform.io/hashicorp/aws\"]",
      "instances": [
        {
          "index_key": 0,
          "schema_version": 1,
          "attributes": {
            "arn": "arn:aws-cn:ec2:cn-northwest-1:034861587527:security-group/sg-02600ac65305ef7d3",
            "description": "Security group for application visit",
            "egress": [
              {
                "cidr_blocks": [
                  "0.0.0.0/0"
                ],
                "description": "All protocols",
                "from_port": 0,
                "ipv6_cidr_blocks": [
                  "::/0"
                ],
                "prefix_list_ids": [],
                "protocol": "-1",
                "security_groups": [],
                "self": false,
                "to_port": 0
              }
            ],
            "id": "sg-02600ac65305ef7d3",
            "ingress": [
              {
                "cidr_blocks": [
                  "0.0.0.0/0"
                ],
                "description": "clc-nfc",
                "from_port": 8082,
                "ipv6_cidr_blocks": [],
                "prefix_list_ids": [],
                "protocol": "tcp",
                "security_groups": [],
                "self": false,
                "to_port": 8082
              }
            ],
            "name": "http-8082-tcp_nfc-20240130091838997300000003",
            "name_prefix": "http-8082-tcp_nfc-",
            "owner_id": "034861587527",
            "revoke_rules_on_delete": false,
            "tags": {
              "Name": "http-8082-tcp_nfc"
            },
            "tags_all": {
              "Application": "CLC-NFC",
              "ContactEmail": "111111@123.com",
              "Environment": "stg",
              "Name": "http-8082-tcp_nfc",
              "Project": "CLC-NFC",
              "Purpose": "stg",
              "nike-application": "clc-nfc",
              "nike-department": "MSCT",
              "nike-distributionlist": "Lst-gcscops@123.com",
              "nike-domain": "MSCT",
              "nike-environment": "stg",
              "nike-owner": "111111@123.com"
            },
            "timeouts": {
              "create": "10m",
              "delete": "15m"
            },
            "vpc_id": "vpc-02ef9167c8369aa50"
          },
          "sensitive_attributes": [],
          "private": "eyJlMmJmYjczMC1lY2FhLTExZTYtOGY4OC0zNDM2M2JjN2M0YzAiOnsiY3JlYXRlIjo2MDAwMDAwMDAwMDAsImRlbGV0ZSI6OTAwMDAwMDAwMDAwfSwic2NoZW1hX3ZlcnNpb24iOiIxIn0=",
          "dependencies": [
            "module.vpc.data.aws_vpc.vpc_nfc"
          ],
          "create_before_destroy": true
        }
      ]
    },
    {
      "module": "module.security-group.module.security_group_8082_nfc",
      "mode": "managed",
      "type": "aws_security_group_rule",
      "name": "egress_rules",
      "provider": "provider[\"registry.terraform.io/hashicorp/aws\"]",
      "instances": [
        {
          "index_key": 0,
          "schema_version": 2,
          "attributes": {
            "cidr_blocks": [
              "0.0.0.0/0"
            ],
            "description": "All protocols",
            "from_port": 0,
            "id": "sgrule-2762978347",
            "ipv6_cidr_blocks": [
              "::/0"
            ],
            "prefix_list_ids": [],
            "protocol": "-1",
            "security_group_id": "sg-02600ac65305ef7d3",
            "security_group_rule_id": "",
            "self": false,
            "source_security_group_id": null,
            "timeouts": null,
            "to_port": 0,
            "type": "egress"
          },
          "sensitive_attributes": [],
          "private": "eyJlMmJmYjczMC1lY2FhLTExZTYtOGY4OC0zNDM2M2JjN2M0YzAiOnsiY3JlYXRlIjozMDAwMDAwMDAwMDB9LCJzY2hlbWFfdmVyc2lvbiI6IjIifQ==",
          "dependencies": [
            "module.security-group.module.security_group_8082_nfc.aws_security_group.this",
            "module.security-group.module.security_group_8082_nfc.aws_security_group.this_name_prefix",
            "module.vpc.data.aws_vpc.vpc_nfc"
          ]
        }
      ]
    },
    {
      "module": "module.security-group.module.security_group_8082_nfc",
      "mode": "managed",
      "type": "aws_security_group_rule",
      "name": "ingress_with_cidr_blocks",
      "provider": "provider[\"registry.terraform.io/hashicorp/aws\"]",
      "instances": [
        {
          "index_key": 0,
          "schema_version": 2,
          "attributes": {
            "cidr_blocks": [
              "0.0.0.0/0"
            ],
            "description": "clc-nfc",
            "from_port": 8082,
            "id": "sgrule-216098434",
            "ipv6_cidr_blocks": null,
            "prefix_list_ids": [],
            "protocol": "tcp",
            "security_group_id": "sg-02600ac65305ef7d3",
            "security_group_rule_id": "sgr-0ca3a52e3f87f643b",
            "self": false,
            "source_security_group_id": null,
            "timeouts": null,
            "to_port": 8082,
            "type": "ingress"
          },
          "sensitive_attributes": [],
          "private": "eyJlMmJmYjczMC1lY2FhLTExZTYtOGY4OC0zNDM2M2JjN2M0YzAiOnsiY3JlYXRlIjozMDAwMDAwMDAwMDB9LCJzY2hlbWFfdmVyc2lvbiI6IjIifQ==",
          "dependencies": [
            "module.security-group.module.security_group_8082_nfc.aws_security_group.this",
            "module.security-group.module.security_group_8082_nfc.aws_security_group.this_name_prefix",
            "module.vpc.data.aws_vpc.vpc_nfc"
          ]
        }
      ]
    },
    {
      "module": "module.vpc",
      "mode": "data",
      "type": "aws_vpc",
      "name": "vpc_nfc",
      "provider": "provider[\"registry.terraform.io/hashicorp/aws\"]",
      "instances": [
        {
          "schema_version": 0,
          "attributes": {
            "arn": "arn:aws-cn:ec2:cn-northwest-1:034861587527:vpc/vpc-02ef9167c8369aa50",
            "cidr_block": "10.65.118.0/23",
            "cidr_block_associations": [
              {
                "association_id": "vpc-cidr-assoc-0e7ca255cb743ee2c",
                "cidr_block": "10.65.118.0/23",
                "state": "associated"
              },
              {
                "association_id": "vpc-cidr-assoc-0ebaba46870c012f0",
                "cidr_block": "100.127.0.0/25",
                "state": "associated"
              }
            ],
            "default": false,
            "dhcp_options_id": "dopt-005525ddfa61ff82d",
            "enable_dns_hostnames": true,
            "enable_dns_support": true,
            "enable_network_address_usage_metrics": false,
            "filter": null,
            "id": "vpc-02ef9167c8369aa50",
            "instance_tenancy": "default",
            "ipv6_association_id": "",
            "ipv6_cidr_block": "",
            "main_route_table_id": "rtb-0f607e3850046a58c",
            "owner_id": "034861587527",
            "state": null,
            "tags": {
              "Name": "msct-gc-clc-nfc-test",
              "nike-application": "VPC",
              "nike-department": "Technology Operations",
              "nike-distributionlist": "Lst-gcscops@123.com",
              "nike-domain": "Infrastructure",
              "nike-environment": "Production",
              "nike-owner": "111111@123.com"
            },
            "timeouts": null
          },
          "sensitive_attributes": []
        }
      ]
    },
    {
      "module": "module.vpc",
      "mode": "managed",
      "type": "aws_db_subnet_group",
      "name": "subnet_rds_nfc",
      "provider": "provider[\"registry.terraform.io/hashicorp/aws\"]",
      "instances": [
        {
          "schema_version": 0,
          "attributes": {
            "arn": "arn:aws-cn:rds:cn-northwest-1:034861587527:subgrp:rds-subnet-group-nfc",
            "description": "RDS subnet group nfc",
            "id": "rds-subnet-group-nfc",
            "name": "rds-subnet-group-nfc",
            "name_prefix": "",
            "subnet_ids": [
              "subnet-0758819fbf08d4a90",
              "subnet-0a07021591da94479"
            ],
            "supported_network_types": [
              "IPV4"
            ],
            "tags": {},
            "tags_all": {
              "Application": "CLC-NFC",
              "ContactEmail": "Lst-gcscops@123.com",
              "Environment": "stg",
              "Project": "CLC-NFC",
              "Purpose": "stg",
              "nike-application": "clc-nfc",
              "nike-department": "MSCT",
              "nike-distributionlist": " GOaL Tech",
              "nike-domain": "MSCT",
              "nike-environment": "stg",
              "nike-owner": "111111@123.com"
            },
            "vpc_id": "vpc-02ef9167c8369aa50"
          },
          "sensitive_attributes": [],
          "private": "bnVsbA==",
          "dependencies": [
            "module.vpc.aws_subnet.privite_subnet_nfc_a",
            "module.vpc.aws_subnet.privite_subnet_nfc_b",
            "module.vpc.data.aws_vpc.vpc_nfc"
          ]
        }
      ]
    },
    {
      "module": "module.vpc",
      "mode": "managed",
      "type": "aws_eip",
      "name": "nat_gateway_ip_nfc",
      "provider": "provider[\"registry.terraform.io/hashicorp/aws\"]",
      "instances": [
        {
          "schema_version": 0,
          "attributes": {
            "address": null,
            "allocation_id": "eipalloc-04f3b9494ab2ff790",
            "associate_with_private_ip": null,
            "association_id": "eipassoc-0d332d5366f517f64",
            "carrier_ip": "",
            "customer_owned_ip": "",
            "customer_owned_ipv4_pool": "",
            "domain": "vpc",
            "id": "eipalloc-04f3b9494ab2ff790",
            "instance": "",
            "network_border_group": "cn-northwest-1",
            "network_interface": "eni-07c1f8b50c4f10382",
            "private_dns": "ip-10-65-119-75.cn-northwest-1.compute.internal",
            "private_ip": "10.65.119.75",
            "public_dns": "ec2-52-83-142-21.cn-northwest-1.compute.amazonaws.com.cn",
            "public_ip": "52.83.142.21",
            "public_ipv4_pool": "amazon",
            "tags": {},
            "tags_all": {
              "Application": "CLC-NFC",
              "ContactEmail": "111111@123.com",
              "Environment": "stg",
              "Project": "CLC-NFC",
              "Purpose": "stg",
              "nike-application": "clc-nfc",
              "nike-department": "MSCT",
              "nike-distributionlist": "Lst-gcscops@123.com",
              "nike-domain": "MSCT",
              "nike-environment": "stg",
              "nike-owner": "111111@123.com"
            },
            "timeouts": null,
            "vpc": true
          },
          "sensitive_attributes": [],
          "private": "eyJlMmJmYjczMC1lY2FhLTExZTYtOGY4OC0zNDM2M2JjN2M0YzAiOnsiZGVsZXRlIjoxODAwMDAwMDAwMDAsInJlYWQiOjkwMDAwMDAwMDAwMCwidXBkYXRlIjozMDAwMDAwMDAwMDB9fQ=="
        }
      ]
    },
    {
      "module": "module.vpc",
      "mode": "managed",
      "type": "aws_elasticache_subnet_group",
      "name": "subnet_redis_nfc",
      "provider": "provider[\"registry.terraform.io/hashicorp/aws\"]",
      "instances": [
        {
          "schema_version": 0,
          "attributes": {
            "arn": "arn:aws-cn:elasticache:cn-northwest-1:034861587527:subnetgroup:elasticache-subnet-group-nfc",
            "description": "Elasticache Redis subnet group nfc",
            "id": "elasticache-subnet-group-nfc",
            "name": "elasticache-subnet-group-nfc",
            "subnet_ids": [
              "subnet-0758819fbf08d4a90",
              "subnet-0a07021591da94479"
            ],
            "tags": {},
            "tags_all": {
              "Application": "CLC-NFC",
              "ContactEmail": "Lst-gcscops@123.com",
              "Environment": "stg",
              "Project": "CLC-NFC",
              "Purpose": "stg",
              "nike-application": "clc-nfc",
              "nike-department": "MSCT",
              "nike-distributionlist": " GOaL Tech",
              "nike-domain": "MSCT",
              "nike-environment": "stg",
              "nike-owner": "111111@123.com"
            }
          },
          "sensitive_attributes": [],
          "private": "bnVsbA==",
          "dependencies": [
            "module.vpc.aws_subnet.privite_subnet_nfc_a",
            "module.vpc.aws_subnet.privite_subnet_nfc_b",
            "module.vpc.data.aws_vpc.vpc_nfc"
          ]
        }
      ]
    },
    {
      "module": "module.vpc",
      "mode": "managed",
      "type": "aws_internet_gateway",
      "name": "internet_gateway_nfc",
      "provider": "provider[\"registry.terraform.io/hashicorp/aws\"]",
      "instances": [
        {
          "schema_version": 0,
          "attributes": {
            "arn": "arn:aws-cn:ec2:cn-northwest-1:034861587527:internet-gateway/igw-0e00642eea29320be",
            "id": "igw-0e00642eea29320be",
            "owner_id": "034861587527",
            "tags": {
              "Name": "internetg_gateway_nfc"
            },
            "tags_all": {
              "Application": "CLC-NFC",
              "ContactEmail": "111111@123.com",
              "Environment": "stg",
              "Name": "internetg_gateway_nfc",
              "Project": "CLC-NFC",
              "Purpose": "stg",
              "nike-application": "clc-nfc",
              "nike-department": "MSCT",
              "nike-distributionlist": "Lst-gcscops@123.com",
              "nike-domain": "MSCT",
              "nike-environment": "stg",
              "nike-owner": "111111@123.com"
            },
            "timeouts": null,
            "vpc_id": "vpc-02ef9167c8369aa50"
          },
          "sensitive_attributes": [],
          "private": "eyJlMmJmYjczMC1lY2FhLTExZTYtOGY4OC0zNDM2M2JjN2M0YzAiOnsiY3JlYXRlIjoxMjAwMDAwMDAwMDAwLCJkZWxldGUiOjEyMDAwMDAwMDAwMDAsInVwZGF0ZSI6MTIwMDAwMDAwMDAwMH19",
          "dependencies": [
            "module.vpc.data.aws_vpc.vpc_nfc"
          ]
        }
      ]
    },
    {
      "module": "module.vpc",
      "mode": "managed",
      "type": "aws_nat_gateway",
      "name": "nat_gateway_nfc",
      "provider": "provider[\"registry.terraform.io/hashicorp/aws\"]",
      "instances": [
        {
          "schema_version": 0,
          "attributes": {
            "allocation_id": "eipalloc-04f3b9494ab2ff790",
            "association_id": "eipassoc-0d332d5366f517f64",
            "connectivity_type": "public",
            "id": "nat-081d7efb4bafba93a",
            "network_interface_id": "eni-07c1f8b50c4f10382",
            "private_ip": "10.65.119.75",
            "public_ip": "52.83.142.21",
            "secondary_allocation_ids": [],
            "secondary_private_ip_address_count": 0,
            "secondary_private_ip_addresses": [],
            "subnet_id": "subnet-04294c16f4627eb98",
            "tags": {
              "Name": "GW NAT NFC",
              "nike-domain": "MSCT"
            },
            "tags_all": {
              "Application": "CLC-NFC",
              "ContactEmail": "111111@123.com",
              "Environment": "stg",
              "Name": "GW NAT NFC",
              "Project": "CLC-NFC",
              "Purpose": "stg",
              "nike-application": "clc-nfc",
              "nike-department": "MSCT",
              "nike-distributionlist": "Lst-gcscops@123.com",
              "nike-domain": "MSCT",
              "nike-environment": "stg",
              "nike-owner": "111111@123.com"
            },
            "timeouts": null
          },
          "sensitive_attributes": [],
          "private": "eyJlMmJmYjczMC1lY2FhLTExZTYtOGY4OC0zNDM2M2JjN2M0YzAiOnsiY3JlYXRlIjo2MDAwMDAwMDAwMDAsImRlbGV0ZSI6MTgwMDAwMDAwMDAwMCwidXBkYXRlIjo2MDAwMDAwMDAwMDB9fQ==",
          "dependencies": [
            "module.vpc.aws_eip.nat_gateway_ip_nfc",
            "module.vpc.aws_subnet.public_subnet_nfc_a",
            "module.vpc.data.aws_vpc.vpc_nfc"
          ]
        }
      ]
    },
    {
      "module": "module.vpc",
      "mode": "managed",
      "type": "aws_route_table",
      "name": "privite_nfc",
      "provider": "provider[\"registry.terraform.io/hashicorp/aws\"]",
      "instances": [
        {
          "schema_version": 0,
          "attributes": {
            "arn": "arn:aws-cn:ec2:cn-northwest-1:034861587527:route-table/rtb-02459ad6f0e2ce1c7",
            "id": "rtb-02459ad6f0e2ce1c7",
            "owner_id": "034861587527",
            "propagating_vgws": [],
            "route": [
              {
                "carrier_gateway_id": "",
                "cidr_block": "0.0.0.0/0",
                "core_network_arn": "",
                "destination_prefix_list_id": "",
                "egress_only_gateway_id": "",
                "gateway_id": "",
                "ipv6_cidr_block": "",
                "local_gateway_id": "",
                "nat_gateway_id": "nat-081d7efb4bafba93a",
                "network_interface_id": "",
                "transit_gateway_id": "",
                "vpc_endpoint_id": "",
                "vpc_peering_connection_id": ""
              },
              {
                "carrier_gateway_id": "",
                "cidr_block": "10.0.0.0/8",
                "core_network_arn": "",
                "destination_prefix_list_id": "",
                "egress_only_gateway_id": "",
                "gateway_id": "",
                "ipv6_cidr_block": "",
                "local_gateway_id": "",
                "nat_gateway_id": "",
                "network_interface_id": "",
                "transit_gateway_id": "tgw-07928b3534a4283c3",
                "vpc_endpoint_id": "",
                "vpc_peering_connection_id": ""
              },
              {
                "carrier_gateway_id": "",
                "cidr_block": "146.197.0.0/21",
                "core_network_arn": "",
                "destination_prefix_list_id": "",
                "egress_only_gateway_id": "",
                "gateway_id": "",
                "ipv6_cidr_block": "",
                "local_gateway_id": "",
                "nat_gateway_id": "",
                "network_interface_id": "",
                "transit_gateway_id": "tgw-07928b3534a4283c3",
                "vpc_endpoint_id": "",
                "vpc_peering_connection_id": ""
              },
              {
                "carrier_gateway_id": "",
                "cidr_block": "146.197.118.0/24",
                "core_network_arn": "",
                "destination_prefix_list_id": "",
                "egress_only_gateway_id": "",
                "gateway_id": "",
                "ipv6_cidr_block": "",
                "local_gateway_id": "",
                "nat_gateway_id": "",
                "network_interface_id": "",
                "transit_gateway_id": "tgw-07928b3534a4283c3",
                "vpc_endpoint_id": "",
                "vpc_peering_connection_id": ""
              },
              {
                "carrier_gateway_id": "",
                "cidr_block": "146.197.132.0/23",
                "core_network_arn": "",
                "destination_prefix_list_id": "",
                "egress_only_gateway_id": "",
                "gateway_id": "",
                "ipv6_cidr_block": "",
                "local_gateway_id": "",
                "nat_gateway_id": "",
                "network_interface_id": "",
                "transit_gateway_id": "tgw-07928b3534a4283c3",
                "vpc_endpoint_id": "",
                "vpc_peering_connection_id": ""
              },
              {
                "carrier_gateway_id": "",
                "cidr_block": "146.197.20.0/22",
                "core_network_arn": "",
                "destination_prefix_list_id": "",
                "egress_only_gateway_id": "",
                "gateway_id": "",
                "ipv6_cidr_block": "",
                "local_gateway_id": "",
                "nat_gateway_id": "",
                "network_interface_id": "",
                "transit_gateway_id": "tgw-07928b3534a4283c3",
                "vpc_endpoint_id": "",
                "vpc_peering_connection_id": ""
              },
              {
                "carrier_gateway_id": "",
                "cidr_block": "146.197.212.0/22",
                "core_network_arn": "",
                "destination_prefix_list_id": "",
                "egress_only_gateway_id": "",
                "gateway_id": "",
                "ipv6_cidr_block": "",
                "local_gateway_id": "",
                "nat_gateway_id": "",
                "network_interface_id": "",
                "transit_gateway_id": "tgw-07928b3534a4283c3",
                "vpc_endpoint_id": "",
                "vpc_peering_connection_id": ""
              },
              {
                "carrier_gateway_id": "",
                "cidr_block": "146.197.251.0/24",
                "core_network_arn": "",
                "destination_prefix_list_id": "",
                "egress_only_gateway_id": "",
                "gateway_id": "",
                "ipv6_cidr_block": "",
                "local_gateway_id": "",
                "nat_gateway_id": "",
                "network_interface_id": "",
                "transit_gateway_id": "tgw-07928b3534a4283c3",
                "vpc_endpoint_id": "",
                "vpc_peering_connection_id": ""
              },
              {
                "carrier_gateway_id": "",
                "cidr_block": "146.197.48.0/24",
                "core_network_arn": "",
                "destination_prefix_list_id": "",
                "egress_only_gateway_id": "",
                "gateway_id": "",
                "ipv6_cidr_block": "",
                "local_gateway_id": "",
                "nat_gateway_id": "",
                "network_interface_id": "",
                "transit_gateway_id": "tgw-07928b3534a4283c3",
                "vpc_endpoint_id": "",
                "vpc_peering_connection_id": ""
              },
              {
                "carrier_gateway_id": "",
                "cidr_block": "146.197.54.0/24",
                "core_network_arn": "",
                "destination_prefix_list_id": "",
                "egress_only_gateway_id": "",
                "gateway_id": "",
                "ipv6_cidr_block": "",
                "local_gateway_id": "",
                "nat_gateway_id": "",
                "network_interface_id": "",
                "transit_gateway_id": "tgw-07928b3534a4283c3",
                "vpc_endpoint_id": "",
                "vpc_peering_connection_id": ""
              },
              {
                "carrier_gateway_id": "",
                "cidr_block": "146.197.64.0/23",
                "core_network_arn": "",
                "destination_prefix_list_id": "",
                "egress_only_gateway_id": "",
                "gateway_id": "",
                "ipv6_cidr_block": "",
                "local_gateway_id": "",
                "nat_gateway_id": "",
                "network_interface_id": "",
                "transit_gateway_id": "tgw-07928b3534a4283c3",
                "vpc_endpoint_id": "",
                "vpc_peering_connection_id": ""
              },
              {
                "carrier_gateway_id": "",
                "cidr_block": "146.197.8.0/23",
                "core_network_arn": "",
                "destination_prefix_list_id": "",
                "egress_only_gateway_id": "",
                "gateway_id": "",
                "ipv6_cidr_block": "",
                "local_gateway_id": "",
                "nat_gateway_id": "",
                "network_interface_id": "",
                "transit_gateway_id": "tgw-07928b3534a4283c3",
                "vpc_endpoint_id": "",
                "vpc_peering_connection_id": ""
              },
              {
                "carrier_gateway_id": "",
                "cidr_block": "146.197.88.0/22",
                "core_network_arn": "",
                "destination_prefix_list_id": "",
                "egress_only_gateway_id": "",
                "gateway_id": "",
                "ipv6_cidr_block": "",
                "local_gateway_id": "",
                "nat_gateway_id": "",
                "network_interface_id": "",
                "transit_gateway_id": "tgw-07928b3534a4283c3",
                "vpc_endpoint_id": "",
                "vpc_peering_connection_id": ""
              },
              {
                "carrier_gateway_id": "",
                "cidr_block": "172.16.0.0/12",
                "core_network_arn": "",
                "destination_prefix_list_id": "",
                "egress_only_gateway_id": "",
                "gateway_id": "",
                "ipv6_cidr_block": "",
                "local_gateway_id": "",
                "nat_gateway_id": "",
                "network_interface_id": "",
                "transit_gateway_id": "tgw-07928b3534a4283c3",
                "vpc_endpoint_id": "",
                "vpc_peering_connection_id": ""
              },
              {
                "carrier_gateway_id": "",
                "cidr_block": "192.168.0.0/16",
                "core_network_arn": "",
                "destination_prefix_list_id": "",
                "egress_only_gateway_id": "",
                "gateway_id": "",
                "ipv6_cidr_block": "",
                "local_gateway_id": "",
                "nat_gateway_id": "",
                "network_interface_id": "",
                "transit_gateway_id": "tgw-07928b3534a4283c3",
                "vpc_endpoint_id": "",
                "vpc_peering_connection_id": ""
              }
            ],
            "tags": {
              "Name": "Privite-route-nfc"
            },
            "tags_all": {
              "Application": "CLC-NFC",
              "ContactEmail": "111111@123.com",
              "Environment": "stg",
              "Name": "Privite-route-nfc",
              "Project": "CLC-NFC",
              "Purpose": "stg",
              "nike-application": "clc-nfc",
              "nike-department": "MSCT",
              "nike-distributionlist": "Lst-gcscops@123.com",
              "nike-domain": "MSCT",
              "nike-environment": "stg",
              "nike-owner": "111111@123.com"
            },
            "timeouts": null,
            "vpc_id": "vpc-02ef9167c8369aa50"
          },
          "sensitive_attributes": [],
          "private": "eyJlMmJmYjczMC1lY2FhLTExZTYtOGY4OC0zNDM2M2JjN2M0YzAiOnsiY3JlYXRlIjozMDAwMDAwMDAwMDAsImRlbGV0ZSI6MzAwMDAwMDAwMDAwLCJ1cGRhdGUiOjEyMDAwMDAwMDAwMH19",
          "dependencies": [
            "module.vpc.aws_eip.nat_gateway_ip_nfc",
            "module.vpc.aws_nat_gateway.nat_gateway_nfc",
            "module.vpc.aws_subnet.public_subnet_nfc_a",
            "module.vpc.data.aws_vpc.vpc_nfc"
          ]
        }
      ]
    },
    {
      "module": "module.vpc",
      "mode": "managed",
      "type": "aws_route_table",
      "name": "public_nfc",
      "provider": "provider[\"registry.terraform.io/hashicorp/aws\"]",
      "instances": [
        {
          "schema_version": 0,
          "attributes": {
            "arn": "arn:aws-cn:ec2:cn-northwest-1:034861587527:route-table/rtb-0c9e88df9d7659bab",
            "id": "rtb-0c9e88df9d7659bab",
            "owner_id": "034861587527",
            "propagating_vgws": [],
            "route": [
              {
                "carrier_gateway_id": "",
                "cidr_block": "0.0.0.0/0",
                "core_network_arn": "",
                "destination_prefix_list_id": "",
                "egress_only_gateway_id": "",
                "gateway_id": "igw-0e00642eea29320be",
                "ipv6_cidr_block": "",
                "local_gateway_id": "",
                "nat_gateway_id": "",
                "network_interface_id": "",
                "transit_gateway_id": "",
                "vpc_endpoint_id": "",
                "vpc_peering_connection_id": ""
              },
              {
                "carrier_gateway_id": "",
                "cidr_block": "10.0.0.0/8",
                "core_network_arn": "",
                "destination_prefix_list_id": "",
                "egress_only_gateway_id": "",
                "gateway_id": "",
                "ipv6_cidr_block": "",
                "local_gateway_id": "",
                "nat_gateway_id": "",
                "network_interface_id": "",
                "transit_gateway_id": "tgw-07928b3534a4283c3",
                "vpc_endpoint_id": "",
                "vpc_peering_connection_id": ""
              },
              {
                "carrier_gateway_id": "",
                "cidr_block": "146.197.0.0/21",
                "core_network_arn": "",
                "destination_prefix_list_id": "",
                "egress_only_gateway_id": "",
                "gateway_id": "",
                "ipv6_cidr_block": "",
                "local_gateway_id": "",
                "nat_gateway_id": "",
                "network_interface_id": "",
                "transit_gateway_id": "tgw-07928b3534a4283c3",
                "vpc_endpoint_id": "",
                "vpc_peering_connection_id": ""
              },
              {
                "carrier_gateway_id": "",
                "cidr_block": "146.197.118.0/24",
                "core_network_arn": "",
                "destination_prefix_list_id": "",
                "egress_only_gateway_id": "",
                "gateway_id": "",
                "ipv6_cidr_block": "",
                "local_gateway_id": "",
                "nat_gateway_id": "",
                "network_interface_id": "",
                "transit_gateway_id": "tgw-07928b3534a4283c3",
                "vpc_endpoint_id": "",
                "vpc_peering_connection_id": ""
              },
              {
                "carrier_gateway_id": "",
                "cidr_block": "146.197.132.0/23",
                "core_network_arn": "",
                "destination_prefix_list_id": "",
                "egress_only_gateway_id": "",
                "gateway_id": "",
                "ipv6_cidr_block": "",
                "local_gateway_id": "",
                "nat_gateway_id": "",
                "network_interface_id": "",
                "transit_gateway_id": "tgw-07928b3534a4283c3",
                "vpc_endpoint_id": "",
                "vpc_peering_connection_id": ""
              },
              {
                "carrier_gateway_id": "",
                "cidr_block": "146.197.20.0/22",
                "core_network_arn": "",
                "destination_prefix_list_id": "",
                "egress_only_gateway_id": "",
                "gateway_id": "",
                "ipv6_cidr_block": "",
                "local_gateway_id": "",
                "nat_gateway_id": "",
                "network_interface_id": "",
                "transit_gateway_id": "tgw-07928b3534a4283c3",
                "vpc_endpoint_id": "",
                "vpc_peering_connection_id": ""
              },
              {
                "carrier_gateway_id": "",
                "cidr_block": "146.197.212.0/22",
                "core_network_arn": "",
                "destination_prefix_list_id": "",
                "egress_only_gateway_id": "",
                "gateway_id": "",
                "ipv6_cidr_block": "",
                "local_gateway_id": "",
                "nat_gateway_id": "",
                "network_interface_id": "",
                "transit_gateway_id": "tgw-07928b3534a4283c3",
                "vpc_endpoint_id": "",
                "vpc_peering_connection_id": ""
              },
              {
                "carrier_gateway_id": "",
                "cidr_block": "146.197.251.0/24",
                "core_network_arn": "",
                "destination_prefix_list_id": "",
                "egress_only_gateway_id": "",
                "gateway_id": "",
                "ipv6_cidr_block": "",
                "local_gateway_id": "",
                "nat_gateway_id": "",
                "network_interface_id": "",
                "transit_gateway_id": "tgw-07928b3534a4283c3",
                "vpc_endpoint_id": "",
                "vpc_peering_connection_id": ""
              },
              {
                "carrier_gateway_id": "",
                "cidr_block": "146.197.48.0/24",
                "core_network_arn": "",
                "destination_prefix_list_id": "",
                "egress_only_gateway_id": "",
                "gateway_id": "",
                "ipv6_cidr_block": "",
                "local_gateway_id": "",
                "nat_gateway_id": "",
                "network_interface_id": "",
                "transit_gateway_id": "tgw-07928b3534a4283c3",
                "vpc_endpoint_id": "",
                "vpc_peering_connection_id": ""
              },
              {
                "carrier_gateway_id": "",
                "cidr_block": "146.197.54.0/24",
                "core_network_arn": "",
                "destination_prefix_list_id": "",
                "egress_only_gateway_id": "",
                "gateway_id": "",
                "ipv6_cidr_block": "",
                "local_gateway_id": "",
                "nat_gateway_id": "",
                "network_interface_id": "",
                "transit_gateway_id": "tgw-07928b3534a4283c3",
                "vpc_endpoint_id": "",
                "vpc_peering_connection_id": ""
              },
              {
                "carrier_gateway_id": "",
                "cidr_block": "146.197.64.0/23",
                "core_network_arn": "",
                "destination_prefix_list_id": "",
                "egress_only_gateway_id": "",
                "gateway_id": "",
                "ipv6_cidr_block": "",
                "local_gateway_id": "",
                "nat_gateway_id": "",
                "network_interface_id": "",
                "transit_gateway_id": "tgw-07928b3534a4283c3",
                "vpc_endpoint_id": "",
                "vpc_peering_connection_id": ""
              },
              {
                "carrier_gateway_id": "",
                "cidr_block": "146.197.8.0/23",
                "core_network_arn": "",
                "destination_prefix_list_id": "",
                "egress_only_gateway_id": "",
                "gateway_id": "",
                "ipv6_cidr_block": "",
                "local_gateway_id": "",
                "nat_gateway_id": "",
                "network_interface_id": "",
                "transit_gateway_id": "tgw-07928b3534a4283c3",
                "vpc_endpoint_id": "",
                "vpc_peering_connection_id": ""
              },
              {
                "carrier_gateway_id": "",
                "cidr_block": "146.197.88.0/22",
                "core_network_arn": "",
                "destination_prefix_list_id": "",
                "egress_only_gateway_id": "",
                "gateway_id": "",
                "ipv6_cidr_block": "",
                "local_gateway_id": "",
                "nat_gateway_id": "",
                "network_interface_id": "",
                "transit_gateway_id": "tgw-07928b3534a4283c3",
                "vpc_endpoint_id": "",
                "vpc_peering_connection_id": ""
              },
              {
                "carrier_gateway_id": "",
                "cidr_block": "172.16.0.0/12",
                "core_network_arn": "",
                "destination_prefix_list_id": "",
                "egress_only_gateway_id": "",
                "gateway_id": "",
                "ipv6_cidr_block": "",
                "local_gateway_id": "",
                "nat_gateway_id": "",
                "network_interface_id": "",
                "transit_gateway_id": "tgw-07928b3534a4283c3",
                "vpc_endpoint_id": "",
                "vpc_peering_connection_id": ""
              },
              {
                "carrier_gateway_id": "",
                "cidr_block": "192.168.0.0/16",
                "core_network_arn": "",
                "destination_prefix_list_id": "",
                "egress_only_gateway_id": "",
                "gateway_id": "",
                "ipv6_cidr_block": "",
                "local_gateway_id": "",
                "nat_gateway_id": "",
                "network_interface_id": "",
                "transit_gateway_id": "tgw-07928b3534a4283c3",
                "vpc_endpoint_id": "",
                "vpc_peering_connection_id": ""
              }
            ],
            "tags": {
              "Name": "Intenet-route-nfc"
            },
            "tags_all": {
              "Application": "CLC-NFC",
              "ContactEmail": "111111@123.com",
              "Environment": "stg",
              "Name": "Intenet-route-nfc",
              "Project": "CLC-NFC",
              "Purpose": "stg",
              "nike-application": "clc-nfc",
              "nike-department": "MSCT",
              "nike-distributionlist": "Lst-gcscops@123.com",
              "nike-domain": "MSCT",
              "nike-environment": "stg",
              "nike-owner": "111111@123.com"
            },
            "timeouts": null,
            "vpc_id": "vpc-02ef9167c8369aa50"
          },
          "sensitive_attributes": [],
          "private": "eyJlMmJmYjczMC1lY2FhLTExZTYtOGY4OC0zNDM2M2JjN2M0YzAiOnsiY3JlYXRlIjozMDAwMDAwMDAwMDAsImRlbGV0ZSI6MzAwMDAwMDAwMDAwLCJ1cGRhdGUiOjEyMDAwMDAwMDAwMH19",
          "dependencies": [
            "module.vpc.aws_internet_gateway.internet_gateway_nfc",
            "module.vpc.data.aws_vpc.vpc_nfc"
          ]
        }
      ]
    },
    {
      "module": "module.vpc",
      "mode": "managed",
      "type": "aws_route_table_association",
      "name": "bound_privite_nfc",
      "provider": "provider[\"registry.terraform.io/hashicorp/aws\"]",
      "instances": [
        {
          "schema_version": 0,
          "attributes": {
            "gateway_id": "",
            "id": "rtbassoc-0ace17f348b414987",
            "route_table_id": "rtb-02459ad6f0e2ce1c7",
            "subnet_id": "subnet-0a07021591da94479",
            "timeouts": null
          },
          "sensitive_attributes": [],
          "private": "eyJlMmJmYjczMC1lY2FhLTExZTYtOGY4OC0zNDM2M2JjN2M0YzAiOnsiY3JlYXRlIjozMDAwMDAwMDAwMDAsImRlbGV0ZSI6MzAwMDAwMDAwMDAwLCJ1cGRhdGUiOjEyMDAwMDAwMDAwMH19",
          "dependencies": [
            "module.vpc.aws_eip.nat_gateway_ip_nfc",
            "module.vpc.aws_nat_gateway.nat_gateway_nfc",
            "module.vpc.aws_route_table.privite_nfc",
            "module.vpc.aws_subnet.privite_subnet_nfc_a",
            "module.vpc.aws_subnet.public_subnet_nfc_a",
            "module.vpc.data.aws_vpc.vpc_nfc"
          ]
        }
      ]
    },
    {
      "module": "module.vpc",
      "mode": "managed",
      "type": "aws_route_table_association",
      "name": "bound_privite_nfc_b",
      "provider": "provider[\"registry.terraform.io/hashicorp/aws\"]",
      "instances": [
        {
          "schema_version": 0,
          "attributes": {
            "gateway_id": "",
            "id": "rtbassoc-00b46d1e2e08c849d",
            "route_table_id": "rtb-02459ad6f0e2ce1c7",
            "subnet_id": "subnet-0758819fbf08d4a90",
            "timeouts": null
          },
          "sensitive_attributes": [],
          "private": "eyJlMmJmYjczMC1lY2FhLTExZTYtOGY4OC0zNDM2M2JjN2M0YzAiOnsiY3JlYXRlIjozMDAwMDAwMDAwMDAsImRlbGV0ZSI6MzAwMDAwMDAwMDAwLCJ1cGRhdGUiOjEyMDAwMDAwMDAwMH19",
          "dependencies": [
            "module.vpc.aws_route_table.privite_nfc",
            "module.vpc.aws_subnet.privite_subnet_nfc_b"
          ]
        }
      ]
    },
    {
      "module": "module.vpc",
      "mode": "managed",
      "type": "aws_route_table_association",
      "name": "bound_public_cnnw1az1_nfc",
      "provider": "provider[\"registry.terraform.io/hashicorp/aws\"]",
      "instances": [
        {
          "schema_version": 0,
          "attributes": {
            "gateway_id": "",
            "id": "rtbassoc-0398f29457c27e990",
            "route_table_id": "rtb-0c9e88df9d7659bab",
            "subnet_id": "subnet-036ea15f4bddeb98d",
            "timeouts": null
          },
          "sensitive_attributes": [],
          "private": "eyJlMmJmYjczMC1lY2FhLTExZTYtOGY4OC0zNDM2M2JjN2M0YzAiOnsiY3JlYXRlIjozMDAwMDAwMDAwMDAsImRlbGV0ZSI6MzAwMDAwMDAwMDAwLCJ1cGRhdGUiOjEyMDAwMDAwMDAwMH19",
          "dependencies": [
            "module.vpc.aws_internet_gateway.internet_gateway_nfc",
            "module.vpc.aws_route_table.public_nfc",
            "module.vpc.data.aws_vpc.vpc_nfc"
          ]
        }
      ]
    },
    {
      "module": "module.vpc",
      "mode": "managed",
      "type": "aws_route_table_association",
      "name": "bound_public_cnnw1az2_nfc",
      "provider": "provider[\"registry.terraform.io/hashicorp/aws\"]",
      "instances": [
        {
          "schema_version": 0,
          "attributes": {
            "gateway_id": "",
            "id": "rtbassoc-038d322657d65be1b",
            "route_table_id": "rtb-0c9e88df9d7659bab",
            "subnet_id": "subnet-014b9c755955dd3e7",
            "timeouts": null
          },
          "sensitive_attributes": [],
          "private": "eyJlMmJmYjczMC1lY2FhLTExZTYtOGY4OC0zNDM2M2JjN2M0YzAiOnsiY3JlYXRlIjozMDAwMDAwMDAwMDAsImRlbGV0ZSI6MzAwMDAwMDAwMDAwLCJ1cGRhdGUiOjEyMDAwMDAwMDAwMH19",
          "dependencies": [
            "module.vpc.aws_internet_gateway.internet_gateway_nfc",
            "module.vpc.aws_route_table.public_nfc",
            "module.vpc.data.aws_vpc.vpc_nfc"
          ]
        }
      ]
    },
    {
      "module": "module.vpc",
      "mode": "managed",
      "type": "aws_route_table_association",
      "name": "bound_public_cnnw1az3_nfc",
      "provider": "provider[\"registry.terraform.io/hashicorp/aws\"]",
      "instances": [
        {
          "schema_version": 0,
          "attributes": {
            "gateway_id": "",
            "id": "rtbassoc-0ce88074402047754",
            "route_table_id": "rtb-0c9e88df9d7659bab",
            "subnet_id": "subnet-07b39908cb697a002",
            "timeouts": null
          },
          "sensitive_attributes": [],
          "private": "eyJlMmJmYjczMC1lY2FhLTExZTYtOGY4OC0zNDM2M2JjN2M0YzAiOnsiY3JlYXRlIjozMDAwMDAwMDAwMDAsImRlbGV0ZSI6MzAwMDAwMDAwMDAwLCJ1cGRhdGUiOjEyMDAwMDAwMDAwMH19",
          "dependencies": [
            "module.vpc.aws_internet_gateway.internet_gateway_nfc",
            "module.vpc.aws_route_table.public_nfc",
            "module.vpc.data.aws_vpc.vpc_nfc"
          ]
        }
      ]
    },
    {
      "module": "module.vpc",
      "mode": "managed",
      "type": "aws_route_table_association",
      "name": "bound_public_nfc",
      "provider": "provider[\"registry.terraform.io/hashicorp/aws\"]",
      "instances": [
        {
          "schema_version": 0,
          "attributes": {
            "gateway_id": "",
            "id": "rtbassoc-0d3436f66b0aa85f8",
            "route_table_id": "rtb-0c9e88df9d7659bab",
            "subnet_id": "subnet-04294c16f4627eb98",
            "timeouts": null
          },
          "sensitive_attributes": [],
          "private": "eyJlMmJmYjczMC1lY2FhLTExZTYtOGY4OC0zNDM2M2JjN2M0YzAiOnsiY3JlYXRlIjozMDAwMDAwMDAwMDAsImRlbGV0ZSI6MzAwMDAwMDAwMDAwLCJ1cGRhdGUiOjEyMDAwMDAwMDAwMH19",
          "dependencies": [
            "module.vpc.aws_internet_gateway.internet_gateway_nfc",
            "module.vpc.aws_route_table.public_nfc",
            "module.vpc.aws_subnet.public_subnet_nfc_a",
            "module.vpc.data.aws_vpc.vpc_nfc"
          ]
        }
      ]
    },
    {
      "module": "module.vpc",
      "mode": "managed",
      "type": "aws_route_table_association",
      "name": "bound_public_nfc_b",
      "provider": "provider[\"registry.terraform.io/hashicorp/aws\"]",
      "instances": [
        {
          "schema_version": 0,
          "attributes": {
            "gateway_id": "",
            "id": "rtbassoc-0520fd7740f63ee73",
            "route_table_id": "rtb-0c9e88df9d7659bab",
            "subnet_id": "subnet-0c8df50ec250304cf",
            "timeouts": null
          },
          "sensitive_attributes": [],
          "private": "eyJlMmJmYjczMC1lY2FhLTExZTYtOGY4OC0zNDM2M2JjN2M0YzAiOnsiY3JlYXRlIjozMDAwMDAwMDAwMDAsImRlbGV0ZSI6MzAwMDAwMDAwMDAwLCJ1cGRhdGUiOjEyMDAwMDAwMDAwMH19",
          "dependencies": [
            "module.vpc.aws_route_table.public_nfc",
            "module.vpc.aws_subnet.public_subnet_nfc_b"
          ]
        }
      ]
    },
    {
      "module": "module.vpc",
      "mode": "managed",
      "type": "aws_subnet",
      "name": "privite_subnet_nfc_a",
      "provider": "provider[\"registry.terraform.io/hashicorp/aws\"]",
      "instances": [
        {
          "schema_version": 1,
          "attributes": {
            "arn": "arn:aws-cn:ec2:cn-northwest-1:034861587527:subnet/subnet-0a07021591da94479",
            "assign_ipv6_address_on_creation": false,
            "availability_zone": "cn-northwest-1a",
            "availability_zone_id": "cnnw1-az1",
            "cidr_block": "10.65.118.0/25",
            "customer_owned_ipv4_pool": "",
            "enable_dns64": false,
            "enable_lni_at_device_index": 0,
            "enable_resource_name_dns_a_record_on_launch": false,
            "enable_resource_name_dns_aaaa_record_on_launch": false,
            "id": "subnet-0a07021591da94479",
            "ipv6_cidr_block": "",
            "ipv6_cidr_block_association_id": "",
            "ipv6_native": false,
            "map_customer_owned_ip_on_launch": false,
            "map_public_ip_on_launch": true,
            "outpost_arn": "",
            "owner_id": "034861587527",
            "private_dns_hostname_type_on_launch": "ip-name",
            "tags": {
              "Name": "cn-northwest-1a-privite-subnet_nfc-test"
            },
            "tags_all": {
              "Application": "CLC-NFC",
              "ContactEmail": "111111@123.com",
              "Environment": "stg",
              "Name": "cn-northwest-1a-privite-subnet_nfc-test",
              "Project": "CLC-NFC",
              "Purpose": "stg",
              "nike-application": "clc-nfc",
              "nike-department": "MSCT",
              "nike-distributionlist": "Lst-gcscops@123.com",
              "nike-domain": "MSCT",
              "nike-environment": "stg",
              "nike-owner": "111111@123.com"
            },
            "timeouts": null,
            "vpc_id": "vpc-02ef9167c8369aa50"
          },
          "sensitive_attributes": [],
          "private": "eyJlMmJmYjczMC1lY2FhLTExZTYtOGY4OC0zNDM2M2JjN2M0YzAiOnsiY3JlYXRlIjo2MDAwMDAwMDAwMDAsImRlbGV0ZSI6MTIwMDAwMDAwMDAwMH0sInNjaGVtYV92ZXJzaW9uIjoiMSJ9",
          "dependencies": [
            "module.vpc.data.aws_vpc.vpc_nfc"
          ]
        }
      ]
    },
    {
      "module": "module.vpc",
      "mode": "managed",
      "type": "aws_subnet",
      "name": "privite_subnet_nfc_b",
      "provider": "provider[\"registry.terraform.io/hashicorp/aws\"]",
      "instances": [
        {
          "schema_version": 1,
          "attributes": {
            "arn": "arn:aws-cn:ec2:cn-northwest-1:034861587527:subnet/subnet-0758819fbf08d4a90",
            "assign_ipv6_address_on_creation": false,
            "availability_zone": "cn-northwest-1b",
            "availability_zone_id": "cnnw1-az2",
            "cidr_block": "10.65.118.128/25",
            "customer_owned_ipv4_pool": "",
            "enable_dns64": false,
            "enable_lni_at_device_index": 0,
            "enable_resource_name_dns_a_record_on_launch": false,
            "enable_resource_name_dns_aaaa_record_on_launch": false,
            "id": "subnet-0758819fbf08d4a90",
            "ipv6_cidr_block": "",
            "ipv6_cidr_block_association_id": "",
            "ipv6_native": false,
            "map_customer_owned_ip_on_launch": false,
            "map_public_ip_on_launch": true,
            "outpost_arn": "",
            "owner_id": "034861587527",
            "private_dns_hostname_type_on_launch": "ip-name",
            "tags": {
              "Name": "cn-northwest-1b-privite-subnet_nfc-test"
            },
            "tags_all": {
              "Application": "CLC-NFC",
              "ContactEmail": "111111@123.com",
              "Environment": "stg",
              "Name": "cn-northwest-1b-privite-subnet_nfc-test",
              "Project": "CLC-NFC",
              "Purpose": "stg",
              "nike-application": "clc-nfc",
              "nike-department": "MSCT",
              "nike-distributionlist": "Lst-gcscops@123.com",
              "nike-domain": "MSCT",
              "nike-environment": "stg",
              "nike-owner": "111111@123.com"
            },
            "timeouts": null,
            "vpc_id": "vpc-02ef9167c8369aa50"
          },
          "sensitive_attributes": [],
          "private": "eyJlMmJmYjczMC1lY2FhLTExZTYtOGY4OC0zNDM2M2JjN2M0YzAiOnsiY3JlYXRlIjo2MDAwMDAwMDAwMDAsImRlbGV0ZSI6MTIwMDAwMDAwMDAwMH0sInNjaGVtYV92ZXJzaW9uIjoiMSJ9",
          "dependencies": [
            "module.vpc.data.aws_vpc.vpc_nfc"
          ]
        }
      ]
    },
    {
      "module": "module.vpc",
      "mode": "managed",
      "type": "aws_subnet",
      "name": "public_subnet_nfc_a",
      "provider": "provider[\"registry.terraform.io/hashicorp/aws\"]",
      "instances": [
        {
          "schema_version": 1,
          "attributes": {
            "arn": "arn:aws-cn:ec2:cn-northwest-1:034861587527:subnet/subnet-04294c16f4627eb98",
            "assign_ipv6_address_on_creation": false,
            "availability_zone": "cn-northwest-1a",
            "availability_zone_id": "cnnw1-az1",
            "cidr_block": "10.65.119.0/25",
            "customer_owned_ipv4_pool": "",
            "enable_dns64": false,
            "enable_lni_at_device_index": 0,
            "enable_resource_name_dns_a_record_on_launch": false,
            "enable_resource_name_dns_aaaa_record_on_launch": false,
            "id": "subnet-04294c16f4627eb98",
            "ipv6_cidr_block": "",
            "ipv6_cidr_block_association_id": "",
            "ipv6_native": false,
            "map_customer_owned_ip_on_launch": false,
            "map_public_ip_on_launch": true,
            "outpost_arn": "",
            "owner_id": "034861587527",
            "private_dns_hostname_type_on_launch": "ip-name",
            "tags": {
              "Name": "cn-northwest-1a-public_subnet_nfc-test"
            },
            "tags_all": {
              "Application": "CLC-NFC",
              "ContactEmail": "111111@123.com",
              "Environment": "stg",
              "Name": "cn-northwest-1a-public_subnet_nfc-test",
              "Project": "CLC-NFC",
              "Purpose": "stg",
              "nike-application": "clc-nfc",
              "nike-department": "MSCT",
              "nike-distributionlist": "Lst-gcscops@123.com",
              "nike-domain": "MSCT",
              "nike-environment": "stg",
              "nike-owner": "111111@123.com"
            },
            "timeouts": null,
            "vpc_id": "vpc-02ef9167c8369aa50"
          },
          "sensitive_attributes": [],
          "private": "eyJlMmJmYjczMC1lY2FhLTExZTYtOGY4OC0zNDM2M2JjN2M0YzAiOnsiY3JlYXRlIjo2MDAwMDAwMDAwMDAsImRlbGV0ZSI6MTIwMDAwMDAwMDAwMH0sInNjaGVtYV92ZXJzaW9uIjoiMSJ9",
          "dependencies": [
            "module.vpc.data.aws_vpc.vpc_nfc"
          ]
        }
      ]
    },
    {
      "module": "module.vpc",
      "mode": "managed",
      "type": "aws_subnet",
      "name": "public_subnet_nfc_b",
      "provider": "provider[\"registry.terraform.io/hashicorp/aws\"]",
      "instances": [
        {
          "schema_version": 1,
          "attributes": {
            "arn": "arn:aws-cn:ec2:cn-northwest-1:034861587527:subnet/subnet-0c8df50ec250304cf",
            "assign_ipv6_address_on_creation": false,
            "availability_zone": "cn-northwest-1b",
            "availability_zone_id": "cnnw1-az2",
            "cidr_block": "10.65.119.128/25",
            "customer_owned_ipv4_pool": "",
            "enable_dns64": false,
            "enable_lni_at_device_index": 0,
            "enable_resource_name_dns_a_record_on_launch": false,
            "enable_resource_name_dns_aaaa_record_on_launch": false,
            "id": "subnet-0c8df50ec250304cf",
            "ipv6_cidr_block": "",
            "ipv6_cidr_block_association_id": "",
            "ipv6_native": false,
            "map_customer_owned_ip_on_launch": false,
            "map_public_ip_on_launch": true,
            "outpost_arn": "",
            "owner_id": "034861587527",
            "private_dns_hostname_type_on_launch": "ip-name",
            "tags": {
              "Name": "cn-northwest-1b-public_subnet_nfc-test"
            },
            "tags_all": {
              "Application": "CLC-NFC",
              "ContactEmail": "111111@123.com",
              "Environment": "stg",
              "Name": "cn-northwest-1b-public_subnet_nfc-test",
              "Project": "CLC-NFC",
              "Purpose": "stg",
              "nike-application": "clc-nfc",
              "nike-department": "MSCT",
              "nike-distributionlist": "Lst-gcscops@123.com",
              "nike-domain": "MSCT",
              "nike-environment": "stg",
              "nike-owner": "111111@123.com"
            },
            "timeouts": null,
            "vpc_id": "vpc-02ef9167c8369aa50"
          },
          "sensitive_attributes": [],
          "private": "eyJlMmJmYjczMC1lY2FhLTExZTYtOGY4OC0zNDM2M2JjN2M0YzAiOnsiY3JlYXRlIjo2MDAwMDAwMDAwMDAsImRlbGV0ZSI6MTIwMDAwMDAwMDAwMH0sInNjaGVtYV92ZXJzaW9uIjoiMSJ9",
          "dependencies": [
            "module.vpc.data.aws_vpc.vpc_nfc"
          ]
        }
      ]
    }
  ],
  "check_results": null
}
